// !$*UTF8*$!
{
	archiveVersion = 1;
	classes = {
	};
	objectVersion = 50;
	objects = {

/* Begin PBXBuildFile section */
		84A859E123301A5300C52BBD /* AppDelegate.swift in Sources */ = {isa = PBXBuildFile; fileRef = 84A859E023301A5300C52BBD /* AppDelegate.swift */; };
		84A859E623301A5300C52BBD /* Main.storyboard in Resources */ = {isa = PBXBuildFile; fileRef = 84A859E423301A5300C52BBD /* Main.storyboard */; };
		84A859E823301A5700C52BBD /* Assets.xcassets in Resources */ = {isa = PBXBuildFile; fileRef = 84A859E723301A5700C52BBD /* Assets.xcassets */; };
		84A859EB23301A5700C52BBD /* LaunchScreen.storyboard in Resources */ = {isa = PBXBuildFile; fileRef = 84A859E923301A5700C52BBD /* LaunchScreen.storyboard */; };
		84A859F3233038EE00C52BBD /* Model.swift in Sources */ = {isa = PBXBuildFile; fileRef = 84A859F2233038EE00C52BBD /* Model.swift */; };
		84A859F523303C4200C52BBD /* GameViewController.swift in Sources */ = {isa = PBXBuildFile; fileRef = 84A859F423303C4200C52BBD /* GameViewController.swift */; };
		84A859F723303C5700C52BBD /* InfoViewController.swift in Sources */ = {isa = PBXBuildFile; fileRef = 84A859F623303C5700C52BBD /* InfoViewController.swift */; };
		84A859F923303C6B00C52BBD /* SettingsViewController.swift in Sources */ = {isa = PBXBuildFile; fileRef = 84A859F823303C6B00C52BBD /* SettingsViewController.swift */; };
		84A859FB233043EB00C52BBD /* CustomScene.swift in Sources */ = {isa = PBXBuildFile; fileRef = 84A859FA233043EB00C52BBD /* CustomScene.swift */; };
		84A859FD233045C400C52BBD /* SKSpriteNode+Utility.swift in Sources */ = {isa = PBXBuildFile; fileRef = 84A859FC233045C400C52BBD /* SKSpriteNode+Utility.swift */; };
/* End PBXBuildFile section */

/* Begin PBXFileReference section */
		84A859DD23301A5300C52BBD /* Containedflexflex.app */ = {isa = PBXFileReference; explicitFileType = wrapper.application; includeInIndex = 0; path = Containedflexflex.app; sourceTree = BUILT_PRODUCTS_DIR; };
		84A859E023301A5300C52BBD /* AppDelegate.swift */ = {isa = PBXFileReference; lastKnownFileType = sourcecode.swift; path = AppDelegate.swift; sourceTree = "<group>"; };
		84A859E523301A5300C52BBD /* Base */ = {isa = PBXFileReference; lastKnownFileType = file.storyboard; name = Base; path = Base.lproj/Main.storyboard; sourceTree = "<group>"; };
		84A859E723301A5700C52BBD /* Assets.xcassets */ = {isa = PBXFileReference; lastKnownFileType = folder.assetcatalog; path = Assets.xcassets; sourceTree = "<group>"; };
		84A859EA23301A5700C52BBD /* Base */ = {isa = PBXFileReference; lastKnownFileType = file.storyboard; name = Base; path = Base.lproj/LaunchScreen.storyboard; sourceTree = "<group>"; };
		84A859EC23301A5700C52BBD /* Info.plist */ = {isa = PBXFileReference; lastKnownFileType = text.plist.xml; path = Info.plist; sourceTree = "<group>"; };
		84A859F2233038EE00C52BBD /* Model.swift */ = {isa = PBXFileReference; lastKnownFileType = sourcecode.swift; path = Model.swift; sourceTree = "<group>"; };
		84A859F423303C4200C52BBD /* GameViewController.swift */ = {isa = PBXFileReference; lastKnownFileType = sourcecode.swift; path = GameViewController.swift; sourceTree = "<group>"; };
		84A859F623303C5700C52BBD /* InfoViewController.swift */ = {isa = PBXFileReference; lastKnownFileType = sourcecode.swift; path = InfoViewController.swift; sourceTree = "<group>"; };
		84A859F823303C6B00C52BBD /* SettingsViewController.swift */ = {isa = PBXFileReference; lastKnownFileType = sourcecode.swift; path = SettingsViewController.swift; sourceTree = "<group>"; };
		84A859FA233043EB00C52BBD /* CustomScene.swift */ = {isa = PBXFileReference; lastKnownFileType = sourcecode.swift; path = CustomScene.swift; sourceTree = "<group>"; };
		84A859FC233045C400C52BBD /* SKSpriteNode+Utility.swift */ = {isa = PBXFileReference; fileEncoding = 4; lastKnownFileType = sourcecode.swift; path = "SKSpriteNode+Utility.swift"; sourceTree = "<group>"; };
/* End PBXFileReference section */

/* Begin PBXFrameworksBuildPhase section */
		84A859DA23301A5300C52BBD /* Frameworks */ = {
			isa = PBXFrameworksBuildPhase;
			buildActionMask = 2147483647;
			files = (
			);
			runOnlyForDeploymentPostprocessing = 0;
		};
/* End PBXFrameworksBuildPhase section */

/* Begin PBXGroup section */
		84A859D423301A5200C52BBD = {
			isa = PBXGroup;
			children = (
				84A859DF23301A5300C52BBD /* Containedflexflex */,
				84A859DE23301A5300C52BBD /* Products */,
			);
			sourceTree = "<group>";
		};
		84A859DE23301A5300C52BBD /* Products */ = {
			isa = PBXGroup;
			children = (
				84A859DD23301A5300C52BBD /* Containedflexflex.app */,
			);
			name = Products;
			sourceTree = "<group>";
		};
		84A859DF23301A5300C52BBD /* Containedflexflex */ = {
			isa = PBXGroup;
			children = (
				84A859E023301A5300C52BBD /* AppDelegate.swift */,
				84A859E423301A5300C52BBD /* Main.storyboard */,
				84A859E723301A5700C52BBD /* Assets.xcassets */,
				84A859E923301A5700C52BBD /* LaunchScreen.storyboard */,
				84A859EC23301A5700C52BBD /* Info.plist */,
				84A859F2233038EE00C52BBD /* Model.swift */,
				84A859F423303C4200C52BBD /* GameViewController.swift */,
				84A859FC233045C400C52BBD /* SKSpriteNode+Utility.swift */,
				84A859F623303C5700C52BBD /* InfoViewController.swift */,
				84A859F823303C6B00C52BBD /* SettingsViewController.swift */,
				84A859FA233043EB00C52BBD /* CustomScene.swift */,
			);
			path = Containedflexflex;
			sourceTree = "<group>";
		};
/* End PBXGroup section */

/* Begin PBXNativeTarget section */
		84A859DC23301A5300C52BBD /* Containedflexflex */ = {
			isa = PBXNativeTarget;
			buildConfigurationList = 84A859EF23301A5700C52BBD /* Build configuration list for PBXNativeTarget "Containedflexflex" */;
			buildPhases = (
				84A859D923301A5300C52BBD /* Sources */,
				84A859DA23301A5300C52BBD /* Frameworks */,
				84A859DB23301A5300C52BBD /* Resources */,
			);
			buildRules = (
			);
			dependencies = (
			);
			name = Containedflexflex;
			productName = Containedflexflex;
			productReference = 84A859DD23301A5300C52BBD /* Containedflexflex.app */;
			productType = "com.apple.product-type.application";
		};
/* End PBXNativeTarget section */

/* Begin PBXProject section */
		84A859D523301A5200C52BBD /* Project object */ = {
			isa = PBXProject;
			attributes = {
				LastSwiftUpdateCheck = 1030;
				LastUpgradeCheck = 1030;
				ORGANIZATIONNAME = admin;
				TargetAttributes = {
					84A859DC23301A5300C52BBD = {
						CreatedOnToolsVersion = 10.3;
					};
				};
			};
			buildConfigurationList = 84A859D823301A5200C52BBD /* Build configuration list for PBXProject "Containedflexflex" */;
			compatibilityVersion = "Xcode 9.3";
			developmentRegion = en;
			hasScannedForEncodings = 0;
			knownRegions = (
				en,
				Base,
			);
			mainGroup = 84A859D423301A5200C52BBD;
			productRefGroup = 84A859DE23301A5300C52BBD /* Products */;
			projectDirPath = "";
			projectRoot = "";
			targets = (
				84A859DC23301A5300C52BBD /* Containedflexflex */,
			);
		};
/* End PBXProject section */

/* Begin PBXResourcesBuildPhase section */
		84A859DB23301A5300C52BBD /* Resources */ = {
			isa = PBXResourcesBuildPhase;
			buildActionMask = 2147483647;
			files = (
				84A859EB23301A5700C52BBD /* LaunchScreen.storyboard in Resources */,
				84A859E823301A5700C52BBD /* Assets.xcassets in Resources */,
				84A859E623301A5300C52BBD /* Main.storyboard in Resources */,
			);
			runOnlyForDeploymentPostprocessing = 0;
		};
/* End PBXResourcesBuildPhase section */

/* Begin PBXSourcesBuildPhase section */
		84A859D923301A5300C52BBD /* Sources */ = {
			isa = PBXSourcesBuildPhase;
			buildActionMask = 2147483647;
			files = (
				84A859E123301A5300C52BBD /* AppDelegate.swift in Sources */,
				84A859F523303C4200C52BBD /* GameViewController.swift in Sources */,
				84A859FD233045C400C52BBD /* SKSpriteNode+Utility.swift in Sources */,
				84A859F723303C5700C52BBD /* InfoViewController.swift in Sources */,
				84A859F923303C6B00C52BBD /* SettingsViewController.swift in Sources */,
				84A859F3233038EE00C52BBD /* Model.swift in Sources */,
				84A859FB233043EB00C52BBD /* CustomScene.swift in Sources */,
			);
			runOnlyForDeploymentPostprocessing = 0;
		};
/* End PBXSourcesBuildPhase section */

/* Begin PBXVariantGroup section */
		84A859E423301A5300C52BBD /* Main.storyboard */ = {
			isa = PBXVariantGroup;
			children = (
				84A859E523301A5300C52BBD /* Base */,
			);
			name = Main.storyboard;
			sourceTree = "<group>";
		};
		84A859E923301A5700C52BBD /* LaunchScreen.storyboard */ = {
			isa = PBXVariantGroup;
			children = (
				84A859EA23301A5700C52BBD /* Base */,
			);
			name = LaunchScreen.storyboard;
			sourceTree = "<group>";
		};
/* End PBXVariantGroup section */

/* Begin XCBuildConfiguration section */
		84A859ED23301A5700C52BBD /* Debug */ = {
			isa = XCBuildConfiguration;
			buildSettings = {
				ALWAYS_SEARCH_USER_PATHS = NO;
				CLANG_ANALYZER_NONNULL = YES;
				CLANG_ANALYZER_NUMBER_OBJECT_CONVERSION = YES_AGGRESSIVE;
				CLANG_CXX_LANGUAGE_STANDARD = "gnu++14";
				CLANG_CXX_LIBRARY = "libc++";
				CLANG_ENABLE_MODULES = YES;
				CLANG_ENABLE_OBJC_ARC = YES;
				CLANG_ENABLE_OBJC_WEAK = YES;
				CLANG_WARN_BLOCK_CAPTURE_AUTORELEASING = YES;
				CLANG_WARN_BOOL_CONVERSION = YES;
				CLANG_WARN_COMMA = YES;
				CLANG_WARN_CONSTANT_CONVERSION = YES;
				CLANG_WARN_DEPRECATED_OBJC_IMPLEMENTATIONS = YES;
				CLANG_WARN_DIRECT_OBJC_ISA_USAGE = YES_ERROR;
				CLANG_WARN_DOCUMENTATION_COMMENTS = YES;
				CLANG_WARN_EMPTY_BODY = YES;
				CLANG_WARN_ENUM_CONVERSION = YES;
				CLANG_WARN_INFINITE_RECURSION = YES;
				CLANG_WARN_INT_CONVERSION = YES;
				CLANG_WARN_NON_LITERAL_NULL_CONVERSION = YES;
				CLANG_WARN_OBJC_IMPLICIT_RETAIN_SELF = YES;
				CLANG_WARN_OBJC_LITERAL_CONVERSION = YES;
				CLANG_WARN_OBJC_ROOT_CLASS = YES_ERROR;
				CLANG_WARN_RANGE_LOOP_ANALYSIS = YES;
				CLANG_WARN_STRICT_PROTOTYPES = YES;
				CLANG_WARN_SUSPICIOUS_MOVE = YES;
				CLANG_WARN_UNGUARDED_AVAILABILITY = YES_AGGRESSIVE;
				CLANG_WARN_UNREACHABLE_CODE = YES;
				CLANG_WARN__DUPLICATE_METHOD_MATCH = YES;
				CODE_SIGN_IDENTITY = "iPhone Developer";
				COPY_PHASE_STRIP = NO;
				DEBUG_INFORMATION_FORMAT = dwarf;
				ENABLE_STRICT_OBJC_MSGSEND = YES;
				ENABLE_TESTABILITY = YES;
				GCC_C_LANGUAGE_STANDARD = gnu11;
				GCC_DYNAMIC_NO_PIC = NO;
				GCC_NO_COMMON_BLOCKS = YES;
				GCC_OPTIMIZATION_LEVEL = 0;
				GCC_PREPROCESSOR_DEFINITIONS = (
					"DEBUG=1",
					"$(inherited)",
				);
				GCC_WARN_64_TO_32_BIT_CONVERSION = YES;
				GCC_WARN_ABOUT_RETURN_TYPE = YES_ERROR;
				GCC_WARN_UNDECLARED_SELECTOR = YES;
				GCC_WARN_UNINITIALIZED_AUTOS = YES_AGGRESSIVE;
				GCC_WARN_UNUSED_FUNCTION = YES;
				GCC_WARN_UNUSED_VARIABLE = YES;
				IPHONEOS_DEPLOYMENT_TARGET = 12.4;
				MTL_ENABLE_DEBUG_INFO = INCLUDE_SOURCE;
				MTL_FAST_MATH = YES;
				ONLY_ACTIVE_ARCH = YES;
				SDKROOT = iphoneos;
				SWIFT_ACTIVE_COMPILATION_CONDITIONS = DEBUG;
				SWIFT_OPTIMIZATION_LEVEL = "-Onone";
			};
			name = Debug;
		};
		84A859EE23301A5700C52BBD /* Release */ = {
			isa = XCBuildConfiguration;
			buildSettings = {
				ALWAYS_SEARCH_USER_PATHS = NO;
				CLANG_ANALYZER_NONNULL = YES;
				CLANG_ANALYZER_NUMBER_OBJECT_CONVERSION = YES_AGGRESSIVE;
				CLANG_CXX_LANGUAGE_STANDARD = "gnu++14";
				CLANG_CXX_LIBRARY = "libc++";
				CLANG_ENABLE_MODULES = YES;
				CLANG_ENABLE_OBJC_ARC = YES;
				CLANG_ENABLE_OBJC_WEAK = YES;
				CLANG_WARN_BLOCK_CAPTURE_AUTORELEASING = YES;
				CLANG_WARN_BOOL_CONVERSION = YES;
				CLANG_WARN_COMMA = YES;
				CLANG_WARN_CONSTANT_CONVERSION = YES;
				CLANG_WARN_DEPRECATED_OBJC_IMPLEMENTATIONS = YES;
				CLANG_WARN_DIRECT_OBJC_ISA_USAGE = YES_ERROR;
				CLANG_WARN_DOCUMENTATION_COMMENTS = YES;
				CLANG_WARN_EMPTY_BODY = YES;
				CLANG_WARN_ENUM_CONVERSION = YES;
				CLANG_WARN_INFINITE_RECURSION = YES;
				CLANG_WARN_INT_CONVERSION = YES;
				CLANG_WARN_NON_LITERAL_NULL_CONVERSION = YES;
				CLANG_WARN_OBJC_IMPLICIT_RETAIN_SELF = YES;
				CLANG_WARN_OBJC_LITERAL_CONVERSION = YES;
				CLANG_WARN_OBJC_ROOT_CLASS = YES_ERROR;
				CLANG_WARN_RANGE_LOOP_ANALYSIS = YES;
				CLANG_WARN_STRICT_PROTOTYPES = YES;
				CLANG_WARN_SUSPICIOUS_MOVE = YES;
				CLANG_WARN_UNGUARDED_AVAILABILITY = YES_AGGRESSIVE;
				CLANG_WARN_UNREACHABLE_CODE = YES;
				CLANG_WARN__DUPLICATE_METHOD_MATCH = YES;
				CODE_SIGN_IDENTITY = "iPhone Developer";
				COPY_PHASE_STRIP = NO;
				DEBUG_INFORMATION_FORMAT = "dwarf-with-dsym";
				ENABLE_NS_ASSERTIONS = NO;
				ENABLE_STRICT_OBJC_MSGSEND = YES;
				GCC_C_LANGUAGE_STANDARD = gnu11;
				GCC_NO_COMMON_BLOCKS = YES;
				GCC_WARN_64_TO_32_BIT_CONVERSION = YES;
				GCC_WARN_ABOUT_RETURN_TYPE = YES_ERROR;
				GCC_WARN_UNDECLARED_SELECTOR = YES;
				GCC_WARN_UNINITIALIZED_AUTOS = YES_AGGRESSIVE;
				GCC_WARN_UNUSED_FUNCTION = YES;
				GCC_WARN_UNUSED_VARIABLE = YES;
				IPHONEOS_DEPLOYMENT_TARGET = 12.4;
				MTL_ENABLE_DEBUG_INFO = NO;
				MTL_FAST_MATH = YES;
				SDKROOT = iphoneos;
				SWIFT_COMPILATION_MODE = wholemodule;
				SWIFT_OPTIMIZATION_LEVEL = "-O";
				VALIDATE_PRODUCT = YES;
			};
			name = Release;
		};
		84A859F023301A5700C52BBD /* Debug */ = {
			isa = XCBuildConfiguration;
			buildSettings = {
				ASSETCATALOG_COMPILER_APPICON_NAME = AppIcon;
				CODE_SIGN_STYLE = Automatic;
				INFOPLIST_FILE = Containedflexflex/Info.plist;
				LD_RUNPATH_SEARCH_PATHS = (
					"$(inherited)",
					"@executable_path/Frameworks",
				);
				PRODUCT_BUNDLE_IDENTIFIER = "jerry.haaser-hotmail.com.Containedflexflex";
				PRODUCT_NAME = "$(TARGET_NAME)";
				SWIFT_VERSION = 5.0;
				TARGETED_DEVICE_FAMILY = "1,2";
			};
			name = Debug;
		};
		84A859F123301A5700C52BBD /* Release */ = {
			isa = XCBuildConfiguration;
			buildSettings = {
				ASSETCATALOG_COMPILER_APPICON_NAME = AppIcon;
				CODE_SIGN_STYLE = Automatic;
				INFOPLIST_FILE = Containedflexflex/Info.plist;
				LD_RUNPATH_SEARCH_PATHS = (
					"$(inherited)",
					"@executable_path/Frameworks",
				);
				PRODUCT_BUNDLE_IDENTIFIER = "jerry.haaser-hotmail.com.Containedflexflex";
				PRODUCT_NAME = "$(TARGET_NAME)";
				SWIFT_VERSION = 5.0;
				TARGETED_DEVICE_FAMILY = "1,2";
			};
			name = Release;
		};
/* End XCBuildConfiguration section */

/* Begin XCConfigurationList section */
		84A859D823301A5200C52BBD /* Build configuration list for PBXProject "Containedflexflex" */ = {
			isa = XCConfigurationList;
			buildConfigurations = (
				84A859ED23301A5700C52BBD /* Debug */,
				84A859EE23301A5700C52BBD /* Release */,
			);
			defaultConfigurationIsVisible = 0;
			defaultConfigurationName = Release;
		};
		84A859EF23301A5700C52BBD /* Build configuration list for PBXNativeTarget "Containedflexflex" */ = {
			isa = XCConfigurationList;
			buildConfigurations = (
				84A859F023301A5700C52BBD /* Debug */,
				84A859F123301A5700C52BBD /* Release */,
			);
			defaultConfigurationIsVisible = 0;
			defaultConfigurationName = Release;
		};
/* End XCConfigurationList section */
	};
	rootObject = 84A859D523301A5200C52BBD /* Project object */;
}
