// !$*UTF8*$!
{
	archiveVersion = 1;
	classes = {
	};
	objectVersion = 50;
	objects = {

/* Begin PBXBuildFile section */
		75AEC15B22E6639D0006A057 /* AppDelegate.swift in Sources */ = {isa = PBXBuildFile; fileRef = 75AEC15A22E6639D0006A057 /* AppDelegate.swift */; };
		75AEC16022E6639E0006A057 /* Main.storyboard in Resources */ = {isa = PBXBuildFile; fileRef = 75AEC15E22E6639E0006A057 /* Main.storyboard */; };
		75AEC16222E663A10006A057 /* Assets.xcassets in Resources */ = {isa = PBXBuildFile; fileRef = 75AEC16122E663A10006A057 /* Assets.xcassets */; };
		75AEC16522E663A10006A057 /* LaunchScreen.storyboard in Resources */ = {isa = PBXBuildFile; fileRef = 75AEC16322E663A10006A057 /* LaunchScreen.storyboard */; };
		75AEC16D22E664190006A057 /* SKSpriteNode+Utility.swift in Sources */ = {isa = PBXBuildFile; fileRef = 75AEC16C22E664190006A057 /* SKSpriteNode+Utility.swift */; };
		75AEC16F22E664400006A057 /* Setting.swift in Sources */ = {isa = PBXBuildFile; fileRef = 75AEC16E22E664400006A057 /* Setting.swift */; };
		75AEC17122E665740006A057 /* InfoViewController.swift in Sources */ = {isa = PBXBuildFile; fileRef = 75AEC17022E665740006A057 /* InfoViewController.swift */; };
		75AEC17322E665810006A057 /* GameViewController.swift in Sources */ = {isa = PBXBuildFile; fileRef = 75AEC17222E665810006A057 /* GameViewController.swift */; };
		75AEC17522E665900006A057 /* SettingsViewController.swift in Sources */ = {isa = PBXBuildFile; fileRef = 75AEC17422E665900006A057 /* SettingsViewController.swift */; };
		75B4D35F22E66B9900438A7A /* CustomScene.swift in Sources */ = {isa = PBXBuildFile; fileRef = 75B4D35E22E66B9900438A7A /* CustomScene.swift */; };
/* End PBXBuildFile section */

/* Begin PBXFileReference section */
		75AEC15722E6639D0006A057 /* Contained.app */ = {isa = PBXFileReference; explicitFileType = wrapper.application; includeInIndex = 0; path = Contained.app; sourceTree = BUILT_PRODUCTS_DIR; };
		75AEC15A22E6639D0006A057 /* AppDelegate.swift */ = {isa = PBXFileReference; lastKnownFileType = sourcecode.swift; path = AppDelegate.swift; sourceTree = "<group>"; };
		75AEC15F22E6639E0006A057 /* Base */ = {isa = PBXFileReference; lastKnownFileType = file.storyboard; name = Base; path = Base.lproj/Main.storyboard; sourceTree = "<group>"; };
		75AEC16122E663A10006A057 /* Assets.xcassets */ = {isa = PBXFileReference; lastKnownFileType = folder.assetcatalog; path = Assets.xcassets; sourceTree = "<group>"; };
		75AEC16422E663A10006A057 /* Base */ = {isa = PBXFileReference; lastKnownFileType = file.storyboard; name = Base; path = Base.lproj/LaunchScreen.storyboard; sourceTree = "<group>"; };
		75AEC16622E663A10006A057 /* Info.plist */ = {isa = PBXFileReference; lastKnownFileType = text.plist.xml; path = Info.plist; sourceTree = "<group>"; };
		75AEC16C22E664190006A057 /* SKSpriteNode+Utility.swift */ = {isa = PBXFileReference; fileEncoding = 4; lastKnownFileType = sourcecode.swift; path = "SKSpriteNode+Utility.swift"; sourceTree = "<group>"; };
		75AEC16E22E664400006A057 /* Setting.swift */ = {isa = PBXFileReference; lastKnownFileType = sourcecode.swift; path = Setting.swift; sourceTree = "<group>"; };
		75AEC17022E665740006A057 /* InfoViewController.swift */ = {isa = PBXFileReference; lastKnownFileType = sourcecode.swift; path = InfoViewController.swift; sourceTree = "<group>"; };
		75AEC17222E665810006A057 /* GameViewController.swift */ = {isa = PBXFileReference; lastKnownFileType = sourcecode.swift; path = GameViewController.swift; sourceTree = "<group>"; };
		75AEC17422E665900006A057 /* SettingsViewController.swift */ = {isa = PBXFileReference; lastKnownFileType = sourcecode.swift; path = SettingsViewController.swift; sourceTree = "<group>"; };
		75B4D35E22E66B9900438A7A /* CustomScene.swift */ = {isa = PBXFileReference; lastKnownFileType = sourcecode.swift; path = CustomScene.swift; sourceTree = "<group>"; };
/* End PBXFileReference section */

/* Begin PBXFrameworksBuildPhase section */
		75AEC15422E6639D0006A057 /* Frameworks */ = {
			isa = PBXFrameworksBuildPhase;
			buildActionMask = 2147483647;
			files = (
			);
			runOnlyForDeploymentPostprocessing = 0;
		};
/* End PBXFrameworksBuildPhase section */

/* Begin PBXGroup section */
		75AEC14E22E6639D0006A057 = {
			isa = PBXGroup;
			children = (
				75AEC15922E6639D0006A057 /* Contained */,
				75AEC15822E6639D0006A057 /* Products */,
			);
			sourceTree = "<group>";
		};
		75AEC15822E6639D0006A057 /* Products */ = {
			isa = PBXGroup;
			children = (
				75AEC15722E6639D0006A057 /* Contained.app */,
			);
			name = Products;
			sourceTree = "<group>";
		};
		75AEC15922E6639D0006A057 /* Contained */ = {
			isa = PBXGroup;
			children = (
				75AEC17622E665990006A057 /* VC */,
				75AEC15A22E6639D0006A057 /* AppDelegate.swift */,
				75AEC15E22E6639E0006A057 /* Main.storyboard */,
				75AEC16E22E664400006A057 /* Setting.swift */,
				75AEC16122E663A10006A057 /* Assets.xcassets */,
				75AEC16322E663A10006A057 /* LaunchScreen.storyboard */,
				75AEC16C22E664190006A057 /* SKSpriteNode+Utility.swift */,
				75AEC16622E663A10006A057 /* Info.plist */,
				75B4D36022E66B9D00438A7A /* CustomView */,
			);
			path = Contained;
			sourceTree = "<group>";
		};
		75AEC17622E665990006A057 /* VC */ = {
			isa = PBXGroup;
			children = (
				75AEC17022E665740006A057 /* InfoViewController.swift */,
				75AEC17222E665810006A057 /* GameViewController.swift */,
				75AEC17422E665900006A057 /* SettingsViewController.swift */,
			);
			path = VC;
			sourceTree = "<group>";
		};
		75B4D36022E66B9D00438A7A /* CustomView */ = {
			isa = PBXGroup;
			children = (
				75B4D35E22E66B9900438A7A /* CustomScene.swift */,
			);
			path = CustomView;
			sourceTree = "<group>";
		};
/* End PBXGroup section */

/* Begin PBXNativeTarget section */
		75AEC15622E6639D0006A057 /* Contained */ = {
			isa = PBXNativeTarget;
			buildConfigurationList = 75AEC16922E663A10006A057 /* Build configuration list for PBXNativeTarget "Contained" */;
			buildPhases = (
				75AEC15322E6639D0006A057 /* Sources */,
				75AEC15422E6639D0006A057 /* Frameworks */,
				75AEC15522E6639D0006A057 /* Resources */,
			);
			buildRules = (
			);
			dependencies = (
			);
			name = Contained;
			productName = Contained;
			productReference = 75AEC15722E6639D0006A057 /* Contained.app */;
			productType = "com.apple.product-type.application";
		};
/* End PBXNativeTarget section */

/* Begin PBXProject section */
		75AEC14F22E6639D0006A057 /* Project object */ = {
			isa = PBXProject;
			attributes = {
				LastSwiftUpdateCheck = 1020;
				LastUpgradeCheck = 1020;
				ORGANIZATIONNAME = bradleyyin;
				TargetAttributes = {
					75AEC15622E6639D0006A057 = {
						CreatedOnToolsVersion = 10.2.1;
					};
				};
			};
			buildConfigurationList = 75AEC15222E6639D0006A057 /* Build configuration list for PBXProject "Contained" */;
			compatibilityVersion = "Xcode 9.3";
			developmentRegion = en;
			hasScannedForEncodings = 0;
			knownRegions = (
				en,
				Base,
			);
			mainGroup = 75AEC14E22E6639D0006A057;
			productRefGroup = 75AEC15822E6639D0006A057 /* Products */;
			projectDirPath = "";
			projectRoot = "";
			targets = (
				75AEC15622E6639D0006A057 /* Contained */,
			);
		};
/* End PBXProject section */

/* Begin PBXResourcesBuildPhase section */
		75AEC15522E6639D0006A057 /* Resources */ = {
			isa = PBXResourcesBuildPhase;
			buildActionMask = 2147483647;
			files = (
				75AEC16522E663A10006A057 /* LaunchScreen.storyboard in Resources */,
				75AEC16222E663A10006A057 /* Assets.xcassets in Resources */,
				75AEC16022E6639E0006A057 /* Main.storyboard in Resources */,
			);
			runOnlyForDeploymentPostprocessing = 0;
		};
/* End PBXResourcesBuildPhase section */

/* Begin PBXSourcesBuildPhase section */
		75AEC15322E6639D0006A057 /* Sources */ = {
			isa = PBXSourcesBuildPhase;
			buildActionMask = 2147483647;
			files = (
				75AEC17322E665810006A057 /* GameViewController.swift in Sources */,
				75AEC16D22E664190006A057 /* SKSpriteNode+Utility.swift in Sources */,
				75AEC16F22E664400006A057 /* Setting.swift in Sources */,
				75AEC17122E665740006A057 /* InfoViewController.swift in Sources */,
				75B4D35F22E66B9900438A7A /* CustomScene.swift in Sources */,
				75AEC15B22E6639D0006A057 /* AppDelegate.swift in Sources */,
				75AEC17522E665900006A057 /* SettingsViewController.swift in Sources */,
			);
			runOnlyForDeploymentPostprocessing = 0;
		};
/* End PBXSourcesBuildPhase section */

/* Begin PBXVariantGroup section */
		75AEC15E22E6639E0006A057 /* Main.storyboard */ = {
			isa = PBXVariantGroup;
			children = (
				75AEC15F22E6639E0006A057 /* Base */,
			);
			name = Main.storyboard;
			sourceTree = "<group>";
		};
		75AEC16322E663A10006A057 /* LaunchScreen.storyboard */ = {
			isa = PBXVariantGroup;
			children = (
				75AEC16422E663A10006A057 /* Base */,
			);
			name = LaunchScreen.storyboard;
			sourceTree = "<group>";
		};
/* End PBXVariantGroup section */

/* Begin XCBuildConfiguration section */
		75AEC16722E663A10006A057 /* Debug */ = {
			isa = XCBuildConfiguration;
			buildSettings = {
				ALWAYS_SEARCH_USER_PATHS = NO;
				CLANG_ANALYZER_NONNULL = YES;
				CLANG_ANALYZER_NUMBER_OBJECT_CONVERSION = YES_AGGRESSIVE;
				CLANG_CXX_LANGUAGE_STANDARD = "gnu++14";
				CLANG_CXX_LIBRARY = "libc++";
				CLANG_ENABLE_MODULES = YES;
				CLANG_ENABLE_OBJC_ARC = YES;
				CLANG_ENABLE_OBJC_WEAK = YES;
				CLANG_WARN_BLOCK_CAPTURE_AUTORELEASING = YES;
				CLANG_WARN_BOOL_CONVERSION = YES;
				CLANG_WARN_COMMA = YES;
				CLANG_WARN_CONSTANT_CONVERSION = YES;
				CLANG_WARN_DEPRECATED_OBJC_IMPLEMENTATIONS = YES;
				CLANG_WARN_DIRECT_OBJC_ISA_USAGE = YES_ERROR;
				CLANG_WARN_DOCUMENTATION_COMMENTS = YES;
				CLANG_WARN_EMPTY_BODY = YES;
				CLANG_WARN_ENUM_CONVERSION = YES;
				CLANG_WARN_INFINITE_RECURSION = YES;
				CLANG_WARN_INT_CONVERSION = YES;
				CLANG_WARN_NON_LITERAL_NULL_CONVERSION = YES;
				CLANG_WARN_OBJC_IMPLICIT_RETAIN_SELF = YES;
				CLANG_WARN_OBJC_LITERAL_CONVERSION = YES;
				CLANG_WARN_OBJC_ROOT_CLASS = YES_ERROR;
				CLANG_WARN_RANGE_LOOP_ANALYSIS = YES;
				CLANG_WARN_STRICT_PROTOTYPES = YES;
				CLANG_WARN_SUSPICIOUS_MOVE = YES;
				CLANG_WARN_UNGUARDED_AVAILABILITY = YES_AGGRESSIVE;
				CLANG_WARN_UNREACHABLE_CODE = YES;
				CLANG_WARN__DUPLICATE_METHOD_MATCH = YES;
				CODE_SIGN_IDENTITY = "iPhone Developer";
				COPY_PHASE_STRIP = NO;
				DEBUG_INFORMATION_FORMAT = dwarf;
				ENABLE_STRICT_OBJC_MSGSEND = YES;
				ENABLE_TESTABILITY = YES;
				GCC_C_LANGUAGE_STANDARD = gnu11;
				GCC_DYNAMIC_NO_PIC = NO;
				GCC_NO_COMMON_BLOCKS = YES;
				GCC_OPTIMIZATION_LEVEL = 0;
				GCC_PREPROCESSOR_DEFINITIONS = (
					"DEBUG=1",
					"$(inherited)",
				);
				GCC_WARN_64_TO_32_BIT_CONVERSION = YES;
				GCC_WARN_ABOUT_RETURN_TYPE = YES_ERROR;
				GCC_WARN_UNDECLARED_SELECTOR = YES;
				GCC_WARN_UNINITIALIZED_AUTOS = YES_AGGRESSIVE;
				GCC_WARN_UNUSED_FUNCTION = YES;
				GCC_WARN_UNUSED_VARIABLE = YES;
				IPHONEOS_DEPLOYMENT_TARGET = 12.2;
				MTL_ENABLE_DEBUG_INFO = INCLUDE_SOURCE;
				MTL_FAST_MATH = YES;
				ONLY_ACTIVE_ARCH = YES;
				SDKROOT = iphoneos;
				SWIFT_ACTIVE_COMPILATION_CONDITIONS = DEBUG;
				SWIFT_OPTIMIZATION_LEVEL = "-Onone";
			};
			name = Debug;
		};
		75AEC16822E663A10006A057 /* Release */ = {
			isa = XCBuildConfiguration;
			buildSettings = {
				ALWAYS_SEARCH_USER_PATHS = NO;
				CLANG_ANALYZER_NONNULL = YES;
				CLANG_ANALYZER_NUMBER_OBJECT_CONVERSION = YES_AGGRESSIVE;
				CLANG_CXX_LANGUAGE_STANDARD = "gnu++14";
				CLANG_CXX_LIBRARY = "libc++";
				CLANG_ENABLE_MODULES = YES;
				CLANG_ENABLE_OBJC_ARC = YES;
				CLANG_ENABLE_OBJC_WEAK = YES;
				CLANG_WARN_BLOCK_CAPTURE_AUTORELEASING = YES;
				CLANG_WARN_BOOL_CONVERSION = YES;
				CLANG_WARN_COMMA = YES;
				CLANG_WARN_CONSTANT_CONVERSION = YES;
				CLANG_WARN_DEPRECATED_OBJC_IMPLEMENTATIONS = YES;
				CLANG_WARN_DIRECT_OBJC_ISA_USAGE = YES_ERROR;
				CLANG_WARN_DOCUMENTATION_COMMENTS = YES;
				CLANG_WARN_EMPTY_BODY = YES;
				CLANG_WARN_ENUM_CONVERSION = YES;
				CLANG_WARN_INFINITE_RECURSION = YES;
				CLANG_WARN_INT_CONVERSION = YES;
				CLANG_WARN_NON_LITERAL_NULL_CONVERSION = YES;
				CLANG_WARN_OBJC_IMPLICIT_RETAIN_SELF = YES;
				CLANG_WARN_OBJC_LITERAL_CONVERSION = YES;
				CLANG_WARN_OBJC_ROOT_CLASS = YES_ERROR;
				CLANG_WARN_RANGE_LOOP_ANALYSIS = YES;
				CLANG_WARN_STRICT_PROTOTYPES = YES;
				CLANG_WARN_SUSPICIOUS_MOVE = YES;
				CLANG_WARN_UNGUARDED_AVAILABILITY = YES_AGGRESSIVE;
				CLANG_WARN_UNREACHABLE_CODE = YES;
				CLANG_WARN__DUPLICATE_METHOD_MATCH = YES;
				CODE_SIGN_IDENTITY = "iPhone Developer";
				COPY_PHASE_STRIP = NO;
				DEBUG_INFORMATION_FORMAT = "dwarf-with-dsym";
				ENABLE_NS_ASSERTIONS = NO;
				ENABLE_STRICT_OBJC_MSGSEND = YES;
				GCC_C_LANGUAGE_STANDARD = gnu11;
				GCC_NO_COMMON_BLOCKS = YES;
				GCC_WARN_64_TO_32_BIT_CONVERSION = YES;
				GCC_WARN_ABOUT_RETURN_TYPE = YES_ERROR;
				GCC_WARN_UNDECLARED_SELECTOR = YES;
				GCC_WARN_UNINITIALIZED_AUTOS = YES_AGGRESSIVE;
				GCC_WARN_UNUSED_FUNCTION = YES;
				GCC_WARN_UNUSED_VARIABLE = YES;
				IPHONEOS_DEPLOYMENT_TARGET = 12.2;
				MTL_ENABLE_DEBUG_INFO = NO;
				MTL_FAST_MATH = YES;
				SDKROOT = iphoneos;
				SWIFT_COMPILATION_MODE = wholemodule;
				SWIFT_OPTIMIZATION_LEVEL = "-O";
				VALIDATE_PRODUCT = YES;
			};
			name = Release;
		};
		75AEC16A22E663A10006A057 /* Debug */ = {
			isa = XCBuildConfiguration;
			buildSettings = {
				ASSETCATALOG_COMPILER_APPICON_NAME = AppIcon;
				CODE_SIGN_STYLE = Automatic;
				DEVELOPMENT_TEAM = 8367QTYVY6;
				INFOPLIST_FILE = Contained/Info.plist;
				LD_RUNPATH_SEARCH_PATHS = (
					"$(inherited)",
					"@executable_path/Frameworks",
				);
				PRODUCT_BUNDLE_IDENTIFIER = com.bradleyyin.Contained;
				PRODUCT_NAME = "$(TARGET_NAME)";
				SWIFT_VERSION = 5.0;
				TARGETED_DEVICE_FAMILY = "1,2";
			};
			name = Debug;
		};
		75AEC16B22E663A10006A057 /* Release */ = {
			isa = XCBuildConfiguration;
			buildSettings = {
				ASSETCATALOG_COMPILER_APPICON_NAME = AppIcon;
				CODE_SIGN_STYLE = Automatic;
				DEVELOPMENT_TEAM = 8367QTYVY6;
				INFOPLIST_FILE = Contained/Info.plist;
				LD_RUNPATH_SEARCH_PATHS = (
					"$(inherited)",
					"@executable_path/Frameworks",
				);
				PRODUCT_BUNDLE_IDENTIFIER = com.bradleyyin.Contained;
				PRODUCT_NAME = "$(TARGET_NAME)";
				SWIFT_VERSION = 5.0;
				TARGETED_DEVICE_FAMILY = "1,2";
			};
			name = Release;
		};
/* End XCBuildConfiguration section */

/* Begin XCConfigurationList section */
		75AEC15222E6639D0006A057 /* Build configuration list for PBXProject "Contained" */ = {
			isa = XCConfigurationList;
			buildConfigurations = (
				75AEC16722E663A10006A057 /* Debug */,
				75AEC16822E663A10006A057 /* Release */,
			);
			defaultConfigurationIsVisible = 0;
			defaultConfigurationName = Release;
		};
		75AEC16922E663A10006A057 /* Build configuration list for PBXNativeTarget "Contained" */ = {
			isa = XCConfigurationList;
			buildConfigurations = (
				75AEC16A22E663A10006A057 /* Debug */,
				75AEC16B22E663A10006A057 /* Release */,
			);
			defaultConfigurationIsVisible = 0;
			defaultConfigurationName = Release;
		};
/* End XCConfigurationList section */
	};
	rootObject = 75AEC14F22E6639D0006A057 /* Project object */;
}
