// !$*UTF8*$!
{
	archiveVersion = 1;
	classes = {
	};
	objectVersion = 50;
	objects = {

/* Begin PBXBuildFile section */
		A5339D7E21939C320005DCB9 /* AppDelegate.swift in Sources */ = {isa = PBXBuildFile; fileRef = A5339D7D21939C320005DCB9 /* AppDelegate.swift */; };
		A5339D8321939C320005DCB9 /* Main.storyboard in Resources */ = {isa = PBXBuildFile; fileRef = A5339D8121939C320005DCB9 /* Main.storyboard */; };
		A5339D8521939C330005DCB9 /* Assets.xcassets in Resources */ = {isa = PBXBuildFile; fileRef = A5339D8421939C330005DCB9 /* Assets.xcassets */; };
		A5339D8821939C330005DCB9 /* LaunchScreen.storyboard in Resources */ = {isa = PBXBuildFile; fileRef = A5339D8621939C330005DCB9 /* LaunchScreen.storyboard */; };
		A5339D9021939C7C0005DCB9 /* SKSpriteNode+Utility.swift in Sources */ = {isa = PBXBuildFile; fileRef = A5339D8F21939C7C0005DCB9 /* SKSpriteNode+Utility.swift */; };
		A5339D9221939C880005DCB9 /* SettingViewController.swift in Sources */ = {isa = PBXBuildFile; fileRef = A5339D9121939C870005DCB9 /* SettingViewController.swift */; };
		A5339D9421939C8F0005DCB9 /* InfoViewController.swift in Sources */ = {isa = PBXBuildFile; fileRef = A5339D9321939C8E0005DCB9 /* InfoViewController.swift */; };
		A5339D9621939C9E0005DCB9 /* GameViewController.swift in Sources */ = {isa = PBXBuildFile; fileRef = A5339D9521939C9E0005DCB9 /* GameViewController.swift */; };
		A5339D9821939CA60005DCB9 /* Model.swift in Sources */ = {isa = PBXBuildFile; fileRef = A5339D9721939CA60005DCB9 /* Model.swift */; };
		A5339D9A21939CCE0005DCB9 /* Crab.xcassets in Resources */ = {isa = PBXBuildFile; fileRef = A5339D9921939CCE0005DCB9 /* Crab.xcassets */; };
		A5339D9C2193A6250005DCB9 /* CustomScene.swift in Sources */ = {isa = PBXBuildFile; fileRef = A5339D9B2193A6250005DCB9 /* CustomScene.swift */; };
/* End PBXBuildFile section */

/* Begin PBXFileReference section */
		A5339D7A21939C320005DCB9 /* ChallangeCrab.app */ = {isa = PBXFileReference; explicitFileType = wrapper.application; includeInIndex = 0; path = ChallangeCrab.app; sourceTree = BUILT_PRODUCTS_DIR; };
		A5339D7D21939C320005DCB9 /* AppDelegate.swift */ = {isa = PBXFileReference; lastKnownFileType = sourcecode.swift; path = AppDelegate.swift; sourceTree = "<group>"; };
		A5339D8221939C320005DCB9 /* Base */ = {isa = PBXFileReference; lastKnownFileType = file.storyboard; name = Base; path = Base.lproj/Main.storyboard; sourceTree = "<group>"; };
		A5339D8421939C330005DCB9 /* Assets.xcassets */ = {isa = PBXFileReference; lastKnownFileType = folder.assetcatalog; path = Assets.xcassets; sourceTree = "<group>"; };
		A5339D8721939C330005DCB9 /* Base */ = {isa = PBXFileReference; lastKnownFileType = file.storyboard; name = Base; path = Base.lproj/LaunchScreen.storyboard; sourceTree = "<group>"; };
		A5339D8921939C330005DCB9 /* Info.plist */ = {isa = PBXFileReference; lastKnownFileType = text.plist.xml; path = Info.plist; sourceTree = "<group>"; };
		A5339D8F21939C7C0005DCB9 /* SKSpriteNode+Utility.swift */ = {isa = PBXFileReference; fileEncoding = 4; lastKnownFileType = sourcecode.swift; path = "SKSpriteNode+Utility.swift"; sourceTree = "<group>"; };
		A5339D9121939C870005DCB9 /* SettingViewController.swift */ = {isa = PBXFileReference; fileEncoding = 4; lastKnownFileType = sourcecode.swift; path = SettingViewController.swift; sourceTree = "<group>"; };
		A5339D9321939C8E0005DCB9 /* InfoViewController.swift */ = {isa = PBXFileReference; fileEncoding = 4; lastKnownFileType = sourcecode.swift; path = InfoViewController.swift; sourceTree = "<group>"; };
		A5339D9521939C9E0005DCB9 /* GameViewController.swift */ = {isa = PBXFileReference; fileEncoding = 4; lastKnownFileType = sourcecode.swift; path = GameViewController.swift; sourceTree = "<group>"; };
		A5339D9721939CA60005DCB9 /* Model.swift */ = {isa = PBXFileReference; fileEncoding = 4; lastKnownFileType = sourcecode.swift; path = Model.swift; sourceTree = "<group>"; };
		A5339D9921939CCE0005DCB9 /* Crab.xcassets */ = {isa = PBXFileReference; lastKnownFileType = folder.assetcatalog; path = Crab.xcassets; sourceTree = "<group>"; };
		A5339D9B2193A6250005DCB9 /* CustomScene.swift */ = {isa = PBXFileReference; lastKnownFileType = sourcecode.swift; path = CustomScene.swift; sourceTree = "<group>"; };
/* End PBXFileReference section */

/* Begin PBXFrameworksBuildPhase section */
		A5339D7721939C320005DCB9 /* Frameworks */ = {
			isa = PBXFrameworksBuildPhase;
			buildActionMask = 2147483647;
			files = (
			);
			runOnlyForDeploymentPostprocessing = 0;
		};
/* End PBXFrameworksBuildPhase section */

/* Begin PBXGroup section */
		A5339D7121939C320005DCB9 = {
			isa = PBXGroup;
			children = (
				A5339D7C21939C320005DCB9 /* ChallangeCrab */,
				A5339D7B21939C320005DCB9 /* Products */,
			);
			sourceTree = "<group>";
		};
		A5339D7B21939C320005DCB9 /* Products */ = {
			isa = PBXGroup;
			children = (
				A5339D7A21939C320005DCB9 /* ChallangeCrab.app */,
			);
			name = Products;
			sourceTree = "<group>";
		};
		A5339D7C21939C320005DCB9 /* ChallangeCrab */ = {
			isa = PBXGroup;
			children = (
				A5339D7D21939C320005DCB9 /* AppDelegate.swift */,
				A5339D9121939C870005DCB9 /* SettingViewController.swift */,
				A5339D9321939C8E0005DCB9 /* InfoViewController.swift */,
				A5339D9521939C9E0005DCB9 /* GameViewController.swift */,
				A5339D9B2193A6250005DCB9 /* CustomScene.swift */,
				A5339D9721939CA60005DCB9 /* Model.swift */,
				A5339D8121939C320005DCB9 /* Main.storyboard */,
				A5339D8421939C330005DCB9 /* Assets.xcassets */,
				A5339D9921939CCE0005DCB9 /* Crab.xcassets */,
				A5339D8F21939C7C0005DCB9 /* SKSpriteNode+Utility.swift */,
				A5339D8621939C330005DCB9 /* LaunchScreen.storyboard */,
				A5339D8921939C330005DCB9 /* Info.plist */,
			);
			path = ChallangeCrab;
			sourceTree = "<group>";
		};
/* End PBXGroup section */

/* Begin PBXNativeTarget section */
		A5339D7921939C320005DCB9 /* ChallangeCrab */ = {
			isa = PBXNativeTarget;
			buildConfigurationList = A5339D8C21939C330005DCB9 /* Build configuration list for PBXNativeTarget "ChallangeCrab" */;
			buildPhases = (
				A5339D7621939C320005DCB9 /* Sources */,
				A5339D7721939C320005DCB9 /* Frameworks */,
				A5339D7821939C320005DCB9 /* Resources */,
			);
			buildRules = (
			);
			dependencies = (
			);
			name = ChallangeCrab;
			productName = ChallangeCrab;
			productReference = A5339D7A21939C320005DCB9 /* ChallangeCrab.app */;
			productType = "com.apple.product-type.application";
		};
/* End PBXNativeTarget section */

/* Begin PBXProject section */
		A5339D7221939C320005DCB9 /* Project object */ = {
			isa = PBXProject;
			attributes = {
				LastSwiftUpdateCheck = 1010;
				LastUpgradeCheck = 1010;
				ORGANIZATIONNAME = "Sergey Osipyan";
				TargetAttributes = {
					A5339D7921939C320005DCB9 = {
						CreatedOnToolsVersion = 10.1;
					};
				};
			};
			buildConfigurationList = A5339D7521939C320005DCB9 /* Build configuration list for PBXProject "ChallangeCrab" */;
			compatibilityVersion = "Xcode 9.3";
			developmentRegion = en;
			hasScannedForEncodings = 0;
			knownRegions = (
				en,
				Base,
			);
			mainGroup = A5339D7121939C320005DCB9;
			productRefGroup = A5339D7B21939C320005DCB9 /* Products */;
			projectDirPath = "";
			projectRoot = "";
			targets = (
				A5339D7921939C320005DCB9 /* ChallangeCrab */,
			);
		};
/* End PBXProject section */

/* Begin PBXResourcesBuildPhase section */
		A5339D7821939C320005DCB9 /* Resources */ = {
			isa = PBXResourcesBuildPhase;
			buildActionMask = 2147483647;
			files = (
				A5339D8821939C330005DCB9 /* LaunchScreen.storyboard in Resources */,
				A5339D9A21939CCE0005DCB9 /* Crab.xcassets in Resources */,
				A5339D8521939C330005DCB9 /* Assets.xcassets in Resources */,
				A5339D8321939C320005DCB9 /* Main.storyboard in Resources */,
			);
			runOnlyForDeploymentPostprocessing = 0;
		};
/* End PBXResourcesBuildPhase section */

/* Begin PBXSourcesBuildPhase section */
		A5339D7621939C320005DCB9 /* Sources */ = {
			isa = PBXSourcesBuildPhase;
			buildActionMask = 2147483647;
			files = (
				A5339D9621939C9E0005DCB9 /* GameViewController.swift in Sources */,
				A5339D7E21939C320005DCB9 /* AppDelegate.swift in Sources */,
				A5339D9021939C7C0005DCB9 /* SKSpriteNode+Utility.swift in Sources */,
				A5339D9821939CA60005DCB9 /* Model.swift in Sources */,
				A5339D9C2193A6250005DCB9 /* CustomScene.swift in Sources */,
				A5339D9421939C8F0005DCB9 /* InfoViewController.swift in Sources */,
				A5339D9221939C880005DCB9 /* SettingViewController.swift in Sources */,
			);
			runOnlyForDeploymentPostprocessing = 0;
		};
/* End PBXSourcesBuildPhase section */

/* Begin PBXVariantGroup section */
		A5339D8121939C320005DCB9 /* Main.storyboard */ = {
			isa = PBXVariantGroup;
			children = (
				A5339D8221939C320005DCB9 /* Base */,
			);
			name = Main.storyboard;
			sourceTree = "<group>";
		};
		A5339D8621939C330005DCB9 /* LaunchScreen.storyboard */ = {
			isa = PBXVariantGroup;
			children = (
				A5339D8721939C330005DCB9 /* Base */,
			);
			name = LaunchScreen.storyboard;
			sourceTree = "<group>";
		};
/* End PBXVariantGroup section */

/* Begin XCBuildConfiguration section */
		A5339D8A21939C330005DCB9 /* Debug */ = {
			isa = XCBuildConfiguration;
			buildSettings = {
				ALWAYS_SEARCH_USER_PATHS = NO;
				CLANG_ANALYZER_NONNULL = YES;
				CLANG_ANALYZER_NUMBER_OBJECT_CONVERSION = YES_AGGRESSIVE;
				CLANG_CXX_LANGUAGE_STANDARD = "gnu++14";
				CLANG_CXX_LIBRARY = "libc++";
				CLANG_ENABLE_MODULES = YES;
				CLANG_ENABLE_OBJC_ARC = YES;
				CLANG_ENABLE_OBJC_WEAK = YES;
				CLANG_WARN_BLOCK_CAPTURE_AUTORELEASING = YES;
				CLANG_WARN_BOOL_CONVERSION = YES;
				CLANG_WARN_COMMA = YES;
				CLANG_WARN_CONSTANT_CONVERSION = YES;
				CLANG_WARN_DEPRECATED_OBJC_IMPLEMENTATIONS = YES;
				CLANG_WARN_DIRECT_OBJC_ISA_USAGE = YES_ERROR;
				CLANG_WARN_DOCUMENTATION_COMMENTS = YES;
				CLANG_WARN_EMPTY_BODY = YES;
				CLANG_WARN_ENUM_CONVERSION = YES;
				CLANG_WARN_INFINITE_RECURSION = YES;
				CLANG_WARN_INT_CONVERSION = YES;
				CLANG_WARN_NON_LITERAL_NULL_CONVERSION = YES;
				CLANG_WARN_OBJC_IMPLICIT_RETAIN_SELF = YES;
				CLANG_WARN_OBJC_LITERAL_CONVERSION = YES;
				CLANG_WARN_OBJC_ROOT_CLASS = YES_ERROR;
				CLANG_WARN_RANGE_LOOP_ANALYSIS = YES;
				CLANG_WARN_STRICT_PROTOTYPES = YES;
				CLANG_WARN_SUSPICIOUS_MOVE = YES;
				CLANG_WARN_UNGUARDED_AVAILABILITY = YES_AGGRESSIVE;
				CLANG_WARN_UNREACHABLE_CODE = YES;
				CLANG_WARN__DUPLICATE_METHOD_MATCH = YES;
				CODE_SIGN_IDENTITY = "iPhone Developer";
				COPY_PHASE_STRIP = NO;
				DEBUG_INFORMATION_FORMAT = dwarf;
				ENABLE_STRICT_OBJC_MSGSEND = YES;
				ENABLE_TESTABILITY = YES;
				GCC_C_LANGUAGE_STANDARD = gnu11;
				GCC_DYNAMIC_NO_PIC = NO;
				GCC_NO_COMMON_BLOCKS = YES;
				GCC_OPTIMIZATION_LEVEL = 0;
				GCC_PREPROCESSOR_DEFINITIONS = (
					"DEBUG=1",
					"$(inherited)",
				);
				GCC_WARN_64_TO_32_BIT_CONVERSION = YES;
				GCC_WARN_ABOUT_RETURN_TYPE = YES_ERROR;
				GCC_WARN_UNDECLARED_SELECTOR = YES;
				GCC_WARN_UNINITIALIZED_AUTOS = YES_AGGRESSIVE;
				GCC_WARN_UNUSED_FUNCTION = YES;
				GCC_WARN_UNUSED_VARIABLE = YES;
				IPHONEOS_DEPLOYMENT_TARGET = 12.1;
				MTL_ENABLE_DEBUG_INFO = INCLUDE_SOURCE;
				MTL_FAST_MATH = YES;
				ONLY_ACTIVE_ARCH = YES;
				SDKROOT = iphoneos;
				SWIFT_ACTIVE_COMPILATION_CONDITIONS = DEBUG;
				SWIFT_OPTIMIZATION_LEVEL = "-Onone";
			};
			name = Debug;
		};
		A5339D8B21939C330005DCB9 /* Release */ = {
			isa = XCBuildConfiguration;
			buildSettings = {
				ALWAYS_SEARCH_USER_PATHS = NO;
				CLANG_ANALYZER_NONNULL = YES;
				CLANG_ANALYZER_NUMBER_OBJECT_CONVERSION = YES_AGGRESSIVE;
				CLANG_CXX_LANGUAGE_STANDARD = "gnu++14";
				CLANG_CXX_LIBRARY = "libc++";
				CLANG_ENABLE_MODULES = YES;
				CLANG_ENABLE_OBJC_ARC = YES;
				CLANG_ENABLE_OBJC_WEAK = YES;
				CLANG_WARN_BLOCK_CAPTURE_AUTORELEASING = YES;
				CLANG_WARN_BOOL_CONVERSION = YES;
				CLANG_WARN_COMMA = YES;
				CLANG_WARN_CONSTANT_CONVERSION = YES;
				CLANG_WARN_DEPRECATED_OBJC_IMPLEMENTATIONS = YES;
				CLANG_WARN_DIRECT_OBJC_ISA_USAGE = YES_ERROR;
				CLANG_WARN_DOCUMENTATION_COMMENTS = YES;
				CLANG_WARN_EMPTY_BODY = YES;
				CLANG_WARN_ENUM_CONVERSION = YES;
				CLANG_WARN_INFINITE_RECURSION = YES;
				CLANG_WARN_INT_CONVERSION = YES;
				CLANG_WARN_NON_LITERAL_NULL_CONVERSION = YES;
				CLANG_WARN_OBJC_IMPLICIT_RETAIN_SELF = YES;
				CLANG_WARN_OBJC_LITERAL_CONVERSION = YES;
				CLANG_WARN_OBJC_ROOT_CLASS = YES_ERROR;
				CLANG_WARN_RANGE_LOOP_ANALYSIS = YES;
				CLANG_WARN_STRICT_PROTOTYPES = YES;
				CLANG_WARN_SUSPICIOUS_MOVE = YES;
				CLANG_WARN_UNGUARDED_AVAILABILITY = YES_AGGRESSIVE;
				CLANG_WARN_UNREACHABLE_CODE = YES;
				CLANG_WARN__DUPLICATE_METHOD_MATCH = YES;
				CODE_SIGN_IDENTITY = "iPhone Developer";
				COPY_PHASE_STRIP = NO;
				DEBUG_INFORMATION_FORMAT = "dwarf-with-dsym";
				ENABLE_NS_ASSERTIONS = NO;
				ENABLE_STRICT_OBJC_MSGSEND = YES;
				GCC_C_LANGUAGE_STANDARD = gnu11;
				GCC_NO_COMMON_BLOCKS = YES;
				GCC_WARN_64_TO_32_BIT_CONVERSION = YES;
				GCC_WARN_ABOUT_RETURN_TYPE = YES_ERROR;
				GCC_WARN_UNDECLARED_SELECTOR = YES;
				GCC_WARN_UNINITIALIZED_AUTOS = YES_AGGRESSIVE;
				GCC_WARN_UNUSED_FUNCTION = YES;
				GCC_WARN_UNUSED_VARIABLE = YES;
				IPHONEOS_DEPLOYMENT_TARGET = 12.1;
				MTL_ENABLE_DEBUG_INFO = NO;
				MTL_FAST_MATH = YES;
				SDKROOT = iphoneos;
				SWIFT_COMPILATION_MODE = wholemodule;
				SWIFT_OPTIMIZATION_LEVEL = "-O";
				VALIDATE_PRODUCT = YES;
			};
			name = Release;
		};
		A5339D8D21939C330005DCB9 /* Debug */ = {
			isa = XCBuildConfiguration;
			buildSettings = {
				ASSETCATALOG_COMPILER_APPICON_NAME = AppIcon;
				CODE_SIGN_STYLE = Automatic;
				DEVELOPMENT_TEAM = KF4QEGAU36;
				INFOPLIST_FILE = ChallangeCrab/Info.plist;
				LD_RUNPATH_SEARCH_PATHS = (
					"$(inherited)",
					"@executable_path/Frameworks",
				);
				PRODUCT_BUNDLE_IDENTIFIER = Sergey.ChallangeCrab;
				PRODUCT_NAME = "$(TARGET_NAME)";
				SWIFT_VERSION = 4.2;
				TARGETED_DEVICE_FAMILY = "1,2";
			};
			name = Debug;
		};
		A5339D8E21939C330005DCB9 /* Release */ = {
			isa = XCBuildConfiguration;
			buildSettings = {
				ASSETCATALOG_COMPILER_APPICON_NAME = AppIcon;
				CODE_SIGN_STYLE = Automatic;
				DEVELOPMENT_TEAM = KF4QEGAU36;
				INFOPLIST_FILE = ChallangeCrab/Info.plist;
				LD_RUNPATH_SEARCH_PATHS = (
					"$(inherited)",
					"@executable_path/Frameworks",
				);
				PRODUCT_BUNDLE_IDENTIFIER = Sergey.ChallangeCrab;
				PRODUCT_NAME = "$(TARGET_NAME)";
				SWIFT_VERSION = 4.2;
				TARGETED_DEVICE_FAMILY = "1,2";
			};
			name = Release;
		};
/* End XCBuildConfiguration section */

/* Begin XCConfigurationList section */
		A5339D7521939C320005DCB9 /* Build configuration list for PBXProject "ChallangeCrab" */ = {
			isa = XCConfigurationList;
			buildConfigurations = (
				A5339D8A21939C330005DCB9 /* Debug */,
				A5339D8B21939C330005DCB9 /* Release */,
			);
			defaultConfigurationIsVisible = 0;
			defaultConfigurationName = Release;
		};
		A5339D8C21939C330005DCB9 /* Build configuration list for PBXNativeTarget "ChallangeCrab" */ = {
			isa = XCConfigurationList;
			buildConfigurations = (
				A5339D8D21939C330005DCB9 /* Debug */,
				A5339D8E21939C330005DCB9 /* Release */,
			);
			defaultConfigurationIsVisible = 0;
			defaultConfigurationName = Release;
		};
/* End XCConfigurationList section */
	};
	rootObject = A5339D7221939C320005DCB9 /* Project object */;
}
