// !$*UTF8*$!
{
	archiveVersion = 1;
	classes = {
	};
	objectVersion = 50;
	objects = {

/* Begin PBXBuildFile section */
		27132AA422FB72CA00712DA0 /* AppDelegate.swift in Sources */ = {isa = PBXBuildFile; fileRef = 27132AA322FB72CA00712DA0 /* AppDelegate.swift */; };
		27132AA922FB72CA00712DA0 /* Main.storyboard in Resources */ = {isa = PBXBuildFile; fileRef = 27132AA722FB72CA00712DA0 /* Main.storyboard */; };
		27132AAB22FB72CB00712DA0 /* Assets.xcassets in Resources */ = {isa = PBXBuildFile; fileRef = 27132AAA22FB72CB00712DA0 /* Assets.xcassets */; };
		27132AAE22FB72CB00712DA0 /* LaunchScreen.storyboard in Resources */ = {isa = PBXBuildFile; fileRef = 27132AAC22FB72CB00712DA0 /* LaunchScreen.storyboard */; };
		27132AB622FB735600712DA0 /* Crab.xcassets in Resources */ = {isa = PBXBuildFile; fileRef = 27132AB522FB735600712DA0 /* Crab.xcassets */; };
		27132AB822FB738000712DA0 /* SKSpriteNode+Utility.swift in Sources */ = {isa = PBXBuildFile; fileRef = 27132AB722FB738000712DA0 /* SKSpriteNode+Utility.swift */; };
/* End PBXBuildFile section */

/* Begin PBXFileReference section */
		27132AA022FB72CA00712DA0 /* Crabs.app */ = {isa = PBXFileReference; explicitFileType = wrapper.application; includeInIndex = 0; path = Crabs.app; sourceTree = BUILT_PRODUCTS_DIR; };
		27132AA322FB72CA00712DA0 /* AppDelegate.swift */ = {isa = PBXFileReference; lastKnownFileType = sourcecode.swift; path = AppDelegate.swift; sourceTree = "<group>"; };
		27132AA822FB72CA00712DA0 /* Base */ = {isa = PBXFileReference; lastKnownFileType = file.storyboard; name = Base; path = Base.lproj/Main.storyboard; sourceTree = "<group>"; };
		27132AAA22FB72CB00712DA0 /* Assets.xcassets */ = {isa = PBXFileReference; lastKnownFileType = folder.assetcatalog; path = Assets.xcassets; sourceTree = "<group>"; };
		27132AAD22FB72CB00712DA0 /* Base */ = {isa = PBXFileReference; lastKnownFileType = file.storyboard; name = Base; path = Base.lproj/LaunchScreen.storyboard; sourceTree = "<group>"; };
		27132AAF22FB72CB00712DA0 /* Info.plist */ = {isa = PBXFileReference; lastKnownFileType = text.plist.xml; path = Info.plist; sourceTree = "<group>"; };
		27132AB522FB735600712DA0 /* Crab.xcassets */ = {isa = PBXFileReference; lastKnownFileType = folder.assetcatalog; name = Crab.xcassets; path = ../../Crab.xcassets; sourceTree = "<group>"; };
		27132AB722FB738000712DA0 /* SKSpriteNode+Utility.swift */ = {isa = PBXFileReference; fileEncoding = 4; lastKnownFileType = sourcecode.swift; name = "SKSpriteNode+Utility.swift"; path = "../../SKSpriteNode+Utility.swift"; sourceTree = "<group>"; };
/* End PBXFileReference section */

/* Begin PBXFrameworksBuildPhase section */
		27132A9D22FB72CA00712DA0 /* Frameworks */ = {
			isa = PBXFrameworksBuildPhase;
			buildActionMask = 2147483647;
			files = (
			);
			runOnlyForDeploymentPostprocessing = 0;
		};
/* End PBXFrameworksBuildPhase section */

/* Begin PBXGroup section */
		27132A9722FB72CA00712DA0 = {
			isa = PBXGroup;
			children = (
				27132AA222FB72CA00712DA0 /* Crabs */,
				27132AA122FB72CA00712DA0 /* Products */,
			);
			sourceTree = "<group>";
		};
		27132AA122FB72CA00712DA0 /* Products */ = {
			isa = PBXGroup;
			children = (
				27132AA022FB72CA00712DA0 /* Crabs.app */,
			);
			name = Products;
			sourceTree = "<group>";
		};
		27132AA222FB72CA00712DA0 /* Crabs */ = {
			isa = PBXGroup;
			children = (
				27132AA322FB72CA00712DA0 /* AppDelegate.swift */,
				27132AA722FB72CA00712DA0 /* Main.storyboard */,
				27132AAA22FB72CB00712DA0 /* Assets.xcassets */,
				27132AB522FB735600712DA0 /* Crab.xcassets */,
				27132AAC22FB72CB00712DA0 /* LaunchScreen.storyboard */,
				27132AAF22FB72CB00712DA0 /* Info.plist */,
				27132AB722FB738000712DA0 /* SKSpriteNode+Utility.swift */,
			);
			path = Crabs;
			sourceTree = "<group>";
		};
/* End PBXGroup section */

/* Begin PBXNativeTarget section */
		27132A9F22FB72CA00712DA0 /* Crabs */ = {
			isa = PBXNativeTarget;
			buildConfigurationList = 27132AB222FB72CB00712DA0 /* Build configuration list for PBXNativeTarget "Crabs" */;
			buildPhases = (
				27132A9C22FB72CA00712DA0 /* Sources */,
				27132A9D22FB72CA00712DA0 /* Frameworks */,
				27132A9E22FB72CA00712DA0 /* Resources */,
			);
			buildRules = (
			);
			dependencies = (
			);
			name = Crabs;
			productName = Crabs;
			productReference = 27132AA022FB72CA00712DA0 /* Crabs.app */;
			productType = "com.apple.product-type.application";
		};
/* End PBXNativeTarget section */

/* Begin PBXProject section */
		27132A9822FB72CA00712DA0 /* Project object */ = {
			isa = PBXProject;
			attributes = {
				LastSwiftUpdateCheck = 1020;
				LastUpgradeCheck = 1020;
				ORGANIZATIONNAME = "Joe Rogers";
				TargetAttributes = {
					27132A9F22FB72CA00712DA0 = {
						CreatedOnToolsVersion = 10.2.1;
					};
				};
			};
			buildConfigurationList = 27132A9B22FB72CA00712DA0 /* Build configuration list for PBXProject "Crabs" */;
			compatibilityVersion = "Xcode 9.3";
			developmentRegion = en;
			hasScannedForEncodings = 0;
			knownRegions = (
				en,
				Base,
			);
			mainGroup = 27132A9722FB72CA00712DA0;
			productRefGroup = 27132AA122FB72CA00712DA0 /* Products */;
			projectDirPath = "";
			projectRoot = "";
			targets = (
				27132A9F22FB72CA00712DA0 /* Crabs */,
			);
		};
/* End PBXProject section */

/* Begin PBXResourcesBuildPhase section */
		27132A9E22FB72CA00712DA0 /* Resources */ = {
			isa = PBXResourcesBuildPhase;
			buildActionMask = 2147483647;
			files = (
				27132AAE22FB72CB00712DA0 /* LaunchScreen.storyboard in Resources */,
				27132AB622FB735600712DA0 /* Crab.xcassets in Resources */,
				27132AAB22FB72CB00712DA0 /* Assets.xcassets in Resources */,
				27132AA922FB72CA00712DA0 /* Main.storyboard in Resources */,
			);
			runOnlyForDeploymentPostprocessing = 0;
		};
/* End PBXResourcesBuildPhase section */

/* Begin PBXSourcesBuildPhase section */
		27132A9C22FB72CA00712DA0 /* Sources */ = {
			isa = PBXSourcesBuildPhase;
			buildActionMask = 2147483647;
			files = (
				27132AA422FB72CA00712DA0 /* AppDelegate.swift in Sources */,
				27132AB822FB738000712DA0 /* SKSpriteNode+Utility.swift in Sources */,
			);
			runOnlyForDeploymentPostprocessing = 0;
		};
/* End PBXSourcesBuildPhase section */

/* Begin PBXVariantGroup section */
		27132AA722FB72CA00712DA0 /* Main.storyboard */ = {
			isa = PBXVariantGroup;
			children = (
				27132AA822FB72CA00712DA0 /* Base */,
			);
			name = Main.storyboard;
			sourceTree = "<group>";
		};
		27132AAC22FB72CB00712DA0 /* LaunchScreen.storyboard */ = {
			isa = PBXVariantGroup;
			children = (
				27132AAD22FB72CB00712DA0 /* Base */,
			);
			name = LaunchScreen.storyboard;
			sourceTree = "<group>";
		};
/* End PBXVariantGroup section */

/* Begin XCBuildConfiguration section */
		27132AB022FB72CB00712DA0 /* Debug */ = {
			isa = XCBuildConfiguration;
			buildSettings = {
				ALWAYS_SEARCH_USER_PATHS = NO;
				CLANG_ANALYZER_NONNULL = YES;
				CLANG_ANALYZER_NUMBER_OBJECT_CONVERSION = YES_AGGRESSIVE;
				CLANG_CXX_LANGUAGE_STANDARD = "gnu++14";
				CLANG_CXX_LIBRARY = "libc++";
				CLANG_ENABLE_MODULES = YES;
				CLANG_ENABLE_OBJC_ARC = YES;
				CLANG_ENABLE_OBJC_WEAK = YES;
				CLANG_WARN_BLOCK_CAPTURE_AUTORELEASING = YES;
				CLANG_WARN_BOOL_CONVERSION = YES;
				CLANG_WARN_COMMA = YES;
				CLANG_WARN_CONSTANT_CONVERSION = YES;
				CLANG_WARN_DEPRECATED_OBJC_IMPLEMENTATIONS = YES;
				CLANG_WARN_DIRECT_OBJC_ISA_USAGE = YES_ERROR;
				CLANG_WARN_DOCUMENTATION_COMMENTS = YES;
				CLANG_WARN_EMPTY_BODY = YES;
				CLANG_WARN_ENUM_CONVERSION = YES;
				CLANG_WARN_INFINITE_RECURSION = YES;
				CLANG_WARN_INT_CONVERSION = YES;
				CLANG_WARN_NON_LITERAL_NULL_CONVERSION = YES;
				CLANG_WARN_OBJC_IMPLICIT_RETAIN_SELF = YES;
				CLANG_WARN_OBJC_LITERAL_CONVERSION = YES;
				CLANG_WARN_OBJC_ROOT_CLASS = YES_ERROR;
				CLANG_WARN_RANGE_LOOP_ANALYSIS = YES;
				CLANG_WARN_STRICT_PROTOTYPES = YES;
				CLANG_WARN_SUSPICIOUS_MOVE = YES;
				CLANG_WARN_UNGUARDED_AVAILABILITY = YES_AGGRESSIVE;
				CLANG_WARN_UNREACHABLE_CODE = YES;
				CLANG_WARN__DUPLICATE_METHOD_MATCH = YES;
				CODE_SIGN_IDENTITY = "iPhone Developer";
				COPY_PHASE_STRIP = NO;
				DEBUG_INFORMATION_FORMAT = dwarf;
				ENABLE_STRICT_OBJC_MSGSEND = YES;
				ENABLE_TESTABILITY = YES;
				GCC_C_LANGUAGE_STANDARD = gnu11;
				GCC_DYNAMIC_NO_PIC = NO;
				GCC_NO_COMMON_BLOCKS = YES;
				GCC_OPTIMIZATION_LEVEL = 0;
				GCC_PREPROCESSOR_DEFINITIONS = (
					"DEBUG=1",
					"$(inherited)",
				);
				GCC_WARN_64_TO_32_BIT_CONVERSION = YES;
				GCC_WARN_ABOUT_RETURN_TYPE = YES_ERROR;
				GCC_WARN_UNDECLARED_SELECTOR = YES;
				GCC_WARN_UNINITIALIZED_AUTOS = YES_AGGRESSIVE;
				GCC_WARN_UNUSED_FUNCTION = YES;
				GCC_WARN_UNUSED_VARIABLE = YES;
				IPHONEOS_DEPLOYMENT_TARGET = 12.2;
				MTL_ENABLE_DEBUG_INFO = INCLUDE_SOURCE;
				MTL_FAST_MATH = YES;
				ONLY_ACTIVE_ARCH = YES;
				SDKROOT = iphoneos;
				SWIFT_ACTIVE_COMPILATION_CONDITIONS = DEBUG;
				SWIFT_OPTIMIZATION_LEVEL = "-Onone";
			};
			name = Debug;
		};
		27132AB122FB72CB00712DA0 /* Release */ = {
			isa = XCBuildConfiguration;
			buildSettings = {
				ALWAYS_SEARCH_USER_PATHS = NO;
				CLANG_ANALYZER_NONNULL = YES;
				CLANG_ANALYZER_NUMBER_OBJECT_CONVERSION = YES_AGGRESSIVE;
				CLANG_CXX_LANGUAGE_STANDARD = "gnu++14";
				CLANG_CXX_LIBRARY = "libc++";
				CLANG_ENABLE_MODULES = YES;
				CLANG_ENABLE_OBJC_ARC = YES;
				CLANG_ENABLE_OBJC_WEAK = YES;
				CLANG_WARN_BLOCK_CAPTURE_AUTORELEASING = YES;
				CLANG_WARN_BOOL_CONVERSION = YES;
				CLANG_WARN_COMMA = YES;
				CLANG_WARN_CONSTANT_CONVERSION = YES;
				CLANG_WARN_DEPRECATED_OBJC_IMPLEMENTATIONS = YES;
				CLANG_WARN_DIRECT_OBJC_ISA_USAGE = YES_ERROR;
				CLANG_WARN_DOCUMENTATION_COMMENTS = YES;
				CLANG_WARN_EMPTY_BODY = YES;
				CLANG_WARN_ENUM_CONVERSION = YES;
				CLANG_WARN_INFINITE_RECURSION = YES;
				CLANG_WARN_INT_CONVERSION = YES;
				CLANG_WARN_NON_LITERAL_NULL_CONVERSION = YES;
				CLANG_WARN_OBJC_IMPLICIT_RETAIN_SELF = YES;
				CLANG_WARN_OBJC_LITERAL_CONVERSION = YES;
				CLANG_WARN_OBJC_ROOT_CLASS = YES_ERROR;
				CLANG_WARN_RANGE_LOOP_ANALYSIS = YES;
				CLANG_WARN_STRICT_PROTOTYPES = YES;
				CLANG_WARN_SUSPICIOUS_MOVE = YES;
				CLANG_WARN_UNGUARDED_AVAILABILITY = YES_AGGRESSIVE;
				CLANG_WARN_UNREACHABLE_CODE = YES;
				CLANG_WARN__DUPLICATE_METHOD_MATCH = YES;
				CODE_SIGN_IDENTITY = "iPhone Developer";
				COPY_PHASE_STRIP = NO;
				DEBUG_INFORMATION_FORMAT = "dwarf-with-dsym";
				ENABLE_NS_ASSERTIONS = NO;
				ENABLE_STRICT_OBJC_MSGSEND = YES;
				GCC_C_LANGUAGE_STANDARD = gnu11;
				GCC_NO_COMMON_BLOCKS = YES;
				GCC_WARN_64_TO_32_BIT_CONVERSION = YES;
				GCC_WARN_ABOUT_RETURN_TYPE = YES_ERROR;
				GCC_WARN_UNDECLARED_SELECTOR = YES;
				GCC_WARN_UNINITIALIZED_AUTOS = YES_AGGRESSIVE;
				GCC_WARN_UNUSED_FUNCTION = YES;
				GCC_WARN_UNUSED_VARIABLE = YES;
				IPHONEOS_DEPLOYMENT_TARGET = 12.2;
				MTL_ENABLE_DEBUG_INFO = NO;
				MTL_FAST_MATH = YES;
				SDKROOT = iphoneos;
				SWIFT_COMPILATION_MODE = wholemodule;
				SWIFT_OPTIMIZATION_LEVEL = "-O";
				VALIDATE_PRODUCT = YES;
			};
			name = Release;
		};
		27132AB322FB72CB00712DA0 /* Debug */ = {
			isa = XCBuildConfiguration;
			buildSettings = {
				ASSETCATALOG_COMPILER_APPICON_NAME = AppIcon;
				CODE_SIGN_STYLE = Automatic;
				DEVELOPMENT_TEAM = HL3XLM68NV;
				INFOPLIST_FILE = Crabs/Info.plist;
				LD_RUNPATH_SEARCH_PATHS = (
					"$(inherited)",
					"@executable_path/Frameworks",
				);
				PRODUCT_BUNDLE_IDENTIFIER = com.JoeRogers.Crabs;
				PRODUCT_NAME = "$(TARGET_NAME)";
				SWIFT_VERSION = 5.0;
				TARGETED_DEVICE_FAMILY = "1,2";
			};
			name = Debug;
		};
		27132AB422FB72CB00712DA0 /* Release */ = {
			isa = XCBuildConfiguration;
			buildSettings = {
				ASSETCATALOG_COMPILER_APPICON_NAME = AppIcon;
				CODE_SIGN_STYLE = Automatic;
				DEVELOPMENT_TEAM = HL3XLM68NV;
				INFOPLIST_FILE = Crabs/Info.plist;
				LD_RUNPATH_SEARCH_PATHS = (
					"$(inherited)",
					"@executable_path/Frameworks",
				);
				PRODUCT_BUNDLE_IDENTIFIER = com.JoeRogers.Crabs;
				PRODUCT_NAME = "$(TARGET_NAME)";
				SWIFT_VERSION = 5.0;
				TARGETED_DEVICE_FAMILY = "1,2";
			};
			name = Release;
		};
/* End XCBuildConfiguration section */

/* Begin XCConfigurationList section */
		27132A9B22FB72CA00712DA0 /* Build configuration list for PBXProject "Crabs" */ = {
			isa = XCConfigurationList;
			buildConfigurations = (
				27132AB022FB72CB00712DA0 /* Debug */,
				27132AB122FB72CB00712DA0 /* Release */,
			);
			defaultConfigurationIsVisible = 0;
			defaultConfigurationName = Release;
		};
		27132AB222FB72CB00712DA0 /* Build configuration list for PBXNativeTarget "Crabs" */ = {
			isa = XCConfigurationList;
			buildConfigurations = (
				27132AB322FB72CB00712DA0 /* Debug */,
				27132AB422FB72CB00712DA0 /* Release */,
			);
			defaultConfigurationIsVisible = 0;
			defaultConfigurationName = Release;
		};
/* End XCConfigurationList section */
	};
	rootObject = 27132A9822FB72CA00712DA0 /* Project object */;
}
