// !$*UTF8*$!
{
	archiveVersion = 1;
	classes = {
	};
	objectVersion = 50;
	objects = {

/* Begin PBXBuildFile section */
		9E9504B9230B2C5200256BA3 /* AppDelegate.swift in Sources */ = {isa = PBXBuildFile; fileRef = 9E9504B8230B2C5200256BA3 /* AppDelegate.swift */; };
		9E9504BE230B2C5200256BA3 /* Main.storyboard in Resources */ = {isa = PBXBuildFile; fileRef = 9E9504BC230B2C5200256BA3 /* Main.storyboard */; };
		9E9504C0230B2C5400256BA3 /* Assets.xcassets in Resources */ = {isa = PBXBuildFile; fileRef = 9E9504BF230B2C5400256BA3 /* Assets.xcassets */; };
		9E9504C3230B2C5400256BA3 /* LaunchScreen.storyboard in Resources */ = {isa = PBXBuildFile; fileRef = 9E9504C1230B2C5400256BA3 /* LaunchScreen.storyboard */; };
		9E9504CB230B2D1000256BA3 /* Crab.xcassets in Resources */ = {isa = PBXBuildFile; fileRef = 9E9504CA230B2D1000256BA3 /* Crab.xcassets */; };
		9E9504CD230B2DFA00256BA3 /* SKSpriteNode+Utility.swift in Sources */ = {isa = PBXBuildFile; fileRef = 9E9504CC230B2DFA00256BA3 /* SKSpriteNode+Utility.swift */; };
		9E9504CF230B2E2000256BA3 /* Settings.swift in Sources */ = {isa = PBXBuildFile; fileRef = 9E9504CE230B2E2000256BA3 /* Settings.swift */; };
		9E9504D7230B39FA00256BA3 /* InfoViewController.swift in Sources */ = {isa = PBXBuildFile; fileRef = 9E9504D6230B39FA00256BA3 /* InfoViewController.swift */; };
		9E9504D9230B3A1100256BA3 /* SettingsViewController.swift in Sources */ = {isa = PBXBuildFile; fileRef = 9E9504D8230B3A1100256BA3 /* SettingsViewController.swift */; };
		9E9504DB230B4C8800256BA3 /* CustomScene.swift in Sources */ = {isa = PBXBuildFile; fileRef = 9E9504DA230B4C8800256BA3 /* CustomScene.swift */; };
		9E9504DD230B5B1700256BA3 /* GamesViewController.swift in Sources */ = {isa = PBXBuildFile; fileRef = 9E9504DC230B5B1700256BA3 /* GamesViewController.swift */; };
/* End PBXBuildFile section */

/* Begin PBXFileReference section */
		9E9504B5230B2C5200256BA3 /* Crabs.app */ = {isa = PBXFileReference; explicitFileType = wrapper.application; includeInIndex = 0; path = Crabs.app; sourceTree = BUILT_PRODUCTS_DIR; };
		9E9504B8230B2C5200256BA3 /* AppDelegate.swift */ = {isa = PBXFileReference; lastKnownFileType = sourcecode.swift; path = AppDelegate.swift; sourceTree = "<group>"; };
		9E9504BD230B2C5200256BA3 /* Base */ = {isa = PBXFileReference; lastKnownFileType = file.storyboard; name = Base; path = Base.lproj/Main.storyboard; sourceTree = "<group>"; };
		9E9504BF230B2C5400256BA3 /* Assets.xcassets */ = {isa = PBXFileReference; lastKnownFileType = folder.assetcatalog; path = Assets.xcassets; sourceTree = "<group>"; };
		9E9504C2230B2C5400256BA3 /* Base */ = {isa = PBXFileReference; lastKnownFileType = file.storyboard; name = Base; path = Base.lproj/LaunchScreen.storyboard; sourceTree = "<group>"; };
		9E9504C4230B2C5400256BA3 /* Info.plist */ = {isa = PBXFileReference; lastKnownFileType = text.plist.xml; path = Info.plist; sourceTree = "<group>"; };
		9E9504CA230B2D1000256BA3 /* Crab.xcassets */ = {isa = PBXFileReference; lastKnownFileType = folder.assetcatalog; name = Crab.xcassets; path = ../../Crab.xcassets; sourceTree = "<group>"; };
		9E9504CC230B2DFA00256BA3 /* SKSpriteNode+Utility.swift */ = {isa = PBXFileReference; fileEncoding = 4; lastKnownFileType = sourcecode.swift; name = "SKSpriteNode+Utility.swift"; path = "../../SKSpriteNode+Utility.swift"; sourceTree = "<group>"; };
		9E9504CE230B2E2000256BA3 /* Settings.swift */ = {isa = PBXFileReference; lastKnownFileType = sourcecode.swift; path = Settings.swift; sourceTree = "<group>"; };
		9E9504D6230B39FA00256BA3 /* InfoViewController.swift */ = {isa = PBXFileReference; lastKnownFileType = sourcecode.swift; path = InfoViewController.swift; sourceTree = "<group>"; };
		9E9504D8230B3A1100256BA3 /* SettingsViewController.swift */ = {isa = PBXFileReference; lastKnownFileType = sourcecode.swift; path = SettingsViewController.swift; sourceTree = "<group>"; };
		9E9504DA230B4C8800256BA3 /* CustomScene.swift */ = {isa = PBXFileReference; lastKnownFileType = sourcecode.swift; path = CustomScene.swift; sourceTree = "<group>"; };
		9E9504DC230B5B1700256BA3 /* GamesViewController.swift */ = {isa = PBXFileReference; lastKnownFileType = sourcecode.swift; path = GamesViewController.swift; sourceTree = "<group>"; };
/* End PBXFileReference section */

/* Begin PBXFrameworksBuildPhase section */
		9E9504B2230B2C5200256BA3 /* Frameworks */ = {
			isa = PBXFrameworksBuildPhase;
			buildActionMask = 2147483647;
			files = (
			);
			runOnlyForDeploymentPostprocessing = 0;
		};
/* End PBXFrameworksBuildPhase section */

/* Begin PBXGroup section */
		9E9504AC230B2C5200256BA3 = {
			isa = PBXGroup;
			children = (
				9E9504B7230B2C5200256BA3 /* Crabs */,
				9E9504B6230B2C5200256BA3 /* Products */,
			);
			sourceTree = "<group>";
		};
		9E9504B6230B2C5200256BA3 /* Products */ = {
			isa = PBXGroup;
			children = (
				9E9504B5230B2C5200256BA3 /* Crabs.app */,
			);
			name = Products;
			sourceTree = "<group>";
		};
		9E9504B7230B2C5200256BA3 /* Crabs */ = {
			isa = PBXGroup;
			children = (
				9E9504DC230B5B1700256BA3 /* GamesViewController.swift */,
				9E9504B8230B2C5200256BA3 /* AppDelegate.swift */,
				9E9504BC230B2C5200256BA3 /* Main.storyboard */,
				9E9504CA230B2D1000256BA3 /* Crab.xcassets */,
				9E9504D6230B39FA00256BA3 /* InfoViewController.swift */,
				9E9504DA230B4C8800256BA3 /* CustomScene.swift */,
				9E9504D8230B3A1100256BA3 /* SettingsViewController.swift */,
				9E9504BF230B2C5400256BA3 /* Assets.xcassets */,
				9E9504CC230B2DFA00256BA3 /* SKSpriteNode+Utility.swift */,
				9E9504CE230B2E2000256BA3 /* Settings.swift */,
				9E9504C1230B2C5400256BA3 /* LaunchScreen.storyboard */,
				9E9504C4230B2C5400256BA3 /* Info.plist */,
			);
			path = Crabs;
			sourceTree = "<group>";
		};
/* End PBXGroup section */

/* Begin PBXNativeTarget section */
		9E9504B4230B2C5200256BA3 /* Crabs */ = {
			isa = PBXNativeTarget;
			buildConfigurationList = 9E9504C7230B2C5400256BA3 /* Build configuration list for PBXNativeTarget "Crabs" */;
			buildPhases = (
				9E9504B1230B2C5200256BA3 /* Sources */,
				9E9504B2230B2C5200256BA3 /* Frameworks */,
				9E9504B3230B2C5200256BA3 /* Resources */,
			);
			buildRules = (
			);
			dependencies = (
			);
			name = Crabs;
			productName = Crabs;
			productReference = 9E9504B5230B2C5200256BA3 /* Crabs.app */;
			productType = "com.apple.product-type.application";
		};
/* End PBXNativeTarget section */

/* Begin PBXProject section */
		9E9504AD230B2C5200256BA3 /* Project object */ = {
			isa = PBXProject;
			attributes = {
				LastSwiftUpdateCheck = 1030;
				LastUpgradeCheck = 1030;
				ORGANIZATIONNAME = "William Chen";
				TargetAttributes = {
					9E9504B4230B2C5200256BA3 = {
						CreatedOnToolsVersion = 10.3;
					};
				};
			};
			buildConfigurationList = 9E9504B0230B2C5200256BA3 /* Build configuration list for PBXProject "Crabs" */;
			compatibilityVersion = "Xcode 9.3";
			developmentRegion = en;
			hasScannedForEncodings = 0;
			knownRegions = (
				en,
				Base,
			);
			mainGroup = 9E9504AC230B2C5200256BA3;
			productRefGroup = 9E9504B6230B2C5200256BA3 /* Products */;
			projectDirPath = "";
			projectRoot = "";
			targets = (
				9E9504B4230B2C5200256BA3 /* Crabs */,
			);
		};
/* End PBXProject section */

/* Begin PBXResourcesBuildPhase section */
		9E9504B3230B2C5200256BA3 /* Resources */ = {
			isa = PBXResourcesBuildPhase;
			buildActionMask = 2147483647;
			files = (
				9E9504C3230B2C5400256BA3 /* LaunchScreen.storyboard in Resources */,
				9E9504CB230B2D1000256BA3 /* Crab.xcassets in Resources */,
				9E9504C0230B2C5400256BA3 /* Assets.xcassets in Resources */,
				9E9504BE230B2C5200256BA3 /* Main.storyboard in Resources */,
			);
			runOnlyForDeploymentPostprocessing = 0;
		};
/* End PBXResourcesBuildPhase section */

/* Begin PBXSourcesBuildPhase section */
		9E9504B1230B2C5200256BA3 /* Sources */ = {
			isa = PBXSourcesBuildPhase;
			buildActionMask = 2147483647;
			files = (
				9E9504DD230B5B1700256BA3 /* GamesViewController.swift in Sources */,
				9E9504CF230B2E2000256BA3 /* Settings.swift in Sources */,
				9E9504B9230B2C5200256BA3 /* AppDelegate.swift in Sources */,
				9E9504CD230B2DFA00256BA3 /* SKSpriteNode+Utility.swift in Sources */,
				9E9504D7230B39FA00256BA3 /* InfoViewController.swift in Sources */,
				9E9504DB230B4C8800256BA3 /* CustomScene.swift in Sources */,
				9E9504D9230B3A1100256BA3 /* SettingsViewController.swift in Sources */,
			);
			runOnlyForDeploymentPostprocessing = 0;
		};
/* End PBXSourcesBuildPhase section */

/* Begin PBXVariantGroup section */
		9E9504BC230B2C5200256BA3 /* Main.storyboard */ = {
			isa = PBXVariantGroup;
			children = (
				9E9504BD230B2C5200256BA3 /* Base */,
			);
			name = Main.storyboard;
			sourceTree = "<group>";
		};
		9E9504C1230B2C5400256BA3 /* LaunchScreen.storyboard */ = {
			isa = PBXVariantGroup;
			children = (
				9E9504C2230B2C5400256BA3 /* Base */,
			);
			name = LaunchScreen.storyboard;
			sourceTree = "<group>";
		};
/* End PBXVariantGroup section */

/* Begin XCBuildConfiguration section */
		9E9504C5230B2C5400256BA3 /* Debug */ = {
			isa = XCBuildConfiguration;
			buildSettings = {
				ALWAYS_SEARCH_USER_PATHS = NO;
				CLANG_ANALYZER_NONNULL = YES;
				CLANG_ANALYZER_NUMBER_OBJECT_CONVERSION = YES_AGGRESSIVE;
				CLANG_CXX_LANGUAGE_STANDARD = "gnu++14";
				CLANG_CXX_LIBRARY = "libc++";
				CLANG_ENABLE_MODULES = YES;
				CLANG_ENABLE_OBJC_ARC = YES;
				CLANG_ENABLE_OBJC_WEAK = YES;
				CLANG_WARN_BLOCK_CAPTURE_AUTORELEASING = YES;
				CLANG_WARN_BOOL_CONVERSION = YES;
				CLANG_WARN_COMMA = YES;
				CLANG_WARN_CONSTANT_CONVERSION = YES;
				CLANG_WARN_DEPRECATED_OBJC_IMPLEMENTATIONS = YES;
				CLANG_WARN_DIRECT_OBJC_ISA_USAGE = YES_ERROR;
				CLANG_WARN_DOCUMENTATION_COMMENTS = YES;
				CLANG_WARN_EMPTY_BODY = YES;
				CLANG_WARN_ENUM_CONVERSION = YES;
				CLANG_WARN_INFINITE_RECURSION = YES;
				CLANG_WARN_INT_CONVERSION = YES;
				CLANG_WARN_NON_LITERAL_NULL_CONVERSION = YES;
				CLANG_WARN_OBJC_IMPLICIT_RETAIN_SELF = YES;
				CLANG_WARN_OBJC_LITERAL_CONVERSION = YES;
				CLANG_WARN_OBJC_ROOT_CLASS = YES_ERROR;
				CLANG_WARN_RANGE_LOOP_ANALYSIS = YES;
				CLANG_WARN_STRICT_PROTOTYPES = YES;
				CLANG_WARN_SUSPICIOUS_MOVE = YES;
				CLANG_WARN_UNGUARDED_AVAILABILITY = YES_AGGRESSIVE;
				CLANG_WARN_UNREACHABLE_CODE = YES;
				CLANG_WARN__DUPLICATE_METHOD_MATCH = YES;
				CODE_SIGN_IDENTITY = "iPhone Developer";
				COPY_PHASE_STRIP = NO;
				DEBUG_INFORMATION_FORMAT = dwarf;
				ENABLE_STRICT_OBJC_MSGSEND = YES;
				ENABLE_TESTABILITY = YES;
				GCC_C_LANGUAGE_STANDARD = gnu11;
				GCC_DYNAMIC_NO_PIC = NO;
				GCC_NO_COMMON_BLOCKS = YES;
				GCC_OPTIMIZATION_LEVEL = 0;
				GCC_PREPROCESSOR_DEFINITIONS = (
					"DEBUG=1",
					"$(inherited)",
				);
				GCC_WARN_64_TO_32_BIT_CONVERSION = YES;
				GCC_WARN_ABOUT_RETURN_TYPE = YES_ERROR;
				GCC_WARN_UNDECLARED_SELECTOR = YES;
				GCC_WARN_UNINITIALIZED_AUTOS = YES_AGGRESSIVE;
				GCC_WARN_UNUSED_FUNCTION = YES;
				GCC_WARN_UNUSED_VARIABLE = YES;
				IPHONEOS_DEPLOYMENT_TARGET = 12.4;
				MTL_ENABLE_DEBUG_INFO = INCLUDE_SOURCE;
				MTL_FAST_MATH = YES;
				ONLY_ACTIVE_ARCH = YES;
				SDKROOT = iphoneos;
				SWIFT_ACTIVE_COMPILATION_CONDITIONS = DEBUG;
				SWIFT_OPTIMIZATION_LEVEL = "-Onone";
			};
			name = Debug;
		};
		9E9504C6230B2C5400256BA3 /* Release */ = {
			isa = XCBuildConfiguration;
			buildSettings = {
				ALWAYS_SEARCH_USER_PATHS = NO;
				CLANG_ANALYZER_NONNULL = YES;
				CLANG_ANALYZER_NUMBER_OBJECT_CONVERSION = YES_AGGRESSIVE;
				CLANG_CXX_LANGUAGE_STANDARD = "gnu++14";
				CLANG_CXX_LIBRARY = "libc++";
				CLANG_ENABLE_MODULES = YES;
				CLANG_ENABLE_OBJC_ARC = YES;
				CLANG_ENABLE_OBJC_WEAK = YES;
				CLANG_WARN_BLOCK_CAPTURE_AUTORELEASING = YES;
				CLANG_WARN_BOOL_CONVERSION = YES;
				CLANG_WARN_COMMA = YES;
				CLANG_WARN_CONSTANT_CONVERSION = YES;
				CLANG_WARN_DEPRECATED_OBJC_IMPLEMENTATIONS = YES;
				CLANG_WARN_DIRECT_OBJC_ISA_USAGE = YES_ERROR;
				CLANG_WARN_DOCUMENTATION_COMMENTS = YES;
				CLANG_WARN_EMPTY_BODY = YES;
				CLANG_WARN_ENUM_CONVERSION = YES;
				CLANG_WARN_INFINITE_RECURSION = YES;
				CLANG_WARN_INT_CONVERSION = YES;
				CLANG_WARN_NON_LITERAL_NULL_CONVERSION = YES;
				CLANG_WARN_OBJC_IMPLICIT_RETAIN_SELF = YES;
				CLANG_WARN_OBJC_LITERAL_CONVERSION = YES;
				CLANG_WARN_OBJC_ROOT_CLASS = YES_ERROR;
				CLANG_WARN_RANGE_LOOP_ANALYSIS = YES;
				CLANG_WARN_STRICT_PROTOTYPES = YES;
				CLANG_WARN_SUSPICIOUS_MOVE = YES;
				CLANG_WARN_UNGUARDED_AVAILABILITY = YES_AGGRESSIVE;
				CLANG_WARN_UNREACHABLE_CODE = YES;
				CLANG_WARN__DUPLICATE_METHOD_MATCH = YES;
				CODE_SIGN_IDENTITY = "iPhone Developer";
				COPY_PHASE_STRIP = NO;
				DEBUG_INFORMATION_FORMAT = "dwarf-with-dsym";
				ENABLE_NS_ASSERTIONS = NO;
				ENABLE_STRICT_OBJC_MSGSEND = YES;
				GCC_C_LANGUAGE_STANDARD = gnu11;
				GCC_NO_COMMON_BLOCKS = YES;
				GCC_WARN_64_TO_32_BIT_CONVERSION = YES;
				GCC_WARN_ABOUT_RETURN_TYPE = YES_ERROR;
				GCC_WARN_UNDECLARED_SELECTOR = YES;
				GCC_WARN_UNINITIALIZED_AUTOS = YES_AGGRESSIVE;
				GCC_WARN_UNUSED_FUNCTION = YES;
				GCC_WARN_UNUSED_VARIABLE = YES;
				IPHONEOS_DEPLOYMENT_TARGET = 12.4;
				MTL_ENABLE_DEBUG_INFO = NO;
				MTL_FAST_MATH = YES;
				SDKROOT = iphoneos;
				SWIFT_COMPILATION_MODE = wholemodule;
				SWIFT_OPTIMIZATION_LEVEL = "-O";
				VALIDATE_PRODUCT = YES;
			};
			name = Release;
		};
		9E9504C8230B2C5400256BA3 /* Debug */ = {
			isa = XCBuildConfiguration;
			buildSettings = {
				ASSETCATALOG_COMPILER_APPICON_NAME = AppIcon;
				CODE_SIGN_STYLE = Automatic;
				INFOPLIST_FILE = Crabs/Info.plist;
				LD_RUNPATH_SEARCH_PATHS = (
					"$(inherited)",
					"@executable_path/Frameworks",
				);
				PRODUCT_BUNDLE_IDENTIFIER = Lambda.Crabs;
				PRODUCT_NAME = "$(TARGET_NAME)";
				SWIFT_VERSION = 5.0;
				TARGETED_DEVICE_FAMILY = "1,2";
			};
			name = Debug;
		};
		9E9504C9230B2C5400256BA3 /* Release */ = {
			isa = XCBuildConfiguration;
			buildSettings = {
				ASSETCATALOG_COMPILER_APPICON_NAME = AppIcon;
				CODE_SIGN_STYLE = Automatic;
				INFOPLIST_FILE = Crabs/Info.plist;
				LD_RUNPATH_SEARCH_PATHS = (
					"$(inherited)",
					"@executable_path/Frameworks",
				);
				PRODUCT_BUNDLE_IDENTIFIER = Lambda.Crabs;
				PRODUCT_NAME = "$(TARGET_NAME)";
				SWIFT_VERSION = 5.0;
				TARGETED_DEVICE_FAMILY = "1,2";
			};
			name = Release;
		};
/* End XCBuildConfiguration section */

/* Begin XCConfigurationList section */
		9E9504B0230B2C5200256BA3 /* Build configuration list for PBXProject "Crabs" */ = {
			isa = XCConfigurationList;
			buildConfigurations = (
				9E9504C5230B2C5400256BA3 /* Debug */,
				9E9504C6230B2C5400256BA3 /* Release */,
			);
			defaultConfigurationIsVisible = 0;
			defaultConfigurationName = Release;
		};
		9E9504C7230B2C5400256BA3 /* Build configuration list for PBXNativeTarget "Crabs" */ = {
			isa = XCConfigurationList;
			buildConfigurations = (
				9E9504C8230B2C5400256BA3 /* Debug */,
				9E9504C9230B2C5400256BA3 /* Release */,
			);
			defaultConfigurationIsVisible = 0;
			defaultConfigurationName = Release;
		};
/* End XCConfigurationList section */
	};
	rootObject = 9E9504AD230B2C5200256BA3 /* Project object */;
}
