// !$*UTF8*$!
{
	archiveVersion = 1;
	classes = {
	};
	objectVersion = 50;
	objects = {

/* Begin PBXBuildFile section */
		843920C1230B2E6000FF8BCB /* AppDelegate.swift in Sources */ = {isa = PBXBuildFile; fileRef = 843920C0230B2E6000FF8BCB /* AppDelegate.swift */; };
		843920C6230B2E6000FF8BCB /* Main.storyboard in Resources */ = {isa = PBXBuildFile; fileRef = 843920C4230B2E6000FF8BCB /* Main.storyboard */; };
		843920C8230B2E6400FF8BCB /* Assets.xcassets in Resources */ = {isa = PBXBuildFile; fileRef = 843920C7230B2E6400FF8BCB /* Assets.xcassets */; };
		843920CB230B2E6400FF8BCB /* LaunchScreen.storyboard in Resources */ = {isa = PBXBuildFile; fileRef = 843920C9230B2E6400FF8BCB /* LaunchScreen.storyboard */; };
		843920D3230B336200FF8BCB /* Crab.xcassets in Resources */ = {isa = PBXBuildFile; fileRef = 843920D2230B336100FF8BCB /* Crab.xcassets */; };
		843920D5230B33CE00FF8BCB /* SKSpriteNode+Utility.swift in Sources */ = {isa = PBXBuildFile; fileRef = 843920D4230B33CE00FF8BCB /* SKSpriteNode+Utility.swift */; };
		843920D7230B341A00FF8BCB /* Settings.swift in Sources */ = {isa = PBXBuildFile; fileRef = 843920D6230B341A00FF8BCB /* Settings.swift */; };
		843920D9230B370E00FF8BCB /* GameViewController.swift in Sources */ = {isa = PBXBuildFile; fileRef = 843920D8230B370E00FF8BCB /* GameViewController.swift */; };
		843920DB230B372400FF8BCB /* InfoViewController.swift in Sources */ = {isa = PBXBuildFile; fileRef = 843920DA230B372400FF8BCB /* InfoViewController.swift */; };
		843920DD230B373E00FF8BCB /* SettingsViewController.swift in Sources */ = {isa = PBXBuildFile; fileRef = 843920DC230B373E00FF8BCB /* SettingsViewController.swift */; };
		843920E0230B436B00FF8BCB /* CustomScene.swift in Sources */ = {isa = PBXBuildFile; fileRef = 843920DF230B436B00FF8BCB /* CustomScene.swift */; };
/* End PBXBuildFile section */

/* Begin PBXFileReference section */
		843920BD230B2E6000FF8BCB /* ContainedFlex.app */ = {isa = PBXFileReference; explicitFileType = wrapper.application; includeInIndex = 0; path = ContainedFlex.app; sourceTree = BUILT_PRODUCTS_DIR; };
		843920C0230B2E6000FF8BCB /* AppDelegate.swift */ = {isa = PBXFileReference; lastKnownFileType = sourcecode.swift; path = AppDelegate.swift; sourceTree = "<group>"; };
		843920C5230B2E6000FF8BCB /* Base */ = {isa = PBXFileReference; lastKnownFileType = file.storyboard; name = Base; path = Base.lproj/Main.storyboard; sourceTree = "<group>"; };
		843920C7230B2E6400FF8BCB /* Assets.xcassets */ = {isa = PBXFileReference; lastKnownFileType = folder.assetcatalog; path = Assets.xcassets; sourceTree = "<group>"; };
		843920CA230B2E6400FF8BCB /* Base */ = {isa = PBXFileReference; lastKnownFileType = file.storyboard; name = Base; path = Base.lproj/LaunchScreen.storyboard; sourceTree = "<group>"; };
		843920CC230B2E6400FF8BCB /* Info.plist */ = {isa = PBXFileReference; lastKnownFileType = text.plist.xml; path = Info.plist; sourceTree = "<group>"; };
		843920D2230B336100FF8BCB /* Crab.xcassets */ = {isa = PBXFileReference; lastKnownFileType = folder.assetcatalog; name = Crab.xcassets; path = ../../Crab.xcassets; sourceTree = "<group>"; };
		843920D4230B33CE00FF8BCB /* SKSpriteNode+Utility.swift */ = {isa = PBXFileReference; fileEncoding = 4; lastKnownFileType = sourcecode.swift; name = "SKSpriteNode+Utility.swift"; path = "../../SKSpriteNode+Utility.swift"; sourceTree = "<group>"; };
		843920D6230B341A00FF8BCB /* Settings.swift */ = {isa = PBXFileReference; lastKnownFileType = sourcecode.swift; path = Settings.swift; sourceTree = "<group>"; };
		843920D8230B370E00FF8BCB /* GameViewController.swift */ = {isa = PBXFileReference; lastKnownFileType = sourcecode.swift; path = GameViewController.swift; sourceTree = SOURCE_ROOT; };
		843920DA230B372400FF8BCB /* InfoViewController.swift */ = {isa = PBXFileReference; lastKnownFileType = sourcecode.swift; name = InfoViewController.swift; path = ../InfoViewController.swift; sourceTree = "<group>"; };
		843920DC230B373E00FF8BCB /* SettingsViewController.swift */ = {isa = PBXFileReference; lastKnownFileType = sourcecode.swift; path = SettingsViewController.swift; sourceTree = SOURCE_ROOT; };
		843920DF230B436B00FF8BCB /* CustomScene.swift */ = {isa = PBXFileReference; lastKnownFileType = sourcecode.swift; path = CustomScene.swift; sourceTree = "<group>"; };
/* End PBXFileReference section */

/* Begin PBXFrameworksBuildPhase section */
		843920BA230B2E6000FF8BCB /* Frameworks */ = {
			isa = PBXFrameworksBuildPhase;
			buildActionMask = 2147483647;
			files = (
			);
			runOnlyForDeploymentPostprocessing = 0;
		};
/* End PBXFrameworksBuildPhase section */

/* Begin PBXGroup section */
		843920B4230B2E6000FF8BCB = {
			isa = PBXGroup;
			children = (
				843920BF230B2E6000FF8BCB /* ContainedFlex */,
				843920BE230B2E6000FF8BCB /* Products */,
			);
			sourceTree = "<group>";
		};
		843920BE230B2E6000FF8BCB /* Products */ = {
			isa = PBXGroup;
			children = (
				843920BD230B2E6000FF8BCB /* ContainedFlex.app */,
			);
			name = Products;
			sourceTree = "<group>";
		};
		843920BF230B2E6000FF8BCB /* ContainedFlex */ = {
			isa = PBXGroup;
			children = (
				843920C0230B2E6000FF8BCB /* AppDelegate.swift */,
				843920D4230B33CE00FF8BCB /* SKSpriteNode+Utility.swift */,
				843920DE230B374A00FF8BCB /* New Group */,
				843920D6230B341A00FF8BCB /* Settings.swift */,
				843920DF230B436B00FF8BCB /* CustomScene.swift */,
				843920C4230B2E6000FF8BCB /* Main.storyboard */,
				843920C7230B2E6400FF8BCB /* Assets.xcassets */,
				843920C9230B2E6400FF8BCB /* LaunchScreen.storyboard */,
				843920CC230B2E6400FF8BCB /* Info.plist */,
				843920D2230B336100FF8BCB /* Crab.xcassets */,
			);
			path = ContainedFlex;
			sourceTree = "<group>";
		};
		843920DE230B374A00FF8BCB /* New Group */ = {
			isa = PBXGroup;
			children = (
				843920D8230B370E00FF8BCB /* GameViewController.swift */,
				843920DA230B372400FF8BCB /* InfoViewController.swift */,
				843920DC230B373E00FF8BCB /* SettingsViewController.swift */,
			);
			path = "New Group";
			sourceTree = "<group>";
		};
/* End PBXGroup section */

/* Begin PBXNativeTarget section */
		843920BC230B2E6000FF8BCB /* ContainedFlex */ = {
			isa = PBXNativeTarget;
			buildConfigurationList = 843920CF230B2E6400FF8BCB /* Build configuration list for PBXNativeTarget "ContainedFlex" */;
			buildPhases = (
				843920B9230B2E6000FF8BCB /* Sources */,
				843920BA230B2E6000FF8BCB /* Frameworks */,
				843920BB230B2E6000FF8BCB /* Resources */,
			);
			buildRules = (
			);
			dependencies = (
			);
			name = ContainedFlex;
			productName = ContainedFlex;
			productReference = 843920BD230B2E6000FF8BCB /* ContainedFlex.app */;
			productType = "com.apple.product-type.application";
		};
/* End PBXNativeTarget section */

/* Begin PBXProject section */
		843920B5230B2E6000FF8BCB /* Project object */ = {
			isa = PBXProject;
			attributes = {
				LastSwiftUpdateCheck = 1030;
				LastUpgradeCheck = 1030;
				ORGANIZATIONNAME = admin;
				TargetAttributes = {
					843920BC230B2E6000FF8BCB = {
						CreatedOnToolsVersion = 10.3;
					};
				};
			};
			buildConfigurationList = 843920B8230B2E6000FF8BCB /* Build configuration list for PBXProject "ContainedFlex" */;
			compatibilityVersion = "Xcode 9.3";
			developmentRegion = en;
			hasScannedForEncodings = 0;
			knownRegions = (
				en,
				Base,
			);
			mainGroup = 843920B4230B2E6000FF8BCB;
			productRefGroup = 843920BE230B2E6000FF8BCB /* Products */;
			projectDirPath = "";
			projectRoot = "";
			targets = (
				843920BC230B2E6000FF8BCB /* ContainedFlex */,
			);
		};
/* End PBXProject section */

/* Begin PBXResourcesBuildPhase section */
		843920BB230B2E6000FF8BCB /* Resources */ = {
			isa = PBXResourcesBuildPhase;
			buildActionMask = 2147483647;
			files = (
				843920CB230B2E6400FF8BCB /* LaunchScreen.storyboard in Resources */,
				843920D3230B336200FF8BCB /* Crab.xcassets in Resources */,
				843920C8230B2E6400FF8BCB /* Assets.xcassets in Resources */,
				843920C6230B2E6000FF8BCB /* Main.storyboard in Resources */,
			);
			runOnlyForDeploymentPostprocessing = 0;
		};
/* End PBXResourcesBuildPhase section */

/* Begin PBXSourcesBuildPhase section */
		843920B9230B2E6000FF8BCB /* Sources */ = {
			isa = PBXSourcesBuildPhase;
			buildActionMask = 2147483647;
			files = (
				843920D9230B370E00FF8BCB /* GameViewController.swift in Sources */,
				843920D7230B341A00FF8BCB /* Settings.swift in Sources */,
				843920C1230B2E6000FF8BCB /* AppDelegate.swift in Sources */,
				843920D5230B33CE00FF8BCB /* SKSpriteNode+Utility.swift in Sources */,
				843920E0230B436B00FF8BCB /* CustomScene.swift in Sources */,
				843920DB230B372400FF8BCB /* InfoViewController.swift in Sources */,
				843920DD230B373E00FF8BCB /* SettingsViewController.swift in Sources */,
			);
			runOnlyForDeploymentPostprocessing = 0;
		};
/* End PBXSourcesBuildPhase section */

/* Begin PBXVariantGroup section */
		843920C4230B2E6000FF8BCB /* Main.storyboard */ = {
			isa = PBXVariantGroup;
			children = (
				843920C5230B2E6000FF8BCB /* Base */,
			);
			name = Main.storyboard;
			sourceTree = "<group>";
		};
		843920C9230B2E6400FF8BCB /* LaunchScreen.storyboard */ = {
			isa = PBXVariantGroup;
			children = (
				843920CA230B2E6400FF8BCB /* Base */,
			);
			name = LaunchScreen.storyboard;
			sourceTree = "<group>";
		};
/* End PBXVariantGroup section */

/* Begin XCBuildConfiguration section */
		843920CD230B2E6400FF8BCB /* Debug */ = {
			isa = XCBuildConfiguration;
			buildSettings = {
				ALWAYS_SEARCH_USER_PATHS = NO;
				CLANG_ANALYZER_NONNULL = YES;
				CLANG_ANALYZER_NUMBER_OBJECT_CONVERSION = YES_AGGRESSIVE;
				CLANG_CXX_LANGUAGE_STANDARD = "gnu++14";
				CLANG_CXX_LIBRARY = "libc++";
				CLANG_ENABLE_MODULES = YES;
				CLANG_ENABLE_OBJC_ARC = YES;
				CLANG_ENABLE_OBJC_WEAK = YES;
				CLANG_WARN_BLOCK_CAPTURE_AUTORELEASING = YES;
				CLANG_WARN_BOOL_CONVERSION = YES;
				CLANG_WARN_COMMA = YES;
				CLANG_WARN_CONSTANT_CONVERSION = YES;
				CLANG_WARN_DEPRECATED_OBJC_IMPLEMENTATIONS = YES;
				CLANG_WARN_DIRECT_OBJC_ISA_USAGE = YES_ERROR;
				CLANG_WARN_DOCUMENTATION_COMMENTS = YES;
				CLANG_WARN_EMPTY_BODY = YES;
				CLANG_WARN_ENUM_CONVERSION = YES;
				CLANG_WARN_INFINITE_RECURSION = YES;
				CLANG_WARN_INT_CONVERSION = YES;
				CLANG_WARN_NON_LITERAL_NULL_CONVERSION = YES;
				CLANG_WARN_OBJC_IMPLICIT_RETAIN_SELF = YES;
				CLANG_WARN_OBJC_LITERAL_CONVERSION = YES;
				CLANG_WARN_OBJC_ROOT_CLASS = YES_ERROR;
				CLANG_WARN_RANGE_LOOP_ANALYSIS = YES;
				CLANG_WARN_STRICT_PROTOTYPES = YES;
				CLANG_WARN_SUSPICIOUS_MOVE = YES;
				CLANG_WARN_UNGUARDED_AVAILABILITY = YES_AGGRESSIVE;
				CLANG_WARN_UNREACHABLE_CODE = YES;
				CLANG_WARN__DUPLICATE_METHOD_MATCH = YES;
				CODE_SIGN_IDENTITY = "iPhone Developer";
				COPY_PHASE_STRIP = NO;
				DEBUG_INFORMATION_FORMAT = dwarf;
				ENABLE_STRICT_OBJC_MSGSEND = YES;
				ENABLE_TESTABILITY = YES;
				GCC_C_LANGUAGE_STANDARD = gnu11;
				GCC_DYNAMIC_NO_PIC = NO;
				GCC_NO_COMMON_BLOCKS = YES;
				GCC_OPTIMIZATION_LEVEL = 0;
				GCC_PREPROCESSOR_DEFINITIONS = (
					"DEBUG=1",
					"$(inherited)",
				);
				GCC_WARN_64_TO_32_BIT_CONVERSION = YES;
				GCC_WARN_ABOUT_RETURN_TYPE = YES_ERROR;
				GCC_WARN_UNDECLARED_SELECTOR = YES;
				GCC_WARN_UNINITIALIZED_AUTOS = YES_AGGRESSIVE;
				GCC_WARN_UNUSED_FUNCTION = YES;
				GCC_WARN_UNUSED_VARIABLE = YES;
				IPHONEOS_DEPLOYMENT_TARGET = 12.4;
				MTL_ENABLE_DEBUG_INFO = INCLUDE_SOURCE;
				MTL_FAST_MATH = YES;
				ONLY_ACTIVE_ARCH = YES;
				SDKROOT = iphoneos;
				SWIFT_ACTIVE_COMPILATION_CONDITIONS = DEBUG;
				SWIFT_OPTIMIZATION_LEVEL = "-Onone";
			};
			name = Debug;
		};
		843920CE230B2E6400FF8BCB /* Release */ = {
			isa = XCBuildConfiguration;
			buildSettings = {
				ALWAYS_SEARCH_USER_PATHS = NO;
				CLANG_ANALYZER_NONNULL = YES;
				CLANG_ANALYZER_NUMBER_OBJECT_CONVERSION = YES_AGGRESSIVE;
				CLANG_CXX_LANGUAGE_STANDARD = "gnu++14";
				CLANG_CXX_LIBRARY = "libc++";
				CLANG_ENABLE_MODULES = YES;
				CLANG_ENABLE_OBJC_ARC = YES;
				CLANG_ENABLE_OBJC_WEAK = YES;
				CLANG_WARN_BLOCK_CAPTURE_AUTORELEASING = YES;
				CLANG_WARN_BOOL_CONVERSION = YES;
				CLANG_WARN_COMMA = YES;
				CLANG_WARN_CONSTANT_CONVERSION = YES;
				CLANG_WARN_DEPRECATED_OBJC_IMPLEMENTATIONS = YES;
				CLANG_WARN_DIRECT_OBJC_ISA_USAGE = YES_ERROR;
				CLANG_WARN_DOCUMENTATION_COMMENTS = YES;
				CLANG_WARN_EMPTY_BODY = YES;
				CLANG_WARN_ENUM_CONVERSION = YES;
				CLANG_WARN_INFINITE_RECURSION = YES;
				CLANG_WARN_INT_CONVERSION = YES;
				CLANG_WARN_NON_LITERAL_NULL_CONVERSION = YES;
				CLANG_WARN_OBJC_IMPLICIT_RETAIN_SELF = YES;
				CLANG_WARN_OBJC_LITERAL_CONVERSION = YES;
				CLANG_WARN_OBJC_ROOT_CLASS = YES_ERROR;
				CLANG_WARN_RANGE_LOOP_ANALYSIS = YES;
				CLANG_WARN_STRICT_PROTOTYPES = YES;
				CLANG_WARN_SUSPICIOUS_MOVE = YES;
				CLANG_WARN_UNGUARDED_AVAILABILITY = YES_AGGRESSIVE;
				CLANG_WARN_UNREACHABLE_CODE = YES;
				CLANG_WARN__DUPLICATE_METHOD_MATCH = YES;
				CODE_SIGN_IDENTITY = "iPhone Developer";
				COPY_PHASE_STRIP = NO;
				DEBUG_INFORMATION_FORMAT = "dwarf-with-dsym";
				ENABLE_NS_ASSERTIONS = NO;
				ENABLE_STRICT_OBJC_MSGSEND = YES;
				GCC_C_LANGUAGE_STANDARD = gnu11;
				GCC_NO_COMMON_BLOCKS = YES;
				GCC_WARN_64_TO_32_BIT_CONVERSION = YES;
				GCC_WARN_ABOUT_RETURN_TYPE = YES_ERROR;
				GCC_WARN_UNDECLARED_SELECTOR = YES;
				GCC_WARN_UNINITIALIZED_AUTOS = YES_AGGRESSIVE;
				GCC_WARN_UNUSED_FUNCTION = YES;
				GCC_WARN_UNUSED_VARIABLE = YES;
				IPHONEOS_DEPLOYMENT_TARGET = 12.4;
				MTL_ENABLE_DEBUG_INFO = NO;
				MTL_FAST_MATH = YES;
				SDKROOT = iphoneos;
				SWIFT_COMPILATION_MODE = wholemodule;
				SWIFT_OPTIMIZATION_LEVEL = "-O";
				VALIDATE_PRODUCT = YES;
			};
			name = Release;
		};
		843920D0230B2E6400FF8BCB /* Debug */ = {
			isa = XCBuildConfiguration;
			buildSettings = {
				ASSETCATALOG_COMPILER_APPICON_NAME = AppIcon;
				CODE_SIGN_STYLE = Automatic;
				INFOPLIST_FILE = ContainedFlex/Info.plist;
				LD_RUNPATH_SEARCH_PATHS = (
					"$(inherited)",
					"@executable_path/Frameworks",
				);
				PRODUCT_BUNDLE_IDENTIFIER = jerry.ContainedFlex;
				PRODUCT_NAME = "$(TARGET_NAME)";
				SWIFT_VERSION = 5.0;
				TARGETED_DEVICE_FAMILY = "1,2";
			};
			name = Debug;
		};
		843920D1230B2E6400FF8BCB /* Release */ = {
			isa = XCBuildConfiguration;
			buildSettings = {
				ASSETCATALOG_COMPILER_APPICON_NAME = AppIcon;
				CODE_SIGN_STYLE = Automatic;
				INFOPLIST_FILE = ContainedFlex/Info.plist;
				LD_RUNPATH_SEARCH_PATHS = (
					"$(inherited)",
					"@executable_path/Frameworks",
				);
				PRODUCT_BUNDLE_IDENTIFIER = jerry.ContainedFlex;
				PRODUCT_NAME = "$(TARGET_NAME)";
				SWIFT_VERSION = 5.0;
				TARGETED_DEVICE_FAMILY = "1,2";
			};
			name = Release;
		};
/* End XCBuildConfiguration section */

/* Begin XCConfigurationList section */
		843920B8230B2E6000FF8BCB /* Build configuration list for PBXProject "ContainedFlex" */ = {
			isa = XCConfigurationList;
			buildConfigurations = (
				843920CD230B2E6400FF8BCB /* Debug */,
				843920CE230B2E6400FF8BCB /* Release */,
			);
			defaultConfigurationIsVisible = 0;
			defaultConfigurationName = Release;
		};
		843920CF230B2E6400FF8BCB /* Build configuration list for PBXNativeTarget "ContainedFlex" */ = {
			isa = XCConfigurationList;
			buildConfigurations = (
				843920D0230B2E6400FF8BCB /* Debug */,
				843920D1230B2E6400FF8BCB /* Release */,
			);
			defaultConfigurationIsVisible = 0;
			defaultConfigurationName = Release;
		};
/* End XCConfigurationList section */
	};
	rootObject = 843920B5230B2E6000FF8BCB /* Project object */;
}
