// !$*UTF8*$!
{
	archiveVersion = 1;
	classes = {
	};
	objectVersion = 50;
	objects = {

/* Begin PBXBuildFile section */
		8449868E22E644B7000D7C83 /* AppDelegate.swift in Sources */ = {isa = PBXBuildFile; fileRef = 8449868D22E644B7000D7C83 /* AppDelegate.swift */; };
		8449869322E644B7000D7C83 /* Main.storyboard in Resources */ = {isa = PBXBuildFile; fileRef = 8449869122E644B7000D7C83 /* Main.storyboard */; };
		8449869522E644BC000D7C83 /* Assets.xcassets in Resources */ = {isa = PBXBuildFile; fileRef = 8449869422E644BC000D7C83 /* Assets.xcassets */; };
		8449869822E644BC000D7C83 /* LaunchScreen.storyboard in Resources */ = {isa = PBXBuildFile; fileRef = 8449869622E644BC000D7C83 /* LaunchScreen.storyboard */; };
		844986A022E64747000D7C83 /* Art in Resources */ = {isa = PBXBuildFile; fileRef = 8449869F22E64747000D7C83 /* Art */; };
		844986A222E64763000D7C83 /* Crab.xcassets in Resources */ = {isa = PBXBuildFile; fileRef = 844986A122E64763000D7C83 /* Crab.xcassets */; };
		844986A422E64773000D7C83 /* SKSpriteNode+Utility.swift in Sources */ = {isa = PBXBuildFile; fileRef = 844986A322E64772000D7C83 /* SKSpriteNode+Utility.swift */; };
		844986A622E647D0000D7C83 /* Settings.swift in Sources */ = {isa = PBXBuildFile; fileRef = 844986A522E647D0000D7C83 /* Settings.swift */; };
/* End PBXBuildFile section */

/* Begin PBXFileReference section */
		8449868A22E644B7000D7C83 /* Contained.app */ = {isa = PBXFileReference; explicitFileType = wrapper.application; includeInIndex = 0; path = Contained.app; sourceTree = BUILT_PRODUCTS_DIR; };
		8449868D22E644B7000D7C83 /* AppDelegate.swift */ = {isa = PBXFileReference; lastKnownFileType = sourcecode.swift; path = AppDelegate.swift; sourceTree = "<group>"; };
		8449869222E644B7000D7C83 /* Base */ = {isa = PBXFileReference; lastKnownFileType = file.storyboard; name = Base; path = Base.lproj/Main.storyboard; sourceTree = "<group>"; };
		8449869422E644BC000D7C83 /* Assets.xcassets */ = {isa = PBXFileReference; lastKnownFileType = folder.assetcatalog; path = Assets.xcassets; sourceTree = "<group>"; };
		8449869722E644BC000D7C83 /* Base */ = {isa = PBXFileReference; lastKnownFileType = file.storyboard; name = Base; path = Base.lproj/LaunchScreen.storyboard; sourceTree = "<group>"; };
		8449869922E644BC000D7C83 /* Info.plist */ = {isa = PBXFileReference; lastKnownFileType = text.plist.xml; path = Info.plist; sourceTree = "<group>"; };
		8449869F22E64747000D7C83 /* Art */ = {isa = PBXFileReference; lastKnownFileType = folder; path = Art; sourceTree = "<group>"; };
		844986A122E64763000D7C83 /* Crab.xcassets */ = {isa = PBXFileReference; lastKnownFileType = folder.assetcatalog; name = Crab.xcassets; path = ../../Crab.xcassets; sourceTree = "<group>"; };
		844986A322E64772000D7C83 /* SKSpriteNode+Utility.swift */ = {isa = PBXFileReference; fileEncoding = 4; lastKnownFileType = sourcecode.swift; name = "SKSpriteNode+Utility.swift"; path = "../../SKSpriteNode+Utility.swift"; sourceTree = "<group>"; };
		844986A522E647D0000D7C83 /* Settings.swift */ = {isa = PBXFileReference; lastKnownFileType = sourcecode.swift; path = Settings.swift; sourceTree = "<group>"; };
/* End PBXFileReference section */

/* Begin PBXFrameworksBuildPhase section */
		8449868722E644B7000D7C83 /* Frameworks */ = {
			isa = PBXFrameworksBuildPhase;
			buildActionMask = 2147483647;
			files = (
			);
			runOnlyForDeploymentPostprocessing = 0;
		};
/* End PBXFrameworksBuildPhase section */

/* Begin PBXGroup section */
		8449868122E644B7000D7C83 = {
			isa = PBXGroup;
			children = (
				8449868C22E644B7000D7C83 /* Contained */,
				8449869F22E64747000D7C83 /* Art */,
				8449868B22E644B7000D7C83 /* Products */,
			);
			sourceTree = "<group>";
		};
		8449868B22E644B7000D7C83 /* Products */ = {
			isa = PBXGroup;
			children = (
				8449868A22E644B7000D7C83 /* Contained.app */,
			);
			name = Products;
			sourceTree = "<group>";
		};
		8449868C22E644B7000D7C83 /* Contained */ = {
			isa = PBXGroup;
			children = (
				8449868D22E644B7000D7C83 /* AppDelegate.swift */,
				8449869122E644B7000D7C83 /* Main.storyboard */,
				844986A322E64772000D7C83 /* SKSpriteNode+Utility.swift */,
				844986A122E64763000D7C83 /* Crab.xcassets */,
				8449869422E644BC000D7C83 /* Assets.xcassets */,
				8449869622E644BC000D7C83 /* LaunchScreen.storyboard */,
				8449869922E644BC000D7C83 /* Info.plist */,
				844986A522E647D0000D7C83 /* Settings.swift */,
			);
			path = Contained;
			sourceTree = "<group>";
		};
/* End PBXGroup section */

/* Begin PBXNativeTarget section */
		8449868922E644B7000D7C83 /* Contained */ = {
			isa = PBXNativeTarget;
			buildConfigurationList = 8449869C22E644BC000D7C83 /* Build configuration list for PBXNativeTarget "Contained" */;
			buildPhases = (
				8449868622E644B7000D7C83 /* Sources */,
				8449868722E644B7000D7C83 /* Frameworks */,
				8449868822E644B7000D7C83 /* Resources */,
			);
			buildRules = (
			);
			dependencies = (
			);
			name = Contained;
			productName = Contained;
			productReference = 8449868A22E644B7000D7C83 /* Contained.app */;
			productType = "com.apple.product-type.application";
		};
/* End PBXNativeTarget section */

/* Begin PBXProject section */
		8449868222E644B7000D7C83 /* Project object */ = {
			isa = PBXProject;
			attributes = {
				LastSwiftUpdateCheck = 1020;
				LastUpgradeCheck = 1020;
				ORGANIZATIONNAME = admin;
				TargetAttributes = {
					8449868922E644B7000D7C83 = {
						CreatedOnToolsVersion = 10.2.1;
					};
				};
			};
			buildConfigurationList = 8449868522E644B7000D7C83 /* Build configuration list for PBXProject "Contained" */;
			compatibilityVersion = "Xcode 9.3";
			developmentRegion = en;
			hasScannedForEncodings = 0;
			knownRegions = (
				en,
				Base,
			);
			mainGroup = 8449868122E644B7000D7C83;
			productRefGroup = 8449868B22E644B7000D7C83 /* Products */;
			projectDirPath = "";
			projectRoot = "";
			targets = (
				8449868922E644B7000D7C83 /* Contained */,
			);
		};
/* End PBXProject section */

/* Begin PBXResourcesBuildPhase section */
		8449868822E644B7000D7C83 /* Resources */ = {
			isa = PBXResourcesBuildPhase;
			buildActionMask = 2147483647;
			files = (
				8449869822E644BC000D7C83 /* LaunchScreen.storyboard in Resources */,
				8449869522E644BC000D7C83 /* Assets.xcassets in Resources */,
				844986A022E64747000D7C83 /* Art in Resources */,
				8449869322E644B7000D7C83 /* Main.storyboard in Resources */,
				844986A222E64763000D7C83 /* Crab.xcassets in Resources */,
			);
			runOnlyForDeploymentPostprocessing = 0;
		};
/* End PBXResourcesBuildPhase section */

/* Begin PBXSourcesBuildPhase section */
		8449868622E644B7000D7C83 /* Sources */ = {
			isa = PBXSourcesBuildPhase;
			buildActionMask = 2147483647;
			files = (
				844986A622E647D0000D7C83 /* Settings.swift in Sources */,
				8449868E22E644B7000D7C83 /* AppDelegate.swift in Sources */,
				844986A422E64773000D7C83 /* SKSpriteNode+Utility.swift in Sources */,
			);
			runOnlyForDeploymentPostprocessing = 0;
		};
/* End PBXSourcesBuildPhase section */

/* Begin PBXVariantGroup section */
		8449869122E644B7000D7C83 /* Main.storyboard */ = {
			isa = PBXVariantGroup;
			children = (
				8449869222E644B7000D7C83 /* Base */,
			);
			name = Main.storyboard;
			sourceTree = "<group>";
		};
		8449869622E644BC000D7C83 /* LaunchScreen.storyboard */ = {
			isa = PBXVariantGroup;
			children = (
				8449869722E644BC000D7C83 /* Base */,
			);
			name = LaunchScreen.storyboard;
			sourceTree = "<group>";
		};
/* End PBXVariantGroup section */

/* Begin XCBuildConfiguration section */
		8449869A22E644BC000D7C83 /* Debug */ = {
			isa = XCBuildConfiguration;
			buildSettings = {
				ALWAYS_SEARCH_USER_PATHS = NO;
				CLANG_ANALYZER_NONNULL = YES;
				CLANG_ANALYZER_NUMBER_OBJECT_CONVERSION = YES_AGGRESSIVE;
				CLANG_CXX_LANGUAGE_STANDARD = "gnu++14";
				CLANG_CXX_LIBRARY = "libc++";
				CLANG_ENABLE_MODULES = YES;
				CLANG_ENABLE_OBJC_ARC = YES;
				CLANG_ENABLE_OBJC_WEAK = YES;
				CLANG_WARN_BLOCK_CAPTURE_AUTORELEASING = YES;
				CLANG_WARN_BOOL_CONVERSION = YES;
				CLANG_WARN_COMMA = YES;
				CLANG_WARN_CONSTANT_CONVERSION = YES;
				CLANG_WARN_DEPRECATED_OBJC_IMPLEMENTATIONS = YES;
				CLANG_WARN_DIRECT_OBJC_ISA_USAGE = YES_ERROR;
				CLANG_WARN_DOCUMENTATION_COMMENTS = YES;
				CLANG_WARN_EMPTY_BODY = YES;
				CLANG_WARN_ENUM_CONVERSION = YES;
				CLANG_WARN_INFINITE_RECURSION = YES;
				CLANG_WARN_INT_CONVERSION = YES;
				CLANG_WARN_NON_LITERAL_NULL_CONVERSION = YES;
				CLANG_WARN_OBJC_IMPLICIT_RETAIN_SELF = YES;
				CLANG_WARN_OBJC_LITERAL_CONVERSION = YES;
				CLANG_WARN_OBJC_ROOT_CLASS = YES_ERROR;
				CLANG_WARN_RANGE_LOOP_ANALYSIS = YES;
				CLANG_WARN_STRICT_PROTOTYPES = YES;
				CLANG_WARN_SUSPICIOUS_MOVE = YES;
				CLANG_WARN_UNGUARDED_AVAILABILITY = YES_AGGRESSIVE;
				CLANG_WARN_UNREACHABLE_CODE = YES;
				CLANG_WARN__DUPLICATE_METHOD_MATCH = YES;
				CODE_SIGN_IDENTITY = "iPhone Developer";
				COPY_PHASE_STRIP = NO;
				DEBUG_INFORMATION_FORMAT = dwarf;
				ENABLE_STRICT_OBJC_MSGSEND = YES;
				ENABLE_TESTABILITY = YES;
				GCC_C_LANGUAGE_STANDARD = gnu11;
				GCC_DYNAMIC_NO_PIC = NO;
				GCC_NO_COMMON_BLOCKS = YES;
				GCC_OPTIMIZATION_LEVEL = 0;
				GCC_PREPROCESSOR_DEFINITIONS = (
					"DEBUG=1",
					"$(inherited)",
				);
				GCC_WARN_64_TO_32_BIT_CONVERSION = YES;
				GCC_WARN_ABOUT_RETURN_TYPE = YES_ERROR;
				GCC_WARN_UNDECLARED_SELECTOR = YES;
				GCC_WARN_UNINITIALIZED_AUTOS = YES_AGGRESSIVE;
				GCC_WARN_UNUSED_FUNCTION = YES;
				GCC_WARN_UNUSED_VARIABLE = YES;
				IPHONEOS_DEPLOYMENT_TARGET = 12.2;
				MTL_ENABLE_DEBUG_INFO = INCLUDE_SOURCE;
				MTL_FAST_MATH = YES;
				ONLY_ACTIVE_ARCH = YES;
				SDKROOT = iphoneos;
				SWIFT_ACTIVE_COMPILATION_CONDITIONS = DEBUG;
				SWIFT_OPTIMIZATION_LEVEL = "-Onone";
			};
			name = Debug;
		};
		8449869B22E644BC000D7C83 /* Release */ = {
			isa = XCBuildConfiguration;
			buildSettings = {
				ALWAYS_SEARCH_USER_PATHS = NO;
				CLANG_ANALYZER_NONNULL = YES;
				CLANG_ANALYZER_NUMBER_OBJECT_CONVERSION = YES_AGGRESSIVE;
				CLANG_CXX_LANGUAGE_STANDARD = "gnu++14";
				CLANG_CXX_LIBRARY = "libc++";
				CLANG_ENABLE_MODULES = YES;
				CLANG_ENABLE_OBJC_ARC = YES;
				CLANG_ENABLE_OBJC_WEAK = YES;
				CLANG_WARN_BLOCK_CAPTURE_AUTORELEASING = YES;
				CLANG_WARN_BOOL_CONVERSION = YES;
				CLANG_WARN_COMMA = YES;
				CLANG_WARN_CONSTANT_CONVERSION = YES;
				CLANG_WARN_DEPRECATED_OBJC_IMPLEMENTATIONS = YES;
				CLANG_WARN_DIRECT_OBJC_ISA_USAGE = YES_ERROR;
				CLANG_WARN_DOCUMENTATION_COMMENTS = YES;
				CLANG_WARN_EMPTY_BODY = YES;
				CLANG_WARN_ENUM_CONVERSION = YES;
				CLANG_WARN_INFINITE_RECURSION = YES;
				CLANG_WARN_INT_CONVERSION = YES;
				CLANG_WARN_NON_LITERAL_NULL_CONVERSION = YES;
				CLANG_WARN_OBJC_IMPLICIT_RETAIN_SELF = YES;
				CLANG_WARN_OBJC_LITERAL_CONVERSION = YES;
				CLANG_WARN_OBJC_ROOT_CLASS = YES_ERROR;
				CLANG_WARN_RANGE_LOOP_ANALYSIS = YES;
				CLANG_WARN_STRICT_PROTOTYPES = YES;
				CLANG_WARN_SUSPICIOUS_MOVE = YES;
				CLANG_WARN_UNGUARDED_AVAILABILITY = YES_AGGRESSIVE;
				CLANG_WARN_UNREACHABLE_CODE = YES;
				CLANG_WARN__DUPLICATE_METHOD_MATCH = YES;
				CODE_SIGN_IDENTITY = "iPhone Developer";
				COPY_PHASE_STRIP = NO;
				DEBUG_INFORMATION_FORMAT = "dwarf-with-dsym";
				ENABLE_NS_ASSERTIONS = NO;
				ENABLE_STRICT_OBJC_MSGSEND = YES;
				GCC_C_LANGUAGE_STANDARD = gnu11;
				GCC_NO_COMMON_BLOCKS = YES;
				GCC_WARN_64_TO_32_BIT_CONVERSION = YES;
				GCC_WARN_ABOUT_RETURN_TYPE = YES_ERROR;
				GCC_WARN_UNDECLARED_SELECTOR = YES;
				GCC_WARN_UNINITIALIZED_AUTOS = YES_AGGRESSIVE;
				GCC_WARN_UNUSED_FUNCTION = YES;
				GCC_WARN_UNUSED_VARIABLE = YES;
				IPHONEOS_DEPLOYMENT_TARGET = 12.2;
				MTL_ENABLE_DEBUG_INFO = NO;
				MTL_FAST_MATH = YES;
				SDKROOT = iphoneos;
				SWIFT_COMPILATION_MODE = wholemodule;
				SWIFT_OPTIMIZATION_LEVEL = "-O";
				VALIDATE_PRODUCT = YES;
			};
			name = Release;
		};
		8449869D22E644BC000D7C83 /* Debug */ = {
			isa = XCBuildConfiguration;
			buildSettings = {
				ASSETCATALOG_COMPILER_APPICON_NAME = AppIcon;
				CODE_SIGN_STYLE = Automatic;
				INFOPLIST_FILE = Contained/Info.plist;
				LD_RUNPATH_SEARCH_PATHS = (
					"$(inherited)",
					"@executable_path/Frameworks",
				);
				PRODUCT_BUNDLE_IDENTIFIER = "jerry.haaser-hotmail.com.Contained";
				PRODUCT_NAME = "$(TARGET_NAME)";
				SWIFT_VERSION = 5.0;
				TARGETED_DEVICE_FAMILY = "1,2";
			};
			name = Debug;
		};
		8449869E22E644BC000D7C83 /* Release */ = {
			isa = XCBuildConfiguration;
			buildSettings = {
				ASSETCATALOG_COMPILER_APPICON_NAME = AppIcon;
				CODE_SIGN_STYLE = Automatic;
				INFOPLIST_FILE = Contained/Info.plist;
				LD_RUNPATH_SEARCH_PATHS = (
					"$(inherited)",
					"@executable_path/Frameworks",
				);
				PRODUCT_BUNDLE_IDENTIFIER = "jerry.haaser-hotmail.com.Contained";
				PRODUCT_NAME = "$(TARGET_NAME)";
				SWIFT_VERSION = 5.0;
				TARGETED_DEVICE_FAMILY = "1,2";
			};
			name = Release;
		};
/* End XCBuildConfiguration section */

/* Begin XCConfigurationList section */
		8449868522E644B7000D7C83 /* Build configuration list for PBXProject "Contained" */ = {
			isa = XCConfigurationList;
			buildConfigurations = (
				8449869A22E644BC000D7C83 /* Debug */,
				8449869B22E644BC000D7C83 /* Release */,
			);
			defaultConfigurationIsVisible = 0;
			defaultConfigurationName = Release;
		};
		8449869C22E644BC000D7C83 /* Build configuration list for PBXNativeTarget "Contained" */ = {
			isa = XCConfigurationList;
			buildConfigurations = (
				8449869D22E644BC000D7C83 /* Debug */,
				8449869E22E644BC000D7C83 /* Release */,
			);
			defaultConfigurationIsVisible = 0;
			defaultConfigurationName = Release;
		};
/* End XCConfigurationList section */
	};
	rootObject = 8449868222E644B7000D7C83 /* Project object */;
}
