// !$*UTF8*$!
{
	archiveVersion = 1;
	classes = {
	};
	objectVersion = 50;
	objects = {

/* Begin PBXBuildFile section */
		FA3C467623DE5C4D002A80CC /* AppDelegate.swift in Sources */ = {isa = PBXBuildFile; fileRef = FA3C467523DE5C4D002A80CC /* AppDelegate.swift */; };
		FA3C467823DE5C4D002A80CC /* SceneDelegate.swift in Sources */ = {isa = PBXBuildFile; fileRef = FA3C467723DE5C4D002A80CC /* SceneDelegate.swift */; };
		FA3C467D23DE5C4D002A80CC /* Main.storyboard in Resources */ = {isa = PBXBuildFile; fileRef = FA3C467B23DE5C4D002A80CC /* Main.storyboard */; };
		FA3C467F23DE5C51002A80CC /* Assets.xcassets in Resources */ = {isa = PBXBuildFile; fileRef = FA3C467E23DE5C51002A80CC /* Assets.xcassets */; };
		FA3C468223DE5C51002A80CC /* LaunchScreen.storyboard in Resources */ = {isa = PBXBuildFile; fileRef = FA3C468023DE5C51002A80CC /* LaunchScreen.storyboard */; };
		FA3C468A23DE5F33002A80CC /* Crab.xcassets in Resources */ = {isa = PBXBuildFile; fileRef = FA3C468923DE5F33002A80CC /* Crab.xcassets */; };
		FA3C468E23DE5F85002A80CC /* Info.storyboard in Resources */ = {isa = PBXBuildFile; fileRef = FA3C468D23DE5F85002A80CC /* Info.storyboard */; };
		FA3C469023DE610C002A80CC /* Settings.swift in Sources */ = {isa = PBXBuildFile; fileRef = FA3C468F23DE610C002A80CC /* Settings.swift */; };
		FA3C469223DE92DE002A80CC /* GameViewController.swift in Sources */ = {isa = PBXBuildFile; fileRef = FA3C469123DE92DE002A80CC /* GameViewController.swift */; };
		FA3C469423DE992A002A80CC /* InfoViewController.swift in Sources */ = {isa = PBXBuildFile; fileRef = FA3C469323DE992A002A80CC /* InfoViewController.swift */; };
		FA3C469623DE994E002A80CC /* SettingsViewController.swift in Sources */ = {isa = PBXBuildFile; fileRef = FA3C469523DE994E002A80CC /* SettingsViewController.swift */; };
		FA3C469A23DEBD99002A80CC /* CustomScene.swift in Sources */ = {isa = PBXBuildFile; fileRef = FA3C469923DEBD98002A80CC /* CustomScene.swift */; };
		FABC9C1023DF8E1400BD81F7 /* SKSpriteNode+Utility.swift in Sources */ = {isa = PBXBuildFile; fileRef = FABC9C0F23DF8E1400BD81F7 /* SKSpriteNode+Utility.swift */; };
/* End PBXBuildFile section */

/* Begin PBXFileReference section */
		FA3C467223DE5C4D002A80CC /* Contained.app */ = {isa = PBXFileReference; explicitFileType = wrapper.application; includeInIndex = 0; path = Contained.app; sourceTree = BUILT_PRODUCTS_DIR; };
		FA3C467523DE5C4D002A80CC /* AppDelegate.swift */ = {isa = PBXFileReference; lastKnownFileType = sourcecode.swift; path = AppDelegate.swift; sourceTree = "<group>"; };
		FA3C467723DE5C4D002A80CC /* SceneDelegate.swift */ = {isa = PBXFileReference; lastKnownFileType = sourcecode.swift; path = SceneDelegate.swift; sourceTree = "<group>"; };
		FA3C467C23DE5C4D002A80CC /* Base */ = {isa = PBXFileReference; lastKnownFileType = file.storyboard; name = Base; path = Base.lproj/Main.storyboard; sourceTree = "<group>"; };
		FA3C467E23DE5C51002A80CC /* Assets.xcassets */ = {isa = PBXFileReference; lastKnownFileType = folder.assetcatalog; path = Assets.xcassets; sourceTree = "<group>"; };
		FA3C468123DE5C51002A80CC /* Base */ = {isa = PBXFileReference; lastKnownFileType = file.storyboard; name = Base; path = Base.lproj/LaunchScreen.storyboard; sourceTree = "<group>"; };
		FA3C468323DE5C51002A80CC /* Info.plist */ = {isa = PBXFileReference; lastKnownFileType = text.plist.xml; path = Info.plist; sourceTree = "<group>"; };
		FA3C468923DE5F33002A80CC /* Crab.xcassets */ = {isa = PBXFileReference; lastKnownFileType = folder.assetcatalog; name = Crab.xcassets; path = ../../Crab.xcassets; sourceTree = "<group>"; };
		FA3C468D23DE5F85002A80CC /* Info.storyboard */ = {isa = PBXFileReference; lastKnownFileType = file.storyboard; path = Info.storyboard; sourceTree = "<group>"; };
		FA3C468F23DE610C002A80CC /* Settings.swift */ = {isa = PBXFileReference; lastKnownFileType = sourcecode.swift; path = Settings.swift; sourceTree = "<group>"; };
		FA3C469123DE92DE002A80CC /* GameViewController.swift */ = {isa = PBXFileReference; lastKnownFileType = sourcecode.swift; path = GameViewController.swift; sourceTree = "<group>"; };
		FA3C469323DE992A002A80CC /* InfoViewController.swift */ = {isa = PBXFileReference; lastKnownFileType = sourcecode.swift; path = InfoViewController.swift; sourceTree = "<group>"; };
		FA3C469523DE994E002A80CC /* SettingsViewController.swift */ = {isa = PBXFileReference; lastKnownFileType = sourcecode.swift; path = SettingsViewController.swift; sourceTree = "<group>"; };
		FA3C469923DEBD98002A80CC /* CustomScene.swift */ = {isa = PBXFileReference; lastKnownFileType = sourcecode.swift; path = CustomScene.swift; sourceTree = "<group>"; };
		FABC9C0F23DF8E1400BD81F7 /* SKSpriteNode+Utility.swift */ = {isa = PBXFileReference; lastKnownFileType = sourcecode.swift; name = "SKSpriteNode+Utility.swift"; path = "/Users/lambda_school_losaner_256/Documents/iOS development /Sprint 3 Jan 27-31/Tabbed Navigation/Contained/Contained/SKSpriteNode+Utility.swift"; sourceTree = "<absolute>"; };
/* End PBXFileReference section */

/* Begin PBXFrameworksBuildPhase section */
		FA3C466F23DE5C4D002A80CC /* Frameworks */ = {
			isa = PBXFrameworksBuildPhase;
			buildActionMask = 2147483647;
			files = (
			);
			runOnlyForDeploymentPostprocessing = 0;
		};
/* End PBXFrameworksBuildPhase section */

/* Begin PBXGroup section */
		FA3C466923DE5C4D002A80CC = {
			isa = PBXGroup;
			children = (
				FA3C469923DEBD98002A80CC /* CustomScene.swift */,
				FABC9C0F23DF8E1400BD81F7 /* SKSpriteNode+Utility.swift */,
				FA3C467423DE5C4D002A80CC /* Contained */,
				FA3C467323DE5C4D002A80CC /* Products */,
			);
			sourceTree = "<group>";
		};
		FA3C467323DE5C4D002A80CC /* Products */ = {
			isa = PBXGroup;
			children = (
				FA3C467223DE5C4D002A80CC /* Contained.app */,
			);
			name = Products;
			sourceTree = "<group>";
		};
		FA3C467423DE5C4D002A80CC /* Contained */ = {
			isa = PBXGroup;
			children = (
				FA3C468F23DE610C002A80CC /* Settings.swift */,
				FA3C467523DE5C4D002A80CC /* AppDelegate.swift */,
				FA3C467723DE5C4D002A80CC /* SceneDelegate.swift */,
				FA3C467B23DE5C4D002A80CC /* Main.storyboard */,
				FA3C467E23DE5C51002A80CC /* Assets.xcassets */,
				FA3C468D23DE5F85002A80CC /* Info.storyboard */,
				FA3C469123DE92DE002A80CC /* GameViewController.swift */,
				FA3C469323DE992A002A80CC /* InfoViewController.swift */,
				FA3C469523DE994E002A80CC /* SettingsViewController.swift */,
				FA3C468923DE5F33002A80CC /* Crab.xcassets */,
				FA3C468023DE5C51002A80CC /* LaunchScreen.storyboard */,
				FA3C468323DE5C51002A80CC /* Info.plist */,
			);
			path = Contained;
			sourceTree = "<group>";
		};
/* End PBXGroup section */

/* Begin PBXNativeTarget section */
		FA3C467123DE5C4D002A80CC /* Contained */ = {
			isa = PBXNativeTarget;
			buildConfigurationList = FA3C468623DE5C51002A80CC /* Build configuration list for PBXNativeTarget "Contained" */;
			buildPhases = (
				FA3C466E23DE5C4D002A80CC /* Sources */,
				FA3C466F23DE5C4D002A80CC /* Frameworks */,
				FA3C467023DE5C4D002A80CC /* Resources */,
			);
			buildRules = (
			);
			dependencies = (
			);
			name = Contained;
			productName = Contained;
			productReference = FA3C467223DE5C4D002A80CC /* Contained.app */;
			productType = "com.apple.product-type.application";
		};
/* End PBXNativeTarget section */

/* Begin PBXProject section */
		FA3C466A23DE5C4D002A80CC /* Project object */ = {
			isa = PBXProject;
			attributes = {
				LastSwiftUpdateCheck = 1130;
				LastUpgradeCheck = 1130;
				ORGANIZATIONNAME = "Benglobal Creative";
				TargetAttributes = {
					FA3C467123DE5C4D002A80CC = {
						CreatedOnToolsVersion = 11.3;
					};
				};
			};
			buildConfigurationList = FA3C466D23DE5C4D002A80CC /* Build configuration list for PBXProject "Contained" */;
			compatibilityVersion = "Xcode 9.3";
			developmentRegion = en;
			hasScannedForEncodings = 0;
			knownRegions = (
				en,
				Base,
			);
			mainGroup = FA3C466923DE5C4D002A80CC;
			productRefGroup = FA3C467323DE5C4D002A80CC /* Products */;
			projectDirPath = "";
			projectRoot = "";
			targets = (
				FA3C467123DE5C4D002A80CC /* Contained */,
			);
		};
/* End PBXProject section */

/* Begin PBXResourcesBuildPhase section */
		FA3C467023DE5C4D002A80CC /* Resources */ = {
			isa = PBXResourcesBuildPhase;
			buildActionMask = 2147483647;
			files = (
				FA3C468223DE5C51002A80CC /* LaunchScreen.storyboard in Resources */,
				FA3C468A23DE5F33002A80CC /* Crab.xcassets in Resources */,
				FA3C467F23DE5C51002A80CC /* Assets.xcassets in Resources */,
				FA3C468E23DE5F85002A80CC /* Info.storyboard in Resources */,
				FA3C467D23DE5C4D002A80CC /* Main.storyboard in Resources */,
			);
			runOnlyForDeploymentPostprocessing = 0;
		};
/* End PBXResourcesBuildPhase section */

/* Begin PBXSourcesBuildPhase section */
		FA3C466E23DE5C4D002A80CC /* Sources */ = {
			isa = PBXSourcesBuildPhase;
			buildActionMask = 2147483647;
			files = (
				FA3C469223DE92DE002A80CC /* GameViewController.swift in Sources */,
				FA3C469623DE994E002A80CC /* SettingsViewController.swift in Sources */,
				FA3C467623DE5C4D002A80CC /* AppDelegate.swift in Sources */,
				FA3C469023DE610C002A80CC /* Settings.swift in Sources */,
				FA3C469A23DEBD99002A80CC /* CustomScene.swift in Sources */,
				FA3C469423DE992A002A80CC /* InfoViewController.swift in Sources */,
				FA3C467823DE5C4D002A80CC /* SceneDelegate.swift in Sources */,
				FABC9C1023DF8E1400BD81F7 /* SKSpriteNode+Utility.swift in Sources */,
			);
			runOnlyForDeploymentPostprocessing = 0;
		};
/* End PBXSourcesBuildPhase section */

/* Begin PBXVariantGroup section */
		FA3C467B23DE5C4D002A80CC /* Main.storyboard */ = {
			isa = PBXVariantGroup;
			children = (
				FA3C467C23DE5C4D002A80CC /* Base */,
			);
			name = Main.storyboard;
			sourceTree = "<group>";
		};
		FA3C468023DE5C51002A80CC /* LaunchScreen.storyboard */ = {
			isa = PBXVariantGroup;
			children = (
				FA3C468123DE5C51002A80CC /* Base */,
			);
			name = LaunchScreen.storyboard;
			sourceTree = "<group>";
		};
/* End PBXVariantGroup section */

/* Begin XCBuildConfiguration section */
		FA3C468423DE5C51002A80CC /* Debug */ = {
			isa = XCBuildConfiguration;
			buildSettings = {
				ALWAYS_SEARCH_USER_PATHS = NO;
				CLANG_ANALYZER_NONNULL = YES;
				CLANG_ANALYZER_NUMBER_OBJECT_CONVERSION = YES_AGGRESSIVE;
				CLANG_CXX_LANGUAGE_STANDARD = "gnu++14";
				CLANG_CXX_LIBRARY = "libc++";
				CLANG_ENABLE_MODULES = YES;
				CLANG_ENABLE_OBJC_ARC = YES;
				CLANG_ENABLE_OBJC_WEAK = YES;
				CLANG_WARN_BLOCK_CAPTURE_AUTORELEASING = YES;
				CLANG_WARN_BOOL_CONVERSION = YES;
				CLANG_WARN_COMMA = YES;
				CLANG_WARN_CONSTANT_CONVERSION = YES;
				CLANG_WARN_DEPRECATED_OBJC_IMPLEMENTATIONS = YES;
				CLANG_WARN_DIRECT_OBJC_ISA_USAGE = YES_ERROR;
				CLANG_WARN_DOCUMENTATION_COMMENTS = YES;
				CLANG_WARN_EMPTY_BODY = YES;
				CLANG_WARN_ENUM_CONVERSION = YES;
				CLANG_WARN_INFINITE_RECURSION = YES;
				CLANG_WARN_INT_CONVERSION = YES;
				CLANG_WARN_NON_LITERAL_NULL_CONVERSION = YES;
				CLANG_WARN_OBJC_IMPLICIT_RETAIN_SELF = YES;
				CLANG_WARN_OBJC_LITERAL_CONVERSION = YES;
				CLANG_WARN_OBJC_ROOT_CLASS = YES_ERROR;
				CLANG_WARN_RANGE_LOOP_ANALYSIS = YES;
				CLANG_WARN_STRICT_PROTOTYPES = YES;
				CLANG_WARN_SUSPICIOUS_MOVE = YES;
				CLANG_WARN_UNGUARDED_AVAILABILITY = YES_AGGRESSIVE;
				CLANG_WARN_UNREACHABLE_CODE = YES;
				CLANG_WARN__DUPLICATE_METHOD_MATCH = YES;
				COPY_PHASE_STRIP = NO;
				DEBUG_INFORMATION_FORMAT = dwarf;
				ENABLE_STRICT_OBJC_MSGSEND = YES;
				ENABLE_TESTABILITY = YES;
				GCC_C_LANGUAGE_STANDARD = gnu11;
				GCC_DYNAMIC_NO_PIC = NO;
				GCC_NO_COMMON_BLOCKS = YES;
				GCC_OPTIMIZATION_LEVEL = 0;
				GCC_PREPROCESSOR_DEFINITIONS = (
					"DEBUG=1",
					"$(inherited)",
				);
				GCC_WARN_64_TO_32_BIT_CONVERSION = YES;
				GCC_WARN_ABOUT_RETURN_TYPE = YES_ERROR;
				GCC_WARN_UNDECLARED_SELECTOR = YES;
				GCC_WARN_UNINITIALIZED_AUTOS = YES_AGGRESSIVE;
				GCC_WARN_UNUSED_FUNCTION = YES;
				GCC_WARN_UNUSED_VARIABLE = YES;
				IPHONEOS_DEPLOYMENT_TARGET = 13.2;
				MTL_ENABLE_DEBUG_INFO = INCLUDE_SOURCE;
				MTL_FAST_MATH = YES;
				ONLY_ACTIVE_ARCH = YES;
				SDKROOT = iphoneos;
				SWIFT_ACTIVE_COMPILATION_CONDITIONS = DEBUG;
				SWIFT_OPTIMIZATION_LEVEL = "-Onone";
			};
			name = Debug;
		};
		FA3C468523DE5C51002A80CC /* Release */ = {
			isa = XCBuildConfiguration;
			buildSettings = {
				ALWAYS_SEARCH_USER_PATHS = NO;
				CLANG_ANALYZER_NONNULL = YES;
				CLANG_ANALYZER_NUMBER_OBJECT_CONVERSION = YES_AGGRESSIVE;
				CLANG_CXX_LANGUAGE_STANDARD = "gnu++14";
				CLANG_CXX_LIBRARY = "libc++";
				CLANG_ENABLE_MODULES = YES;
				CLANG_ENABLE_OBJC_ARC = YES;
				CLANG_ENABLE_OBJC_WEAK = YES;
				CLANG_WARN_BLOCK_CAPTURE_AUTORELEASING = YES;
				CLANG_WARN_BOOL_CONVERSION = YES;
				CLANG_WARN_COMMA = YES;
				CLANG_WARN_CONSTANT_CONVERSION = YES;
				CLANG_WARN_DEPRECATED_OBJC_IMPLEMENTATIONS = YES;
				CLANG_WARN_DIRECT_OBJC_ISA_USAGE = YES_ERROR;
				CLANG_WARN_DOCUMENTATION_COMMENTS = YES;
				CLANG_WARN_EMPTY_BODY = YES;
				CLANG_WARN_ENUM_CONVERSION = YES;
				CLANG_WARN_INFINITE_RECURSION = YES;
				CLANG_WARN_INT_CONVERSION = YES;
				CLANG_WARN_NON_LITERAL_NULL_CONVERSION = YES;
				CLANG_WARN_OBJC_IMPLICIT_RETAIN_SELF = YES;
				CLANG_WARN_OBJC_LITERAL_CONVERSION = YES;
				CLANG_WARN_OBJC_ROOT_CLASS = YES_ERROR;
				CLANG_WARN_RANGE_LOOP_ANALYSIS = YES;
				CLANG_WARN_STRICT_PROTOTYPES = YES;
				CLANG_WARN_SUSPICIOUS_MOVE = YES;
				CLANG_WARN_UNGUARDED_AVAILABILITY = YES_AGGRESSIVE;
				CLANG_WARN_UNREACHABLE_CODE = YES;
				CLANG_WARN__DUPLICATE_METHOD_MATCH = YES;
				COPY_PHASE_STRIP = NO;
				DEBUG_INFORMATION_FORMAT = "dwarf-with-dsym";
				ENABLE_NS_ASSERTIONS = NO;
				ENABLE_STRICT_OBJC_MSGSEND = YES;
				GCC_C_LANGUAGE_STANDARD = gnu11;
				GCC_NO_COMMON_BLOCKS = YES;
				GCC_WARN_64_TO_32_BIT_CONVERSION = YES;
				GCC_WARN_ABOUT_RETURN_TYPE = YES_ERROR;
				GCC_WARN_UNDECLARED_SELECTOR = YES;
				GCC_WARN_UNINITIALIZED_AUTOS = YES_AGGRESSIVE;
				GCC_WARN_UNUSED_FUNCTION = YES;
				GCC_WARN_UNUSED_VARIABLE = YES;
				IPHONEOS_DEPLOYMENT_TARGET = 13.2;
				MTL_ENABLE_DEBUG_INFO = NO;
				MTL_FAST_MATH = YES;
				SDKROOT = iphoneos;
				SWIFT_COMPILATION_MODE = wholemodule;
				SWIFT_OPTIMIZATION_LEVEL = "-O";
				VALIDATE_PRODUCT = YES;
			};
			name = Release;
		};
		FA3C468723DE5C51002A80CC /* Debug */ = {
			isa = XCBuildConfiguration;
			buildSettings = {
				ASSETCATALOG_COMPILER_APPICON_NAME = AppIcon;
				CODE_SIGN_STYLE = Automatic;
				DEVELOPMENT_TEAM = 3ZRJMVZ49H;
				INFOPLIST_FILE = Contained/Info.plist;
				IPHONEOS_DEPLOYMENT_TARGET = 13.1;
				LD_RUNPATH_SEARCH_PATHS = (
					"$(inherited)",
					"@executable_path/Frameworks",
				);
				PRODUCT_BUNDLE_IDENTIFIER = com.benglobal.GrailDiary;
				PRODUCT_NAME = "$(TARGET_NAME)";
				SWIFT_VERSION = 5.0;
				TARGETED_DEVICE_FAMILY = "1,2";
			};
			name = Debug;
		};
		FA3C468823DE5C51002A80CC /* Release */ = {
			isa = XCBuildConfiguration;
			buildSettings = {
				ASSETCATALOG_COMPILER_APPICON_NAME = AppIcon;
				CODE_SIGN_STYLE = Automatic;
				DEVELOPMENT_TEAM = 3ZRJMVZ49H;
				INFOPLIST_FILE = Contained/Info.plist;
				IPHONEOS_DEPLOYMENT_TARGET = 13.1;
				LD_RUNPATH_SEARCH_PATHS = (
					"$(inherited)",
					"@executable_path/Frameworks",
				);
				PRODUCT_BUNDLE_IDENTIFIER = com.benglobal.GrailDiary;
				PRODUCT_NAME = "$(TARGET_NAME)";
				SWIFT_VERSION = 5.0;
				TARGETED_DEVICE_FAMILY = "1,2";
			};
			name = Release;
		};
/* End XCBuildConfiguration section */

/* Begin XCConfigurationList section */
		FA3C466D23DE5C4D002A80CC /* Build configuration list for PBXProject "Contained" */ = {
			isa = XCConfigurationList;
			buildConfigurations = (
				FA3C468423DE5C51002A80CC /* Debug */,
				FA3C468523DE5C51002A80CC /* Release */,
			);
			defaultConfigurationIsVisible = 0;
			defaultConfigurationName = Release;
		};
		FA3C468623DE5C51002A80CC /* Build configuration list for PBXNativeTarget "Contained" */ = {
			isa = XCConfigurationList;
			buildConfigurations = (
				FA3C468723DE5C51002A80CC /* Debug */,
				FA3C468823DE5C51002A80CC /* Release */,
			);
			defaultConfigurationIsVisible = 0;
			defaultConfigurationName = Release;
		};
/* End XCConfigurationList section */
	};
	rootObject = FA3C466A23DE5C4D002A80CC /* Project object */;
}
