// !$*UTF8*$!
{
	archiveVersion = 1;
	classes = {
	};
	objectVersion = 50;
	objects = {

/* Begin PBXBuildFile section */
		311F1A84248894C300E56289 /* AppDelegate.swift in Sources */ = {isa = PBXBuildFile; fileRef = 311F1A83248894C300E56289 /* AppDelegate.swift */; };
		311F1A86248894C300E56289 /* SceneDelegate.swift in Sources */ = {isa = PBXBuildFile; fileRef = 311F1A85248894C300E56289 /* SceneDelegate.swift */; };
		311F1A8B248894C300E56289 /* Main.storyboard in Resources */ = {isa = PBXBuildFile; fileRef = 311F1A89248894C300E56289 /* Main.storyboard */; };
		311F1A8D248894C400E56289 /* Assets.xcassets in Resources */ = {isa = PBXBuildFile; fileRef = 311F1A8C248894C400E56289 /* Assets.xcassets */; };
		311F1A90248894C400E56289 /* LaunchScreen.storyboard in Resources */ = {isa = PBXBuildFile; fileRef = 311F1A8E248894C400E56289 /* LaunchScreen.storyboard */; };
		311F1A982488953600E56289 /* Info.storyboard in Resources */ = {isa = PBXBuildFile; fileRef = 311F1A972488953600E56289 /* Info.storyboard */; };
		311F1A9A2488954000E56289 /* Settings.swift in Sources */ = {isa = PBXBuildFile; fileRef = 311F1A992488954000E56289 /* Settings.swift */; };
		311F1A9F24889B7000E56289 /* GameViewController.swift in Sources */ = {isa = PBXBuildFile; fileRef = 311F1A9E24889B7000E56289 /* GameViewController.swift */; };
		311F1AA124889B8800E56289 /* InfoViewController.swift in Sources */ = {isa = PBXBuildFile; fileRef = 311F1AA024889B8800E56289 /* InfoViewController.swift */; };
		311F1AA324889B9600E56289 /* SettingsViewController.swift in Sources */ = {isa = PBXBuildFile; fileRef = 311F1AA224889B9600E56289 /* SettingsViewController.swift */; };
		311F1AA524889BE900E56289 /* Crab.xcassets in Resources */ = {isa = PBXBuildFile; fileRef = 311F1AA424889BE900E56289 /* Crab.xcassets */; };
		31638B7A2488C9AF0038F1DD /* SKSpriteNode+Utility.swift in Sources */ = {isa = PBXBuildFile; fileRef = 31638B792488C9AF0038F1DD /* SKSpriteNode+Utility.swift */; };
		31638B7C2488CA890038F1DD /* CustomScene.swift in Sources */ = {isa = PBXBuildFile; fileRef = 31638B7B2488CA890038F1DD /* CustomScene.swift */; };
		31638B882489082B0038F1DD /* ImageToGIF.swift in Sources */ = {isa = PBXBuildFile; fileRef = 31638B872489082B0038F1DD /* ImageToGIF.swift */; };
		31638B9C24890FB70038F1DD /* SNAP!.mp3 in Resources */ = {isa = PBXBuildFile; fileRef = 31638B9B24890FB60038F1DD /* SNAP!.mp3 */; };
		31638B9E24890FC10038F1DD /* disco.gif in Resources */ = {isa = PBXBuildFile; fileRef = 31638B9D24890FC10038F1DD /* disco.gif */; };
		31638BB02489BF5C0038F1DD /* PeanutButter!.mp3 in Resources */ = {isa = PBXBuildFile; fileRef = 31638BAF2489BF5C0038F1DD /* PeanutButter!.mp3 */; };
/* End PBXBuildFile section */

/* Begin PBXFileReference section */
		311F1A80248894C300E56289 /* Contained.app */ = {isa = PBXFileReference; explicitFileType = wrapper.application; includeInIndex = 0; path = Contained.app; sourceTree = BUILT_PRODUCTS_DIR; };
		311F1A83248894C300E56289 /* AppDelegate.swift */ = {isa = PBXFileReference; lastKnownFileType = sourcecode.swift; path = AppDelegate.swift; sourceTree = "<group>"; };
		311F1A85248894C300E56289 /* SceneDelegate.swift */ = {isa = PBXFileReference; lastKnownFileType = sourcecode.swift; path = SceneDelegate.swift; sourceTree = "<group>"; };
		311F1A8A248894C300E56289 /* Base */ = {isa = PBXFileReference; lastKnownFileType = file.storyboard; name = Base; path = Base.lproj/Main.storyboard; sourceTree = "<group>"; };
		311F1A8C248894C400E56289 /* Assets.xcassets */ = {isa = PBXFileReference; lastKnownFileType = folder.assetcatalog; path = Assets.xcassets; sourceTree = "<group>"; };
		311F1A8F248894C400E56289 /* Base */ = {isa = PBXFileReference; lastKnownFileType = file.storyboard; name = Base; path = Base.lproj/LaunchScreen.storyboard; sourceTree = "<group>"; };
		311F1A972488953600E56289 /* Info.storyboard */ = {isa = PBXFileReference; lastKnownFileType = file.storyboard; path = Info.storyboard; sourceTree = "<group>"; };
		311F1A992488954000E56289 /* Settings.swift */ = {isa = PBXFileReference; lastKnownFileType = sourcecode.swift; path = Settings.swift; sourceTree = "<group>"; };
		311F1A9E24889B7000E56289 /* GameViewController.swift */ = {isa = PBXFileReference; lastKnownFileType = sourcecode.swift; path = GameViewController.swift; sourceTree = "<group>"; };
		311F1AA024889B8800E56289 /* InfoViewController.swift */ = {isa = PBXFileReference; lastKnownFileType = sourcecode.swift; path = InfoViewController.swift; sourceTree = "<group>"; };
		311F1AA224889B9600E56289 /* SettingsViewController.swift */ = {isa = PBXFileReference; lastKnownFileType = sourcecode.swift; path = SettingsViewController.swift; sourceTree = "<group>"; };
		311F1AA424889BE900E56289 /* Crab.xcassets */ = {isa = PBXFileReference; lastKnownFileType = folder.assetcatalog; path = Crab.xcassets; sourceTree = "<group>"; };
		31638B792488C9AF0038F1DD /* SKSpriteNode+Utility.swift */ = {isa = PBXFileReference; fileEncoding = 4; lastKnownFileType = sourcecode.swift; path = "SKSpriteNode+Utility.swift"; sourceTree = "<group>"; };
		31638B7B2488CA890038F1DD /* CustomScene.swift */ = {isa = PBXFileReference; lastKnownFileType = sourcecode.swift; path = CustomScene.swift; sourceTree = "<group>"; };
		31638B872489082B0038F1DD /* ImageToGIF.swift */ = {isa = PBXFileReference; lastKnownFileType = sourcecode.swift; path = ImageToGIF.swift; sourceTree = "<group>"; };
		31638B9B24890FB60038F1DD /* SNAP!.mp3 */ = {isa = PBXFileReference; lastKnownFileType = audio.mp3; path = "SNAP!.mp3"; sourceTree = "<group>"; };
		31638B9D24890FC10038F1DD /* disco.gif */ = {isa = PBXFileReference; lastKnownFileType = image.gif; path = disco.gif; sourceTree = "<group>"; };
		31638BAD2489164A0038F1DD /* Info.plist */ = {isa = PBXFileReference; fileEncoding = 4; lastKnownFileType = text.plist.xml; path = Info.plist; sourceTree = "<group>"; };
		31638BAF2489BF5C0038F1DD /* PeanutButter!.mp3 */ = {isa = PBXFileReference; lastKnownFileType = audio.mp3; path = "PeanutButter!.mp3"; sourceTree = "<group>"; };
/* End PBXFileReference section */

/* Begin PBXFrameworksBuildPhase section */
		311F1A7D248894C300E56289 /* Frameworks */ = {
			isa = PBXFrameworksBuildPhase;
			buildActionMask = 2147483647;
			files = (
			);
			runOnlyForDeploymentPostprocessing = 0;
		};
/* End PBXFrameworksBuildPhase section */

/* Begin PBXGroup section */
		311F1A77248894C300E56289 = {
			isa = PBXGroup;
			children = (
				311F1A82248894C300E56289 /* Contained */,
				311F1A81248894C300E56289 /* Products */,
				31638B9B24890FB60038F1DD /* SNAP!.mp3 */,
				31638B9D24890FC10038F1DD /* disco.gif */,
				31638BAF2489BF5C0038F1DD /* PeanutButter!.mp3 */,
			);
			sourceTree = "<group>";
		};
		311F1A81248894C300E56289 /* Products */ = {
			isa = PBXGroup;
			children = (
				311F1A80248894C300E56289 /* Contained.app */,
			);
			name = Products;
			sourceTree = "<group>";
		};
		311F1A82248894C300E56289 /* Contained */ = {
			isa = PBXGroup;
			children = (
				31638B9124890DCF0038F1DD /* Resources */,
				31638B8F24890C7E0038F1DD /* Model */,
				31638B9224890DE90038F1DD /* Storyboards */,
				31638B9024890C990038F1DD /* View Controllers */,
			);
			path = Contained;
			sourceTree = "<group>";
		};
		31638B8F24890C7E0038F1DD /* Model */ = {
			isa = PBXGroup;
			children = (
				31638B7B2488CA890038F1DD /* CustomScene.swift */,
				311F1A992488954000E56289 /* Settings.swift */,
			);
			path = Model;
			sourceTree = "<group>";
		};
		31638B9024890C990038F1DD /* View Controllers */ = {
			isa = PBXGroup;
			children = (
				311F1A9E24889B7000E56289 /* GameViewController.swift */,
				311F1AA024889B8800E56289 /* InfoViewController.swift */,
				311F1AA224889B9600E56289 /* SettingsViewController.swift */,
			);
			path = "View Controllers";
			sourceTree = "<group>";
		};
		31638B9124890DCF0038F1DD /* Resources */ = {
			isa = PBXGroup;
			children = (
				311F1A83248894C300E56289 /* AppDelegate.swift */,
				311F1A85248894C300E56289 /* SceneDelegate.swift */,
				31638B872489082B0038F1DD /* ImageToGIF.swift */,
				31638BAD2489164A0038F1DD /* Info.plist */,
				31638B792488C9AF0038F1DD /* SKSpriteNode+Utility.swift */,
				311F1A8C248894C400E56289 /* Assets.xcassets */,
				311F1AA424889BE900E56289 /* Crab.xcassets */,
			);
			path = Resources;
			sourceTree = "<group>";
		};
		31638B9224890DE90038F1DD /* Storyboards */ = {
			isa = PBXGroup;
			children = (
				311F1A89248894C300E56289 /* Main.storyboard */,
				311F1A972488953600E56289 /* Info.storyboard */,
				311F1A8E248894C400E56289 /* LaunchScreen.storyboard */,
			);
			path = Storyboards;
			sourceTree = "<group>";
		};
/* End PBXGroup section */

/* Begin PBXNativeTarget section */
		311F1A7F248894C300E56289 /* Contained */ = {
			isa = PBXNativeTarget;
			buildConfigurationList = 311F1A94248894C400E56289 /* Build configuration list for PBXNativeTarget "Contained" */;
			buildPhases = (
				311F1A7C248894C300E56289 /* Sources */,
				311F1A7D248894C300E56289 /* Frameworks */,
				311F1A7E248894C300E56289 /* Resources */,
			);
			buildRules = (
			);
			dependencies = (
			);
			name = Contained;
			productName = Contained;
			productReference = 311F1A80248894C300E56289 /* Contained.app */;
			productType = "com.apple.product-type.application";
		};
/* End PBXNativeTarget section */

/* Begin PBXProject section */
		311F1A78248894C300E56289 /* Project object */ = {
			isa = PBXProject;
			attributes = {
				LastSwiftUpdateCheck = 1150;
				LastUpgradeCheck = 1150;
				ORGANIZATIONNAME = "John McCants";
				TargetAttributes = {
					311F1A7F248894C300E56289 = {
						CreatedOnToolsVersion = 11.5;
					};
				};
			};
			buildConfigurationList = 311F1A7B248894C300E56289 /* Build configuration list for PBXProject "Contained" */;
			compatibilityVersion = "Xcode 9.3";
			developmentRegion = en;
			hasScannedForEncodings = 0;
			knownRegions = (
				en,
				Base,
			);
			mainGroup = 311F1A77248894C300E56289;
			productRefGroup = 311F1A81248894C300E56289 /* Products */;
			projectDirPath = "";
			projectRoot = "";
			targets = (
				311F1A7F248894C300E56289 /* Contained */,
			);
		};
/* End PBXProject section */

/* Begin PBXResourcesBuildPhase section */
		311F1A7E248894C300E56289 /* Resources */ = {
			isa = PBXResourcesBuildPhase;
			buildActionMask = 2147483647;
			files = (
				311F1A90248894C400E56289 /* LaunchScreen.storyboard in Resources */,
				311F1A8D248894C400E56289 /* Assets.xcassets in Resources */,
				311F1A982488953600E56289 /* Info.storyboard in Resources */,
				31638BB02489BF5C0038F1DD /* PeanutButter!.mp3 in Resources */,
				31638B9C24890FB70038F1DD /* SNAP!.mp3 in Resources */,
				311F1A8B248894C300E56289 /* Main.storyboard in Resources */,
				311F1AA524889BE900E56289 /* Crab.xcassets in Resources */,
				31638B9E24890FC10038F1DD /* disco.gif in Resources */,
			);
			runOnlyForDeploymentPostprocessing = 0;
		};
/* End PBXResourcesBuildPhase section */

/* Begin PBXSourcesBuildPhase section */
		311F1A7C248894C300E56289 /* Sources */ = {
			isa = PBXSourcesBuildPhase;
			buildActionMask = 2147483647;
			files = (
				311F1A9F24889B7000E56289 /* GameViewController.swift in Sources */,
				311F1A9A2488954000E56289 /* Settings.swift in Sources */,
				31638B7A2488C9AF0038F1DD /* SKSpriteNode+Utility.swift in Sources */,
				311F1A84248894C300E56289 /* AppDelegate.swift in Sources */,
				311F1A86248894C300E56289 /* SceneDelegate.swift in Sources */,
				31638B882489082B0038F1DD /* ImageToGIF.swift in Sources */,
				31638B7C2488CA890038F1DD /* CustomScene.swift in Sources */,
				311F1AA124889B8800E56289 /* InfoViewController.swift in Sources */,
				311F1AA324889B9600E56289 /* SettingsViewController.swift in Sources */,
			);
			runOnlyForDeploymentPostprocessing = 0;
		};
/* End PBXSourcesBuildPhase section */

/* Begin PBXVariantGroup section */
		311F1A89248894C300E56289 /* Main.storyboard */ = {
			isa = PBXVariantGroup;
			children = (
				311F1A8A248894C300E56289 /* Base */,
			);
			name = Main.storyboard;
			sourceTree = "<group>";
		};
		311F1A8E248894C400E56289 /* LaunchScreen.storyboard */ = {
			isa = PBXVariantGroup;
			children = (
				311F1A8F248894C400E56289 /* Base */,
			);
			name = LaunchScreen.storyboard;
			sourceTree = "<group>";
		};
/* End PBXVariantGroup section */

/* Begin XCBuildConfiguration section */
		311F1A92248894C400E56289 /* Debug */ = {
			isa = XCBuildConfiguration;
			buildSettings = {
				ALWAYS_SEARCH_USER_PATHS = NO;
				CLANG_ANALYZER_NONNULL = YES;
				CLANG_ANALYZER_NUMBER_OBJECT_CONVERSION = YES_AGGRESSIVE;
				CLANG_CXX_LANGUAGE_STANDARD = "gnu++14";
				CLANG_CXX_LIBRARY = "libc++";
				CLANG_ENABLE_MODULES = YES;
				CLANG_ENABLE_OBJC_ARC = YES;
				CLANG_ENABLE_OBJC_WEAK = YES;
				CLANG_WARN_BLOCK_CAPTURE_AUTORELEASING = YES;
				CLANG_WARN_BOOL_CONVERSION = YES;
				CLANG_WARN_COMMA = YES;
				CLANG_WARN_CONSTANT_CONVERSION = YES;
				CLANG_WARN_DEPRECATED_OBJC_IMPLEMENTATIONS = YES;
				CLANG_WARN_DIRECT_OBJC_ISA_USAGE = YES_ERROR;
				CLANG_WARN_DOCUMENTATION_COMMENTS = YES;
				CLANG_WARN_EMPTY_BODY = YES;
				CLANG_WARN_ENUM_CONVERSION = YES;
				CLANG_WARN_INFINITE_RECURSION = YES;
				CLANG_WARN_INT_CONVERSION = YES;
				CLANG_WARN_NON_LITERAL_NULL_CONVERSION = YES;
				CLANG_WARN_OBJC_IMPLICIT_RETAIN_SELF = YES;
				CLANG_WARN_OBJC_LITERAL_CONVERSION = YES;
				CLANG_WARN_OBJC_ROOT_CLASS = YES_ERROR;
				CLANG_WARN_RANGE_LOOP_ANALYSIS = YES;
				CLANG_WARN_STRICT_PROTOTYPES = YES;
				CLANG_WARN_SUSPICIOUS_MOVE = YES;
				CLANG_WARN_UNGUARDED_AVAILABILITY = YES_AGGRESSIVE;
				CLANG_WARN_UNREACHABLE_CODE = YES;
				CLANG_WARN__DUPLICATE_METHOD_MATCH = YES;
				COPY_PHASE_STRIP = NO;
				DEBUG_INFORMATION_FORMAT = dwarf;
				ENABLE_STRICT_OBJC_MSGSEND = YES;
				ENABLE_TESTABILITY = YES;
				GCC_C_LANGUAGE_STANDARD = gnu11;
				GCC_DYNAMIC_NO_PIC = NO;
				GCC_NO_COMMON_BLOCKS = YES;
				GCC_OPTIMIZATION_LEVEL = 0;
				GCC_PREPROCESSOR_DEFINITIONS = (
					"DEBUG=1",
					"$(inherited)",
				);
				GCC_WARN_64_TO_32_BIT_CONVERSION = YES;
				GCC_WARN_ABOUT_RETURN_TYPE = YES_ERROR;
				GCC_WARN_UNDECLARED_SELECTOR = YES;
				GCC_WARN_UNINITIALIZED_AUTOS = YES_AGGRESSIVE;
				GCC_WARN_UNUSED_FUNCTION = YES;
				GCC_WARN_UNUSED_VARIABLE = YES;
				IPHONEOS_DEPLOYMENT_TARGET = 13.5;
				MTL_ENABLE_DEBUG_INFO = INCLUDE_SOURCE;
				MTL_FAST_MATH = YES;
				ONLY_ACTIVE_ARCH = YES;
				SDKROOT = iphoneos;
				SWIFT_ACTIVE_COMPILATION_CONDITIONS = DEBUG;
				SWIFT_OPTIMIZATION_LEVEL = "-Onone";
			};
			name = Debug;
		};
		311F1A93248894C400E56289 /* Release */ = {
			isa = XCBuildConfiguration;
			buildSettings = {
				ALWAYS_SEARCH_USER_PATHS = NO;
				CLANG_ANALYZER_NONNULL = YES;
				CLANG_ANALYZER_NUMBER_OBJECT_CONVERSION = YES_AGGRESSIVE;
				CLANG_CXX_LANGUAGE_STANDARD = "gnu++14";
				CLANG_CXX_LIBRARY = "libc++";
				CLANG_ENABLE_MODULES = YES;
				CLANG_ENABLE_OBJC_ARC = YES;
				CLANG_ENABLE_OBJC_WEAK = YES;
				CLANG_WARN_BLOCK_CAPTURE_AUTORELEASING = YES;
				CLANG_WARN_BOOL_CONVERSION = YES;
				CLANG_WARN_COMMA = YES;
				CLANG_WARN_CONSTANT_CONVERSION = YES;
				CLANG_WARN_DEPRECATED_OBJC_IMPLEMENTATIONS = YES;
				CLANG_WARN_DIRECT_OBJC_ISA_USAGE = YES_ERROR;
				CLANG_WARN_DOCUMENTATION_COMMENTS = YES;
				CLANG_WARN_EMPTY_BODY = YES;
				CLANG_WARN_ENUM_CONVERSION = YES;
				CLANG_WARN_INFINITE_RECURSION = YES;
				CLANG_WARN_INT_CONVERSION = YES;
				CLANG_WARN_NON_LITERAL_NULL_CONVERSION = YES;
				CLANG_WARN_OBJC_IMPLICIT_RETAIN_SELF = YES;
				CLANG_WARN_OBJC_LITERAL_CONVERSION = YES;
				CLANG_WARN_OBJC_ROOT_CLASS = YES_ERROR;
				CLANG_WARN_RANGE_LOOP_ANALYSIS = YES;
				CLANG_WARN_STRICT_PROTOTYPES = YES;
				CLANG_WARN_SUSPICIOUS_MOVE = YES;
				CLANG_WARN_UNGUARDED_AVAILABILITY = YES_AGGRESSIVE;
				CLANG_WARN_UNREACHABLE_CODE = YES;
				CLANG_WARN__DUPLICATE_METHOD_MATCH = YES;
				COPY_PHASE_STRIP = NO;
				DEBUG_INFORMATION_FORMAT = "dwarf-with-dsym";
				ENABLE_NS_ASSERTIONS = NO;
				ENABLE_STRICT_OBJC_MSGSEND = YES;
				GCC_C_LANGUAGE_STANDARD = gnu11;
				GCC_NO_COMMON_BLOCKS = YES;
				GCC_WARN_64_TO_32_BIT_CONVERSION = YES;
				GCC_WARN_ABOUT_RETURN_TYPE = YES_ERROR;
				GCC_WARN_UNDECLARED_SELECTOR = YES;
				GCC_WARN_UNINITIALIZED_AUTOS = YES_AGGRESSIVE;
				GCC_WARN_UNUSED_FUNCTION = YES;
				GCC_WARN_UNUSED_VARIABLE = YES;
				IPHONEOS_DEPLOYMENT_TARGET = 13.5;
				MTL_ENABLE_DEBUG_INFO = NO;
				MTL_FAST_MATH = YES;
				SDKROOT = iphoneos;
				SWIFT_COMPILATION_MODE = wholemodule;
				SWIFT_OPTIMIZATION_LEVEL = "-O";
				VALIDATE_PRODUCT = YES;
			};
			name = Release;
		};
		311F1A95248894C400E56289 /* Debug */ = {
			isa = XCBuildConfiguration;
			buildSettings = {
				ASSETCATALOG_COMPILER_APPICON_NAME = AppIcon;
				CODE_SIGN_STYLE = Automatic;
				DEVELOPMENT_TEAM = S6V29A8HUW;
				INFOPLIST_FILE = "$(SRCROOT)/Contained/Resources/Info.plist";
				LD_RUNPATH_SEARCH_PATHS = (
					"$(inherited)",
					"@executable_path/Frameworks",
				);
				PRODUCT_BUNDLE_IDENTIFIER = com.john.Contained;
				PRODUCT_NAME = "$(TARGET_NAME)";
				SWIFT_VERSION = 5.0;
				TARGETED_DEVICE_FAMILY = "1,2";
			};
			name = Debug;
		};
		311F1A96248894C400E56289 /* Release */ = {
			isa = XCBuildConfiguration;
			buildSettings = {
				ASSETCATALOG_COMPILER_APPICON_NAME = AppIcon;
				CODE_SIGN_STYLE = Automatic;
				DEVELOPMENT_TEAM = S6V29A8HUW;
				INFOPLIST_FILE = "$(SRCROOT)/Contained/Resources/Info.plist";
				LD_RUNPATH_SEARCH_PATHS = (
					"$(inherited)",
					"@executable_path/Frameworks",
				);
				PRODUCT_BUNDLE_IDENTIFIER = com.john.Contained;
				PRODUCT_NAME = "$(TARGET_NAME)";
				SWIFT_VERSION = 5.0;
				TARGETED_DEVICE_FAMILY = "1,2";
			};
			name = Release;
		};
/* End XCBuildConfiguration section */

/* Begin XCConfigurationList section */
		311F1A7B248894C300E56289 /* Build configuration list for PBXProject "Contained" */ = {
			isa = XCConfigurationList;
			buildConfigurations = (
				311F1A92248894C400E56289 /* Debug */,
				311F1A93248894C400E56289 /* Release */,
			);
			defaultConfigurationIsVisible = 0;
			defaultConfigurationName = Release;
		};
		311F1A94248894C400E56289 /* Build configuration list for PBXNativeTarget "Contained" */ = {
			isa = XCConfigurationList;
			buildConfigurations = (
				311F1A95248894C400E56289 /* Debug */,
				311F1A96248894C400E56289 /* Release */,
			);
			defaultConfigurationIsVisible = 0;
			defaultConfigurationName = Release;
		};
/* End XCConfigurationList section */
	};
	rootObject = 311F1A78248894C300E56289 /* Project object */;
}
