// !$*UTF8*$!
{
	archiveVersion = 1;
	classes = {
	};
	objectVersion = 50;
	objects = {

/* Begin PBXBuildFile section */
		0D73355F24295C7F008B8C93 /* GameViewController.swift in Sources */ = {isa = PBXBuildFile; fileRef = 0D73355E24295C7F008B8C93 /* GameViewController.swift */; };
		0D73356124295C99008B8C93 /* InfoViewController.swift in Sources */ = {isa = PBXBuildFile; fileRef = 0D73356024295C99008B8C93 /* InfoViewController.swift */; };
		0D73356324295CC6008B8C93 /* SettingsViewController.swift in Sources */ = {isa = PBXBuildFile; fileRef = 0D73356224295CC6008B8C93 /* SettingsViewController.swift */; };
		0DDED97B242943D400423609 /* AppDelegate.swift in Sources */ = {isa = PBXBuildFile; fileRef = 0DDED97A242943D400423609 /* AppDelegate.swift */; };
		0DDED97D242943D400423609 /* SceneDelegate.swift in Sources */ = {isa = PBXBuildFile; fileRef = 0DDED97C242943D400423609 /* SceneDelegate.swift */; };
		0DDED97F242943D400423609 /* ViewController.swift in Sources */ = {isa = PBXBuildFile; fileRef = 0DDED97E242943D400423609 /* ViewController.swift */; };
		0DDED982242943D400423609 /* Main.storyboard in Resources */ = {isa = PBXBuildFile; fileRef = 0DDED980242943D400423609 /* Main.storyboard */; };
		0DDED984242943D500423609 /* Assets.xcassets in Resources */ = {isa = PBXBuildFile; fileRef = 0DDED983242943D500423609 /* Assets.xcassets */; };
		0DDED987242943D500423609 /* LaunchScreen.storyboard in Resources */ = {isa = PBXBuildFile; fileRef = 0DDED985242943D500423609 /* LaunchScreen.storyboard */; };
		0DDED98F242944B600423609 /* info.storyboard in Resources */ = {isa = PBXBuildFile; fileRef = 0DDED98E242944B600423609 /* info.storyboard */; };
		0DDED9912429450D00423609 /* Settings.swift in Sources */ = {isa = PBXBuildFile; fileRef = 0DDED9902429450D00423609 /* Settings.swift */; };
/* End PBXBuildFile section */

/* Begin PBXFileReference section */
		0D73355E24295C7F008B8C93 /* GameViewController.swift */ = {isa = PBXFileReference; lastKnownFileType = sourcecode.swift; path = GameViewController.swift; sourceTree = "<group>"; };
		0D73356024295C99008B8C93 /* InfoViewController.swift */ = {isa = PBXFileReference; lastKnownFileType = sourcecode.swift; path = InfoViewController.swift; sourceTree = "<group>"; };
		0D73356224295CC6008B8C93 /* SettingsViewController.swift */ = {isa = PBXFileReference; lastKnownFileType = sourcecode.swift; path = SettingsViewController.swift; sourceTree = "<group>"; };
		0DDED977242943D400423609 /* contained.app */ = {isa = PBXFileReference; explicitFileType = wrapper.application; includeInIndex = 0; path = contained.app; sourceTree = BUILT_PRODUCTS_DIR; };
		0DDED97A242943D400423609 /* AppDelegate.swift */ = {isa = PBXFileReference; lastKnownFileType = sourcecode.swift; path = AppDelegate.swift; sourceTree = "<group>"; };
		0DDED97C242943D400423609 /* SceneDelegate.swift */ = {isa = PBXFileReference; lastKnownFileType = sourcecode.swift; path = SceneDelegate.swift; sourceTree = "<group>"; };
		0DDED97E242943D400423609 /* ViewController.swift */ = {isa = PBXFileReference; lastKnownFileType = sourcecode.swift; path = ViewController.swift; sourceTree = "<group>"; };
		0DDED981242943D400423609 /* Base */ = {isa = PBXFileReference; lastKnownFileType = file.storyboard; name = Base; path = Base.lproj/Main.storyboard; sourceTree = "<group>"; };
		0DDED983242943D500423609 /* Assets.xcassets */ = {isa = PBXFileReference; lastKnownFileType = folder.assetcatalog; path = Assets.xcassets; sourceTree = "<group>"; };
		0DDED986242943D500423609 /* Base */ = {isa = PBXFileReference; lastKnownFileType = file.storyboard; name = Base; path = Base.lproj/LaunchScreen.storyboard; sourceTree = "<group>"; };
		0DDED988242943D500423609 /* Info.plist */ = {isa = PBXFileReference; lastKnownFileType = text.plist.xml; path = Info.plist; sourceTree = "<group>"; };
		0DDED98E242944B600423609 /* info.storyboard */ = {isa = PBXFileReference; lastKnownFileType = file.storyboard; path = info.storyboard; sourceTree = "<group>"; };
		0DDED9902429450D00423609 /* Settings.swift */ = {isa = PBXFileReference; lastKnownFileType = sourcecode.swift; path = Settings.swift; sourceTree = "<group>"; };
/* End PBXFileReference section */

/* Begin PBXFrameworksBuildPhase section */
		0DDED974242943D400423609 /* Frameworks */ = {
			isa = PBXFrameworksBuildPhase;
			buildActionMask = 2147483647;
			files = (
			);
			runOnlyForDeploymentPostprocessing = 0;
		};
/* End PBXFrameworksBuildPhase section */

/* Begin PBXGroup section */
		0DDED96E242943D400423609 = {
			isa = PBXGroup;
			children = (
				0DDED979242943D400423609 /* contained */,
				0DDED978242943D400423609 /* Products */,
			);
			sourceTree = "<group>";
		};
		0DDED978242943D400423609 /* Products */ = {
			isa = PBXGroup;
			children = (
				0DDED977242943D400423609 /* contained.app */,
			);
			name = Products;
			sourceTree = "<group>";
		};
		0DDED979242943D400423609 /* contained */ = {
			isa = PBXGroup;
			children = (
				0DDED97A242943D400423609 /* AppDelegate.swift */,
				0DDED97C242943D400423609 /* SceneDelegate.swift */,
				0DDED97E242943D400423609 /* ViewController.swift */,
				0DDED980242943D400423609 /* Main.storyboard */,
				0DDED98E242944B600423609 /* info.storyboard */,
				0D73355E24295C7F008B8C93 /* GameViewController.swift */,
				0D73356024295C99008B8C93 /* InfoViewController.swift */,
				0D73356224295CC6008B8C93 /* SettingsViewController.swift */,
				0DDED9902429450D00423609 /* Settings.swift */,
				0DDED983242943D500423609 /* Assets.xcassets */,
				0DDED985242943D500423609 /* LaunchScreen.storyboard */,
				0DDED988242943D500423609 /* Info.plist */,
			);
			path = contained;
			sourceTree = "<group>";
		};
/* End PBXGroup section */

/* Begin PBXNativeTarget section */
		0DDED976242943D400423609 /* contained */ = {
			isa = PBXNativeTarget;
			buildConfigurationList = 0DDED98B242943D500423609 /* Build configuration list for PBXNativeTarget "contained" */;
			buildPhases = (
				0DDED973242943D400423609 /* Sources */,
				0DDED974242943D400423609 /* Frameworks */,
				0DDED975242943D400423609 /* Resources */,
			);
			buildRules = (
			);
			dependencies = (
			);
			name = contained;
			productName = contained;
			productReference = 0DDED977242943D400423609 /* contained.app */;
			productType = "com.apple.product-type.application";
		};
/* End PBXNativeTarget section */

/* Begin PBXProject section */
		0DDED96F242943D400423609 /* Project object */ = {
			isa = PBXProject;
			attributes = {
				LastSwiftUpdateCheck = 1130;
				LastUpgradeCheck = 1130;
				ORGANIZATIONNAME = HenryQuante;
				TargetAttributes = {
					0DDED976242943D400423609 = {
						CreatedOnToolsVersion = 11.3.1;
					};
				};
			};
			buildConfigurationList = 0DDED972242943D400423609 /* Build configuration list for PBXProject "contained" */;
			compatibilityVersion = "Xcode 9.3";
			developmentRegion = en;
			hasScannedForEncodings = 0;
			knownRegions = (
				en,
				Base,
			);
			mainGroup = 0DDED96E242943D400423609;
			productRefGroup = 0DDED978242943D400423609 /* Products */;
			projectDirPath = "";
			projectRoot = "";
			targets = (
				0DDED976242943D400423609 /* contained */,
			);
		};
/* End PBXProject section */

/* Begin PBXResourcesBuildPhase section */
		0DDED975242943D400423609 /* Resources */ = {
			isa = PBXResourcesBuildPhase;
			buildActionMask = 2147483647;
			files = (
				0DDED987242943D500423609 /* LaunchScreen.storyboard in Resources */,
				0DDED984242943D500423609 /* Assets.xcassets in Resources */,
				0DDED98F242944B600423609 /* info.storyboard in Resources */,
				0DDED982242943D400423609 /* Main.storyboard in Resources */,
			);
			runOnlyForDeploymentPostprocessing = 0;
		};
/* End PBXResourcesBuildPhase section */

/* Begin PBXSourcesBuildPhase section */
		0DDED973242943D400423609 /* Sources */ = {
			isa = PBXSourcesBuildPhase;
			buildActionMask = 2147483647;
			files = (
				0D73355F24295C7F008B8C93 /* GameViewController.swift in Sources */,
				0DDED97F242943D400423609 /* ViewController.swift in Sources */,
				0D73356324295CC6008B8C93 /* SettingsViewController.swift in Sources */,
				0DDED97B242943D400423609 /* AppDelegate.swift in Sources */,
				0DDED9912429450D00423609 /* Settings.swift in Sources */,
				0D73356124295C99008B8C93 /* InfoViewController.swift in Sources */,
				0DDED97D242943D400423609 /* SceneDelegate.swift in Sources */,
			);
			runOnlyForDeploymentPostprocessing = 0;
		};
/* End PBXSourcesBuildPhase section */

/* Begin PBXVariantGroup section */
		0DDED980242943D400423609 /* Main.storyboard */ = {
			isa = PBXVariantGroup;
			children = (
				0DDED981242943D400423609 /* Base */,
			);
			name = Main.storyboard;
			sourceTree = "<group>";
		};
		0DDED985242943D500423609 /* LaunchScreen.storyboard */ = {
			isa = PBXVariantGroup;
			children = (
				0DDED986242943D500423609 /* Base */,
			);
			name = LaunchScreen.storyboard;
			sourceTree = "<group>";
		};
/* End PBXVariantGroup section */

/* Begin XCBuildConfiguration section */
		0DDED989242943D500423609 /* Debug */ = {
			isa = XCBuildConfiguration;
			buildSettings = {
				ALWAYS_SEARCH_USER_PATHS = NO;
				CLANG_ANALYZER_NONNULL = YES;
				CLANG_ANALYZER_NUMBER_OBJECT_CONVERSION = YES_AGGRESSIVE;
				CLANG_CXX_LANGUAGE_STANDARD = "gnu++14";
				CLANG_CXX_LIBRARY = "libc++";
				CLANG_ENABLE_MODULES = YES;
				CLANG_ENABLE_OBJC_ARC = YES;
				CLANG_ENABLE_OBJC_WEAK = YES;
				CLANG_WARN_BLOCK_CAPTURE_AUTORELEASING = YES;
				CLANG_WARN_BOOL_CONVERSION = YES;
				CLANG_WARN_COMMA = YES;
				CLANG_WARN_CONSTANT_CONVERSION = YES;
				CLANG_WARN_DEPRECATED_OBJC_IMPLEMENTATIONS = YES;
				CLANG_WARN_DIRECT_OBJC_ISA_USAGE = YES_ERROR;
				CLANG_WARN_DOCUMENTATION_COMMENTS = YES;
				CLANG_WARN_EMPTY_BODY = YES;
				CLANG_WARN_ENUM_CONVERSION = YES;
				CLANG_WARN_INFINITE_RECURSION = YES;
				CLANG_WARN_INT_CONVERSION = YES;
				CLANG_WARN_NON_LITERAL_NULL_CONVERSION = YES;
				CLANG_WARN_OBJC_IMPLICIT_RETAIN_SELF = YES;
				CLANG_WARN_OBJC_LITERAL_CONVERSION = YES;
				CLANG_WARN_OBJC_ROOT_CLASS = YES_ERROR;
				CLANG_WARN_RANGE_LOOP_ANALYSIS = YES;
				CLANG_WARN_STRICT_PROTOTYPES = YES;
				CLANG_WARN_SUSPICIOUS_MOVE = YES;
				CLANG_WARN_UNGUARDED_AVAILABILITY = YES_AGGRESSIVE;
				CLANG_WARN_UNREACHABLE_CODE = YES;
				CLANG_WARN__DUPLICATE_METHOD_MATCH = YES;
				COPY_PHASE_STRIP = NO;
				DEBUG_INFORMATION_FORMAT = dwarf;
				ENABLE_STRICT_OBJC_MSGSEND = YES;
				ENABLE_TESTABILITY = YES;
				GCC_C_LANGUAGE_STANDARD = gnu11;
				GCC_DYNAMIC_NO_PIC = NO;
				GCC_NO_COMMON_BLOCKS = YES;
				GCC_OPTIMIZATION_LEVEL = 0;
				GCC_PREPROCESSOR_DEFINITIONS = (
					"DEBUG=1",
					"$(inherited)",
				);
				GCC_WARN_64_TO_32_BIT_CONVERSION = YES;
				GCC_WARN_ABOUT_RETURN_TYPE = YES_ERROR;
				GCC_WARN_UNDECLARED_SELECTOR = YES;
				GCC_WARN_UNINITIALIZED_AUTOS = YES_AGGRESSIVE;
				GCC_WARN_UNUSED_FUNCTION = YES;
				GCC_WARN_UNUSED_VARIABLE = YES;
				IPHONEOS_DEPLOYMENT_TARGET = 13.2;
				MTL_ENABLE_DEBUG_INFO = INCLUDE_SOURCE;
				MTL_FAST_MATH = YES;
				ONLY_ACTIVE_ARCH = YES;
				SDKROOT = iphoneos;
				SWIFT_ACTIVE_COMPILATION_CONDITIONS = DEBUG;
				SWIFT_OPTIMIZATION_LEVEL = "-Onone";
			};
			name = Debug;
		};
		0DDED98A242943D500423609 /* Release */ = {
			isa = XCBuildConfiguration;
			buildSettings = {
				ALWAYS_SEARCH_USER_PATHS = NO;
				CLANG_ANALYZER_NONNULL = YES;
				CLANG_ANALYZER_NUMBER_OBJECT_CONVERSION = YES_AGGRESSIVE;
				CLANG_CXX_LANGUAGE_STANDARD = "gnu++14";
				CLANG_CXX_LIBRARY = "libc++";
				CLANG_ENABLE_MODULES = YES;
				CLANG_ENABLE_OBJC_ARC = YES;
				CLANG_ENABLE_OBJC_WEAK = YES;
				CLANG_WARN_BLOCK_CAPTURE_AUTORELEASING = YES;
				CLANG_WARN_BOOL_CONVERSION = YES;
				CLANG_WARN_COMMA = YES;
				CLANG_WARN_CONSTANT_CONVERSION = YES;
				CLANG_WARN_DEPRECATED_OBJC_IMPLEMENTATIONS = YES;
				CLANG_WARN_DIRECT_OBJC_ISA_USAGE = YES_ERROR;
				CLANG_WARN_DOCUMENTATION_COMMENTS = YES;
				CLANG_WARN_EMPTY_BODY = YES;
				CLANG_WARN_ENUM_CONVERSION = YES;
				CLANG_WARN_INFINITE_RECURSION = YES;
				CLANG_WARN_INT_CONVERSION = YES;
				CLANG_WARN_NON_LITERAL_NULL_CONVERSION = YES;
				CLANG_WARN_OBJC_IMPLICIT_RETAIN_SELF = YES;
				CLANG_WARN_OBJC_LITERAL_CONVERSION = YES;
				CLANG_WARN_OBJC_ROOT_CLASS = YES_ERROR;
				CLANG_WARN_RANGE_LOOP_ANALYSIS = YES;
				CLANG_WARN_STRICT_PROTOTYPES = YES;
				CLANG_WARN_SUSPICIOUS_MOVE = YES;
				CLANG_WARN_UNGUARDED_AVAILABILITY = YES_AGGRESSIVE;
				CLANG_WARN_UNREACHABLE_CODE = YES;
				CLANG_WARN__DUPLICATE_METHOD_MATCH = YES;
				COPY_PHASE_STRIP = NO;
				DEBUG_INFORMATION_FORMAT = "dwarf-with-dsym";
				ENABLE_NS_ASSERTIONS = NO;
				ENABLE_STRICT_OBJC_MSGSEND = YES;
				GCC_C_LANGUAGE_STANDARD = gnu11;
				GCC_NO_COMMON_BLOCKS = YES;
				GCC_WARN_64_TO_32_BIT_CONVERSION = YES;
				GCC_WARN_ABOUT_RETURN_TYPE = YES_ERROR;
				GCC_WARN_UNDECLARED_SELECTOR = YES;
				GCC_WARN_UNINITIALIZED_AUTOS = YES_AGGRESSIVE;
				GCC_WARN_UNUSED_FUNCTION = YES;
				GCC_WARN_UNUSED_VARIABLE = YES;
				IPHONEOS_DEPLOYMENT_TARGET = 13.2;
				MTL_ENABLE_DEBUG_INFO = NO;
				MTL_FAST_MATH = YES;
				SDKROOT = iphoneos;
				SWIFT_COMPILATION_MODE = wholemodule;
				SWIFT_OPTIMIZATION_LEVEL = "-O";
				VALIDATE_PRODUCT = YES;
			};
			name = Release;
		};
		0DDED98C242943D500423609 /* Debug */ = {
			isa = XCBuildConfiguration;
			buildSettings = {
				ASSETCATALOG_COMPILER_APPICON_NAME = AppIcon;
				CODE_SIGN_STYLE = Automatic;
				INFOPLIST_FILE = contained/Info.plist;
				LD_RUNPATH_SEARCH_PATHS = (
					"$(inherited)",
					"@executable_path/Frameworks",
				);
				PRODUCT_BUNDLE_IDENTIFIER = rgh.contained;
				PRODUCT_NAME = "$(TARGET_NAME)";
				SWIFT_VERSION = 5.0;
				TARGETED_DEVICE_FAMILY = "1,2";
			};
			name = Debug;
		};
		0DDED98D242943D500423609 /* Release */ = {
			isa = XCBuildConfiguration;
			buildSettings = {
				ASSETCATALOG_COMPILER_APPICON_NAME = AppIcon;
				CODE_SIGN_STYLE = Automatic;
				INFOPLIST_FILE = contained/Info.plist;
				LD_RUNPATH_SEARCH_PATHS = (
					"$(inherited)",
					"@executable_path/Frameworks",
				);
				PRODUCT_BUNDLE_IDENTIFIER = rgh.contained;
				PRODUCT_NAME = "$(TARGET_NAME)";
				SWIFT_VERSION = 5.0;
				TARGETED_DEVICE_FAMILY = "1,2";
			};
			name = Release;
		};
/* End XCBuildConfiguration section */

/* Begin XCConfigurationList section */
		0DDED972242943D400423609 /* Build configuration list for PBXProject "contained" */ = {
			isa = XCConfigurationList;
			buildConfigurations = (
				0DDED989242943D500423609 /* Debug */,
				0DDED98A242943D500423609 /* Release */,
			);
			defaultConfigurationIsVisible = 0;
			defaultConfigurationName = Release;
		};
		0DDED98B242943D500423609 /* Build configuration list for PBXNativeTarget "contained" */ = {
			isa = XCConfigurationList;
			buildConfigurations = (
				0DDED98C242943D500423609 /* Debug */,
				0DDED98D242943D500423609 /* Release */,
			);
			defaultConfigurationIsVisible = 0;
			defaultConfigurationName = Release;
		};
/* End XCConfigurationList section */
	};
	rootObject = 0DDED96F242943D400423609 /* Project object */;
}
