// !$*UTF8*$!
{
	archiveVersion = 1;
	classes = {
	};
	objectVersion = 50;
	objects = {

/* Begin PBXBuildFile section */
		B71A9E1A2398B64200105E30 /* AppDelegate.swift in Sources */ = {isa = PBXBuildFile; fileRef = B71A9E192398B64200105E30 /* AppDelegate.swift */; };
		B71A9E1C2398B64200105E30 /* SceneDelegate.swift in Sources */ = {isa = PBXBuildFile; fileRef = B71A9E1B2398B64200105E30 /* SceneDelegate.swift */; };
		B71A9E212398B64200105E30 /* Main.storyboard in Resources */ = {isa = PBXBuildFile; fileRef = B71A9E1F2398B64200105E30 /* Main.storyboard */; };
		B71A9E232398B64300105E30 /* Assets.xcassets in Resources */ = {isa = PBXBuildFile; fileRef = B71A9E222398B64300105E30 /* Assets.xcassets */; };
		B71A9E262398B64300105E30 /* LaunchScreen.storyboard in Resources */ = {isa = PBXBuildFile; fileRef = B71A9E242398B64300105E30 /* LaunchScreen.storyboard */; };
		B71A9E2E2398B68F00105E30 /* Crab.xcassets in Resources */ = {isa = PBXBuildFile; fileRef = B71A9E2D2398B68F00105E30 /* Crab.xcassets */; };
		B71A9E302398B69F00105E30 /* SKSpriteNode+Utility.swift in Sources */ = {isa = PBXBuildFile; fileRef = B71A9E2F2398B69F00105E30 /* SKSpriteNode+Utility.swift */; };
		B71A9E322398B6C600105E30 /* Info.storyboard in Resources */ = {isa = PBXBuildFile; fileRef = B71A9E312398B6C600105E30 /* Info.storyboard */; };
		B71A9E342398B6E900105E30 /* Settings.swift in Sources */ = {isa = PBXBuildFile; fileRef = B71A9E332398B6E900105E30 /* Settings.swift */; };
		B71A9E372398BEE300105E30 /* GameViewController.swift in Sources */ = {isa = PBXBuildFile; fileRef = B71A9E362398BEE300105E30 /* GameViewController.swift */; };
		B71A9E3A2398BEFD00105E30 /* InfoViewController.swift in Sources */ = {isa = PBXBuildFile; fileRef = B71A9E392398BEFD00105E30 /* InfoViewController.swift */; };
		B71A9E3C2398BF0D00105E30 /* SettingsViewController.swift in Sources */ = {isa = PBXBuildFile; fileRef = B71A9E3B2398BF0D00105E30 /* SettingsViewController.swift */; };
		B71A9E3E2398C97000105E30 /* CustomScene.swift in Sources */ = {isa = PBXBuildFile; fileRef = B71A9E3D2398C97000105E30 /* CustomScene.swift */; };
/* End PBXBuildFile section */

/* Begin PBXFileReference section */
		B71A9E162398B64200105E30 /* CrabbyPaddy.app */ = {isa = PBXFileReference; explicitFileType = wrapper.application; includeInIndex = 0; path = CrabbyPaddy.app; sourceTree = BUILT_PRODUCTS_DIR; };
		B71A9E192398B64200105E30 /* AppDelegate.swift */ = {isa = PBXFileReference; lastKnownFileType = sourcecode.swift; path = AppDelegate.swift; sourceTree = "<group>"; };
		B71A9E1B2398B64200105E30 /* SceneDelegate.swift */ = {isa = PBXFileReference; lastKnownFileType = sourcecode.swift; path = SceneDelegate.swift; sourceTree = "<group>"; };
		B71A9E202398B64200105E30 /* Base */ = {isa = PBXFileReference; lastKnownFileType = file.storyboard; name = Base; path = Base.lproj/Main.storyboard; sourceTree = "<group>"; };
		B71A9E222398B64300105E30 /* Assets.xcassets */ = {isa = PBXFileReference; lastKnownFileType = folder.assetcatalog; path = Assets.xcassets; sourceTree = "<group>"; };
		B71A9E252398B64300105E30 /* Base */ = {isa = PBXFileReference; lastKnownFileType = file.storyboard; name = Base; path = Base.lproj/LaunchScreen.storyboard; sourceTree = "<group>"; };
		B71A9E272398B64300105E30 /* Info.plist */ = {isa = PBXFileReference; lastKnownFileType = text.plist.xml; path = Info.plist; sourceTree = "<group>"; };
		B71A9E2D2398B68F00105E30 /* Crab.xcassets */ = {isa = PBXFileReference; lastKnownFileType = folder.assetcatalog; name = Crab.xcassets; path = ../../Crab.xcassets; sourceTree = "<group>"; };
		B71A9E2F2398B69F00105E30 /* SKSpriteNode+Utility.swift */ = {isa = PBXFileReference; fileEncoding = 4; lastKnownFileType = sourcecode.swift; name = "SKSpriteNode+Utility.swift"; path = "../../SKSpriteNode+Utility.swift"; sourceTree = "<group>"; };
		B71A9E312398B6C600105E30 /* Info.storyboard */ = {isa = PBXFileReference; lastKnownFileType = file.storyboard; path = Info.storyboard; sourceTree = "<group>"; };
		B71A9E332398B6E900105E30 /* Settings.swift */ = {isa = PBXFileReference; lastKnownFileType = sourcecode.swift; path = Settings.swift; sourceTree = "<group>"; };
		B71A9E362398BEE300105E30 /* GameViewController.swift */ = {isa = PBXFileReference; lastKnownFileType = sourcecode.swift; path = GameViewController.swift; sourceTree = "<group>"; };
		B71A9E392398BEFD00105E30 /* InfoViewController.swift */ = {isa = PBXFileReference; lastKnownFileType = sourcecode.swift; path = InfoViewController.swift; sourceTree = "<group>"; };
		B71A9E3B2398BF0D00105E30 /* SettingsViewController.swift */ = {isa = PBXFileReference; lastKnownFileType = sourcecode.swift; path = SettingsViewController.swift; sourceTree = "<group>"; };
		B71A9E3D2398C97000105E30 /* CustomScene.swift */ = {isa = PBXFileReference; lastKnownFileType = sourcecode.swift; path = CustomScene.swift; sourceTree = "<group>"; };
/* End PBXFileReference section */

/* Begin PBXFrameworksBuildPhase section */
		B71A9E132398B64200105E30 /* Frameworks */ = {
			isa = PBXFrameworksBuildPhase;
			buildActionMask = 2147483647;
			files = (
			);
			runOnlyForDeploymentPostprocessing = 0;
		};
/* End PBXFrameworksBuildPhase section */

/* Begin PBXGroup section */
		B71A9E0D2398B64200105E30 = {
			isa = PBXGroup;
			children = (
				B71A9E182398B64200105E30 /* CrabbyPaddy */,
				B71A9E172398B64200105E30 /* Products */,
			);
			sourceTree = "<group>";
		};
		B71A9E172398B64200105E30 /* Products */ = {
			isa = PBXGroup;
			children = (
				B71A9E162398B64200105E30 /* CrabbyPaddy.app */,
			);
			name = Products;
			sourceTree = "<group>";
		};
		B71A9E182398B64200105E30 /* CrabbyPaddy */ = {
			isa = PBXGroup;
			children = (
				B71A9E272398B64300105E30 /* Info.plist */,
				B71A9E222398B64300105E30 /* Assets.xcassets */,
				B71A9E2D2398B68F00105E30 /* Crab.xcassets */,
				B71A9E192398B64200105E30 /* AppDelegate.swift */,
				B71A9E1B2398B64200105E30 /* SceneDelegate.swift */,
				B71A9E352398BEC300105E30 /* Storyboards */,
				B71A9E382398BEE800105E30 /* View Controllers */,
				B71A9E2F2398B69F00105E30 /* SKSpriteNode+Utility.swift */,
				B71A9E332398B6E900105E30 /* Settings.swift */,
				B71A9E3D2398C97000105E30 /* CustomScene.swift */,
			);
			path = CrabbyPaddy;
			sourceTree = "<group>";
		};
		B71A9E352398BEC300105E30 /* Storyboards */ = {
			isa = PBXGroup;
			children = (
				B71A9E1F2398B64200105E30 /* Main.storyboard */,
				B71A9E312398B6C600105E30 /* Info.storyboard */,
				B71A9E242398B64300105E30 /* LaunchScreen.storyboard */,
			);
			path = Storyboards;
			sourceTree = "<group>";
		};
		B71A9E382398BEE800105E30 /* View Controllers */ = {
			isa = PBXGroup;
			children = (
				B71A9E362398BEE300105E30 /* GameViewController.swift */,
				B71A9E392398BEFD00105E30 /* InfoViewController.swift */,
				B71A9E3B2398BF0D00105E30 /* SettingsViewController.swift */,
			);
			path = "View Controllers";
			sourceTree = "<group>";
		};
/* End PBXGroup section */

/* Begin PBXNativeTarget section */
		B71A9E152398B64200105E30 /* CrabbyPaddy */ = {
			isa = PBXNativeTarget;
			buildConfigurationList = B71A9E2A2398B64300105E30 /* Build configuration list for PBXNativeTarget "CrabbyPaddy" */;
			buildPhases = (
				B71A9E122398B64200105E30 /* Sources */,
				B71A9E132398B64200105E30 /* Frameworks */,
				B71A9E142398B64200105E30 /* Resources */,
			);
			buildRules = (
			);
			dependencies = (
			);
			name = CrabbyPaddy;
			productName = CrabbyPaddy;
			productReference = B71A9E162398B64200105E30 /* CrabbyPaddy.app */;
			productType = "com.apple.product-type.application";
		};
/* End PBXNativeTarget section */

/* Begin PBXProject section */
		B71A9E0E2398B64200105E30 /* Project object */ = {
			isa = PBXProject;
			attributes = {
				LastSwiftUpdateCheck = 1120;
				LastUpgradeCheck = 1120;
				ORGANIZATIONNAME = "John Holowesko";
				TargetAttributes = {
					B71A9E152398B64200105E30 = {
						CreatedOnToolsVersion = 11.2.1;
					};
				};
			};
			buildConfigurationList = B71A9E112398B64200105E30 /* Build configuration list for PBXProject "CrabbyPaddy" */;
			compatibilityVersion = "Xcode 9.3";
			developmentRegion = en;
			hasScannedForEncodings = 0;
			knownRegions = (
				en,
				Base,
			);
			mainGroup = B71A9E0D2398B64200105E30;
			productRefGroup = B71A9E172398B64200105E30 /* Products */;
			projectDirPath = "";
			projectRoot = "";
			targets = (
				B71A9E152398B64200105E30 /* CrabbyPaddy */,
			);
		};
/* End PBXProject section */

/* Begin PBXResourcesBuildPhase section */
		B71A9E142398B64200105E30 /* Resources */ = {
			isa = PBXResourcesBuildPhase;
			buildActionMask = 2147483647;
			files = (
				B71A9E262398B64300105E30 /* LaunchScreen.storyboard in Resources */,
				B71A9E2E2398B68F00105E30 /* Crab.xcassets in Resources */,
				B71A9E232398B64300105E30 /* Assets.xcassets in Resources */,
				B71A9E322398B6C600105E30 /* Info.storyboard in Resources */,
				B71A9E212398B64200105E30 /* Main.storyboard in Resources */,
			);
			runOnlyForDeploymentPostprocessing = 0;
		};
/* End PBXResourcesBuildPhase section */

/* Begin PBXSourcesBuildPhase section */
		B71A9E122398B64200105E30 /* Sources */ = {
			isa = PBXSourcesBuildPhase;
			buildActionMask = 2147483647;
			files = (
				B71A9E372398BEE300105E30 /* GameViewController.swift in Sources */,
				B71A9E302398B69F00105E30 /* SKSpriteNode+Utility.swift in Sources */,
				B71A9E3C2398BF0D00105E30 /* SettingsViewController.swift in Sources */,
				B71A9E1A2398B64200105E30 /* AppDelegate.swift in Sources */,
				B71A9E342398B6E900105E30 /* Settings.swift in Sources */,
				B71A9E3E2398C97000105E30 /* CustomScene.swift in Sources */,
				B71A9E3A2398BEFD00105E30 /* InfoViewController.swift in Sources */,
				B71A9E1C2398B64200105E30 /* SceneDelegate.swift in Sources */,
			);
			runOnlyForDeploymentPostprocessing = 0;
		};
/* End PBXSourcesBuildPhase section */

/* Begin PBXVariantGroup section */
		B71A9E1F2398B64200105E30 /* Main.storyboard */ = {
			isa = PBXVariantGroup;
			children = (
				B71A9E202398B64200105E30 /* Base */,
			);
			name = Main.storyboard;
			sourceTree = "<group>";
		};
		B71A9E242398B64300105E30 /* LaunchScreen.storyboard */ = {
			isa = PBXVariantGroup;
			children = (
				B71A9E252398B64300105E30 /* Base */,
			);
			name = LaunchScreen.storyboard;
			sourceTree = "<group>";
		};
/* End PBXVariantGroup section */

/* Begin XCBuildConfiguration section */
		B71A9E282398B64300105E30 /* Debug */ = {
			isa = XCBuildConfiguration;
			buildSettings = {
				ALWAYS_SEARCH_USER_PATHS = NO;
				CLANG_ANALYZER_NONNULL = YES;
				CLANG_ANALYZER_NUMBER_OBJECT_CONVERSION = YES_AGGRESSIVE;
				CLANG_CXX_LANGUAGE_STANDARD = "gnu++14";
				CLANG_CXX_LIBRARY = "libc++";
				CLANG_ENABLE_MODULES = YES;
				CLANG_ENABLE_OBJC_ARC = YES;
				CLANG_ENABLE_OBJC_WEAK = YES;
				CLANG_WARN_BLOCK_CAPTURE_AUTORELEASING = YES;
				CLANG_WARN_BOOL_CONVERSION = YES;
				CLANG_WARN_COMMA = YES;
				CLANG_WARN_CONSTANT_CONVERSION = YES;
				CLANG_WARN_DEPRECATED_OBJC_IMPLEMENTATIONS = YES;
				CLANG_WARN_DIRECT_OBJC_ISA_USAGE = YES_ERROR;
				CLANG_WARN_DOCUMENTATION_COMMENTS = YES;
				CLANG_WARN_EMPTY_BODY = YES;
				CLANG_WARN_ENUM_CONVERSION = YES;
				CLANG_WARN_INFINITE_RECURSION = YES;
				CLANG_WARN_INT_CONVERSION = YES;
				CLANG_WARN_NON_LITERAL_NULL_CONVERSION = YES;
				CLANG_WARN_OBJC_IMPLICIT_RETAIN_SELF = YES;
				CLANG_WARN_OBJC_LITERAL_CONVERSION = YES;
				CLANG_WARN_OBJC_ROOT_CLASS = YES_ERROR;
				CLANG_WARN_RANGE_LOOP_ANALYSIS = YES;
				CLANG_WARN_STRICT_PROTOTYPES = YES;
				CLANG_WARN_SUSPICIOUS_MOVE = YES;
				CLANG_WARN_UNGUARDED_AVAILABILITY = YES_AGGRESSIVE;
				CLANG_WARN_UNREACHABLE_CODE = YES;
				CLANG_WARN__DUPLICATE_METHOD_MATCH = YES;
				COPY_PHASE_STRIP = NO;
				DEBUG_INFORMATION_FORMAT = dwarf;
				ENABLE_STRICT_OBJC_MSGSEND = YES;
				ENABLE_TESTABILITY = YES;
				GCC_C_LANGUAGE_STANDARD = gnu11;
				GCC_DYNAMIC_NO_PIC = NO;
				GCC_NO_COMMON_BLOCKS = YES;
				GCC_OPTIMIZATION_LEVEL = 0;
				GCC_PREPROCESSOR_DEFINITIONS = (
					"DEBUG=1",
					"$(inherited)",
				);
				GCC_WARN_64_TO_32_BIT_CONVERSION = YES;
				GCC_WARN_ABOUT_RETURN_TYPE = YES_ERROR;
				GCC_WARN_UNDECLARED_SELECTOR = YES;
				GCC_WARN_UNINITIALIZED_AUTOS = YES_AGGRESSIVE;
				GCC_WARN_UNUSED_FUNCTION = YES;
				GCC_WARN_UNUSED_VARIABLE = YES;
				IPHONEOS_DEPLOYMENT_TARGET = 13.2;
				MTL_ENABLE_DEBUG_INFO = INCLUDE_SOURCE;
				MTL_FAST_MATH = YES;
				ONLY_ACTIVE_ARCH = YES;
				SDKROOT = iphoneos;
				SWIFT_ACTIVE_COMPILATION_CONDITIONS = DEBUG;
				SWIFT_OPTIMIZATION_LEVEL = "-Onone";
			};
			name = Debug;
		};
		B71A9E292398B64300105E30 /* Release */ = {
			isa = XCBuildConfiguration;
			buildSettings = {
				ALWAYS_SEARCH_USER_PATHS = NO;
				CLANG_ANALYZER_NONNULL = YES;
				CLANG_ANALYZER_NUMBER_OBJECT_CONVERSION = YES_AGGRESSIVE;
				CLANG_CXX_LANGUAGE_STANDARD = "gnu++14";
				CLANG_CXX_LIBRARY = "libc++";
				CLANG_ENABLE_MODULES = YES;
				CLANG_ENABLE_OBJC_ARC = YES;
				CLANG_ENABLE_OBJC_WEAK = YES;
				CLANG_WARN_BLOCK_CAPTURE_AUTORELEASING = YES;
				CLANG_WARN_BOOL_CONVERSION = YES;
				CLANG_WARN_COMMA = YES;
				CLANG_WARN_CONSTANT_CONVERSION = YES;
				CLANG_WARN_DEPRECATED_OBJC_IMPLEMENTATIONS = YES;
				CLANG_WARN_DIRECT_OBJC_ISA_USAGE = YES_ERROR;
				CLANG_WARN_DOCUMENTATION_COMMENTS = YES;
				CLANG_WARN_EMPTY_BODY = YES;
				CLANG_WARN_ENUM_CONVERSION = YES;
				CLANG_WARN_INFINITE_RECURSION = YES;
				CLANG_WARN_INT_CONVERSION = YES;
				CLANG_WARN_NON_LITERAL_NULL_CONVERSION = YES;
				CLANG_WARN_OBJC_IMPLICIT_RETAIN_SELF = YES;
				CLANG_WARN_OBJC_LITERAL_CONVERSION = YES;
				CLANG_WARN_OBJC_ROOT_CLASS = YES_ERROR;
				CLANG_WARN_RANGE_LOOP_ANALYSIS = YES;
				CLANG_WARN_STRICT_PROTOTYPES = YES;
				CLANG_WARN_SUSPICIOUS_MOVE = YES;
				CLANG_WARN_UNGUARDED_AVAILABILITY = YES_AGGRESSIVE;
				CLANG_WARN_UNREACHABLE_CODE = YES;
				CLANG_WARN__DUPLICATE_METHOD_MATCH = YES;
				COPY_PHASE_STRIP = NO;
				DEBUG_INFORMATION_FORMAT = "dwarf-with-dsym";
				ENABLE_NS_ASSERTIONS = NO;
				ENABLE_STRICT_OBJC_MSGSEND = YES;
				GCC_C_LANGUAGE_STANDARD = gnu11;
				GCC_NO_COMMON_BLOCKS = YES;
				GCC_WARN_64_TO_32_BIT_CONVERSION = YES;
				GCC_WARN_ABOUT_RETURN_TYPE = YES_ERROR;
				GCC_WARN_UNDECLARED_SELECTOR = YES;
				GCC_WARN_UNINITIALIZED_AUTOS = YES_AGGRESSIVE;
				GCC_WARN_UNUSED_FUNCTION = YES;
				GCC_WARN_UNUSED_VARIABLE = YES;
				IPHONEOS_DEPLOYMENT_TARGET = 13.2;
				MTL_ENABLE_DEBUG_INFO = NO;
				MTL_FAST_MATH = YES;
				SDKROOT = iphoneos;
				SWIFT_COMPILATION_MODE = wholemodule;
				SWIFT_OPTIMIZATION_LEVEL = "-O";
				VALIDATE_PRODUCT = YES;
			};
			name = Release;
		};
		B71A9E2B2398B64300105E30 /* Debug */ = {
			isa = XCBuildConfiguration;
			buildSettings = {
				ASSETCATALOG_COMPILER_APPICON_NAME = AppIcon;
				CODE_SIGN_STYLE = Automatic;
				DEVELOPMENT_TEAM = 33LGSHT789;
				INFOPLIST_FILE = CrabbyPaddy/Info.plist;
				LD_RUNPATH_SEARCH_PATHS = (
					"$(inherited)",
					"@executable_path/Frameworks",
				);
				PRODUCT_BUNDLE_IDENTIFIER = com.johnholowesko.CrabbyPaddy;
				PRODUCT_NAME = "$(TARGET_NAME)";
				SWIFT_VERSION = 5.0;
				TARGETED_DEVICE_FAMILY = "1,2";
			};
			name = Debug;
		};
		B71A9E2C2398B64300105E30 /* Release */ = {
			isa = XCBuildConfiguration;
			buildSettings = {
				ASSETCATALOG_COMPILER_APPICON_NAME = AppIcon;
				CODE_SIGN_STYLE = Automatic;
				DEVELOPMENT_TEAM = 33LGSHT789;
				INFOPLIST_FILE = CrabbyPaddy/Info.plist;
				LD_RUNPATH_SEARCH_PATHS = (
					"$(inherited)",
					"@executable_path/Frameworks",
				);
				PRODUCT_BUNDLE_IDENTIFIER = com.johnholowesko.CrabbyPaddy;
				PRODUCT_NAME = "$(TARGET_NAME)";
				SWIFT_VERSION = 5.0;
				TARGETED_DEVICE_FAMILY = "1,2";
			};
			name = Release;
		};
/* End XCBuildConfiguration section */

/* Begin XCConfigurationList section */
		B71A9E112398B64200105E30 /* Build configuration list for PBXProject "CrabbyPaddy" */ = {
			isa = XCConfigurationList;
			buildConfigurations = (
				B71A9E282398B64300105E30 /* Debug */,
				B71A9E292398B64300105E30 /* Release */,
			);
			defaultConfigurationIsVisible = 0;
			defaultConfigurationName = Release;
		};
		B71A9E2A2398B64300105E30 /* Build configuration list for PBXNativeTarget "CrabbyPaddy" */ = {
			isa = XCConfigurationList;
			buildConfigurations = (
				B71A9E2B2398B64300105E30 /* Debug */,
				B71A9E2C2398B64300105E30 /* Release */,
			);
			defaultConfigurationIsVisible = 0;
			defaultConfigurationName = Release;
		};
/* End XCConfigurationList section */
	};
	rootObject = B71A9E0E2398B64200105E30 /* Project object */;
}
