// !$*UTF8*$!
{
	archiveVersion = 1;
	classes = {
	};
	objectVersion = 50;
	objects = {

/* Begin PBXBuildFile section */
		270D8F2B21E63267007D320D /* AppDelegate.swift in Sources */ = {isa = PBXBuildFile; fileRef = 270D8F2A21E63267007D320D /* AppDelegate.swift */; };
		270D8F3021E63267007D320D /* Main.storyboard in Resources */ = {isa = PBXBuildFile; fileRef = 270D8F2E21E63267007D320D /* Main.storyboard */; };
		270D8F3221E63269007D320D /* Assets.xcassets in Resources */ = {isa = PBXBuildFile; fileRef = 270D8F3121E63269007D320D /* Assets.xcassets */; };
		270D8F3521E63269007D320D /* LaunchScreen.storyboard in Resources */ = {isa = PBXBuildFile; fileRef = 270D8F3321E63269007D320D /* LaunchScreen.storyboard */; };
		2760EC9321E6831700CCA094 /* Crab.xcassets in Resources */ = {isa = PBXBuildFile; fileRef = 2760EC9221E6831600CCA094 /* Crab.xcassets */; };
		2760EC9521E687A400CCA094 /* SKSpriteNode+Utility.swift in Sources */ = {isa = PBXBuildFile; fileRef = 2760EC9421E687A400CCA094 /* SKSpriteNode+Utility.swift */; };
		2760EC9721E687E500CCA094 /* Settings.swift in Sources */ = {isa = PBXBuildFile; fileRef = 2760EC9621E687E500CCA094 /* Settings.swift */; };
		2760EC9921E6889E00CCA094 /* InfoViewController.swift in Sources */ = {isa = PBXBuildFile; fileRef = 2760EC9821E6889E00CCA094 /* InfoViewController.swift */; };
		2760EC9B21E688AF00CCA094 /* GameViewController.swift in Sources */ = {isa = PBXBuildFile; fileRef = 2760EC9A21E688AF00CCA094 /* GameViewController.swift */; };
		2760EC9D21E688C600CCA094 /* SettingsViewController.swift in Sources */ = {isa = PBXBuildFile; fileRef = 2760EC9C21E688C600CCA094 /* SettingsViewController.swift */; };
/* End PBXBuildFile section */

/* Begin PBXFileReference section */
		270D8F2721E63267007D320D /* iOS5-VTD-Contained.app */ = {isa = PBXFileReference; explicitFileType = wrapper.application; includeInIndex = 0; path = "iOS5-VTD-Contained.app"; sourceTree = BUILT_PRODUCTS_DIR; };
		270D8F2A21E63267007D320D /* AppDelegate.swift */ = {isa = PBXFileReference; lastKnownFileType = sourcecode.swift; path = AppDelegate.swift; sourceTree = "<group>"; };
		270D8F2F21E63267007D320D /* Base */ = {isa = PBXFileReference; lastKnownFileType = file.storyboard; name = Base; path = Base.lproj/Main.storyboard; sourceTree = "<group>"; };
		270D8F3121E63269007D320D /* Assets.xcassets */ = {isa = PBXFileReference; lastKnownFileType = folder.assetcatalog; path = Assets.xcassets; sourceTree = "<group>"; };
		270D8F3421E63269007D320D /* Base */ = {isa = PBXFileReference; lastKnownFileType = file.storyboard; name = Base; path = Base.lproj/LaunchScreen.storyboard; sourceTree = "<group>"; };
		270D8F3621E63269007D320D /* Info.plist */ = {isa = PBXFileReference; lastKnownFileType = text.plist.xml; path = Info.plist; sourceTree = "<group>"; };
		2760EC9221E6831600CCA094 /* Crab.xcassets */ = {isa = PBXFileReference; lastKnownFileType = folder.assetcatalog; name = Crab.xcassets; path = ../../Crab.xcassets; sourceTree = "<group>"; };
		2760EC9421E687A400CCA094 /* SKSpriteNode+Utility.swift */ = {isa = PBXFileReference; fileEncoding = 4; lastKnownFileType = sourcecode.swift; name = "SKSpriteNode+Utility.swift"; path = "../../SKSpriteNode+Utility.swift"; sourceTree = "<group>"; };
		2760EC9621E687E500CCA094 /* Settings.swift */ = {isa = PBXFileReference; lastKnownFileType = sourcecode.swift; path = Settings.swift; sourceTree = "<group>"; };
		2760EC9821E6889E00CCA094 /* InfoViewController.swift */ = {isa = PBXFileReference; lastKnownFileType = sourcecode.swift; path = InfoViewController.swift; sourceTree = "<group>"; };
		2760EC9A21E688AF00CCA094 /* GameViewController.swift */ = {isa = PBXFileReference; lastKnownFileType = sourcecode.swift; path = GameViewController.swift; sourceTree = "<group>"; };
		2760EC9C21E688C600CCA094 /* SettingsViewController.swift */ = {isa = PBXFileReference; lastKnownFileType = sourcecode.swift; path = SettingsViewController.swift; sourceTree = "<group>"; };
/* End PBXFileReference section */

/* Begin PBXFrameworksBuildPhase section */
		270D8F2421E63267007D320D /* Frameworks */ = {
			isa = PBXFrameworksBuildPhase;
			buildActionMask = 2147483647;
			files = (
			);
			runOnlyForDeploymentPostprocessing = 0;
		};
/* End PBXFrameworksBuildPhase section */

/* Begin PBXGroup section */
		270D8F1E21E63267007D320D = {
			isa = PBXGroup;
			children = (
				270D8F2921E63267007D320D /* iOS5-VTD-Contained */,
				270D8F2821E63267007D320D /* Products */,
			);
			sourceTree = "<group>";
		};
		270D8F2821E63267007D320D /* Products */ = {
			isa = PBXGroup;
			children = (
				270D8F2721E63267007D320D /* iOS5-VTD-Contained.app */,
			);
			name = Products;
			sourceTree = "<group>";
		};
		270D8F2921E63267007D320D /* iOS5-VTD-Contained */ = {
			isa = PBXGroup;
			children = (
				270D8F2A21E63267007D320D /* AppDelegate.swift */,
				270D8F2E21E63267007D320D /* Main.storyboard */,
				2760EC9821E6889E00CCA094 /* InfoViewController.swift */,
				2760EC9A21E688AF00CCA094 /* GameViewController.swift */,
				2760EC9C21E688C600CCA094 /* SettingsViewController.swift */,
				270D8F3121E63269007D320D /* Assets.xcassets */,
				270D8F3321E63269007D320D /* LaunchScreen.storyboard */,
				270D8F3621E63269007D320D /* Info.plist */,
				2760EC9421E687A400CCA094 /* SKSpriteNode+Utility.swift */,
				2760EC9221E6831600CCA094 /* Crab.xcassets */,
				2760EC9621E687E500CCA094 /* Settings.swift */,
			);
			path = "iOS5-VTD-Contained";
			sourceTree = "<group>";
		};
/* End PBXGroup section */

/* Begin PBXNativeTarget section */
		270D8F2621E63267007D320D /* iOS5-VTD-Contained */ = {
			isa = PBXNativeTarget;
			buildConfigurationList = 270D8F3921E63269007D320D /* Build configuration list for PBXNativeTarget "iOS5-VTD-Contained" */;
			buildPhases = (
				270D8F2321E63267007D320D /* Sources */,
				270D8F2421E63267007D320D /* Frameworks */,
				270D8F2521E63267007D320D /* Resources */,
			);
			buildRules = (
			);
			dependencies = (
			);
			name = "iOS5-VTD-Contained";
			productName = "iOS5-VTD-Contained";
			productReference = 270D8F2721E63267007D320D /* iOS5-VTD-Contained.app */;
			productType = "com.apple.product-type.application";
		};
/* End PBXNativeTarget section */

/* Begin PBXProject section */
		270D8F1F21E63267007D320D /* Project object */ = {
			isa = PBXProject;
			attributes = {
				LastSwiftUpdateCheck = 1010;
				LastUpgradeCheck = 1010;
				ORGANIZATIONNAME = "Vijay Das";
				TargetAttributes = {
					270D8F2621E63267007D320D = {
						CreatedOnToolsVersion = 10.1;
					};
				};
			};
			buildConfigurationList = 270D8F2221E63267007D320D /* Build configuration list for PBXProject "iOS5-VTD-Contained" */;
			compatibilityVersion = "Xcode 9.3";
			developmentRegion = en;
			hasScannedForEncodings = 0;
			knownRegions = (
				en,
				Base,
			);
			mainGroup = 270D8F1E21E63267007D320D;
			productRefGroup = 270D8F2821E63267007D320D /* Products */;
			projectDirPath = "";
			projectRoot = "";
			targets = (
				270D8F2621E63267007D320D /* iOS5-VTD-Contained */,
			);
		};
/* End PBXProject section */

/* Begin PBXResourcesBuildPhase section */
		270D8F2521E63267007D320D /* Resources */ = {
			isa = PBXResourcesBuildPhase;
			buildActionMask = 2147483647;
			files = (
				270D8F3521E63269007D320D /* LaunchScreen.storyboard in Resources */,
				2760EC9321E6831700CCA094 /* Crab.xcassets in Resources */,
				270D8F3221E63269007D320D /* Assets.xcassets in Resources */,
				270D8F3021E63267007D320D /* Main.storyboard in Resources */,
			);
			runOnlyForDeploymentPostprocessing = 0;
		};
/* End PBXResourcesBuildPhase section */

/* Begin PBXSourcesBuildPhase section */
		270D8F2321E63267007D320D /* Sources */ = {
			isa = PBXSourcesBuildPhase;
			buildActionMask = 2147483647;
			files = (
				2760EC9B21E688AF00CCA094 /* GameViewController.swift in Sources */,
				2760EC9721E687E500CCA094 /* Settings.swift in Sources */,
				270D8F2B21E63267007D320D /* AppDelegate.swift in Sources */,
				2760EC9921E6889E00CCA094 /* InfoViewController.swift in Sources */,
				2760EC9521E687A400CCA094 /* SKSpriteNode+Utility.swift in Sources */,
				2760EC9D21E688C600CCA094 /* SettingsViewController.swift in Sources */,
			);
			runOnlyForDeploymentPostprocessing = 0;
		};
/* End PBXSourcesBuildPhase section */

/* Begin PBXVariantGroup section */
		270D8F2E21E63267007D320D /* Main.storyboard */ = {
			isa = PBXVariantGroup;
			children = (
				270D8F2F21E63267007D320D /* Base */,
			);
			name = Main.storyboard;
			sourceTree = "<group>";
		};
		270D8F3321E63269007D320D /* LaunchScreen.storyboard */ = {
			isa = PBXVariantGroup;
			children = (
				270D8F3421E63269007D320D /* Base */,
			);
			name = LaunchScreen.storyboard;
			sourceTree = "<group>";
		};
/* End PBXVariantGroup section */

/* Begin XCBuildConfiguration section */
		270D8F3721E63269007D320D /* Debug */ = {
			isa = XCBuildConfiguration;
			buildSettings = {
				ALWAYS_SEARCH_USER_PATHS = NO;
				CLANG_ANALYZER_NONNULL = YES;
				CLANG_ANALYZER_NUMBER_OBJECT_CONVERSION = YES_AGGRESSIVE;
				CLANG_CXX_LANGUAGE_STANDARD = "gnu++14";
				CLANG_CXX_LIBRARY = "libc++";
				CLANG_ENABLE_MODULES = YES;
				CLANG_ENABLE_OBJC_ARC = YES;
				CLANG_ENABLE_OBJC_WEAK = YES;
				CLANG_WARN_BLOCK_CAPTURE_AUTORELEASING = YES;
				CLANG_WARN_BOOL_CONVERSION = YES;
				CLANG_WARN_COMMA = YES;
				CLANG_WARN_CONSTANT_CONVERSION = YES;
				CLANG_WARN_DEPRECATED_OBJC_IMPLEMENTATIONS = YES;
				CLANG_WARN_DIRECT_OBJC_ISA_USAGE = YES_ERROR;
				CLANG_WARN_DOCUMENTATION_COMMENTS = YES;
				CLANG_WARN_EMPTY_BODY = YES;
				CLANG_WARN_ENUM_CONVERSION = YES;
				CLANG_WARN_INFINITE_RECURSION = YES;
				CLANG_WARN_INT_CONVERSION = YES;
				CLANG_WARN_NON_LITERAL_NULL_CONVERSION = YES;
				CLANG_WARN_OBJC_IMPLICIT_RETAIN_SELF = YES;
				CLANG_WARN_OBJC_LITERAL_CONVERSION = YES;
				CLANG_WARN_OBJC_ROOT_CLASS = YES_ERROR;
				CLANG_WARN_RANGE_LOOP_ANALYSIS = YES;
				CLANG_WARN_STRICT_PROTOTYPES = YES;
				CLANG_WARN_SUSPICIOUS_MOVE = YES;
				CLANG_WARN_UNGUARDED_AVAILABILITY = YES_AGGRESSIVE;
				CLANG_WARN_UNREACHABLE_CODE = YES;
				CLANG_WARN__DUPLICATE_METHOD_MATCH = YES;
				CODE_SIGN_IDENTITY = "iPhone Developer";
				COPY_PHASE_STRIP = NO;
				DEBUG_INFORMATION_FORMAT = dwarf;
				ENABLE_STRICT_OBJC_MSGSEND = YES;
				ENABLE_TESTABILITY = YES;
				GCC_C_LANGUAGE_STANDARD = gnu11;
				GCC_DYNAMIC_NO_PIC = NO;
				GCC_NO_COMMON_BLOCKS = YES;
				GCC_OPTIMIZATION_LEVEL = 0;
				GCC_PREPROCESSOR_DEFINITIONS = (
					"DEBUG=1",
					"$(inherited)",
				);
				GCC_WARN_64_TO_32_BIT_CONVERSION = YES;
				GCC_WARN_ABOUT_RETURN_TYPE = YES_ERROR;
				GCC_WARN_UNDECLARED_SELECTOR = YES;
				GCC_WARN_UNINITIALIZED_AUTOS = YES_AGGRESSIVE;
				GCC_WARN_UNUSED_FUNCTION = YES;
				GCC_WARN_UNUSED_VARIABLE = YES;
				IPHONEOS_DEPLOYMENT_TARGET = 12.1;
				MTL_ENABLE_DEBUG_INFO = INCLUDE_SOURCE;
				MTL_FAST_MATH = YES;
				ONLY_ACTIVE_ARCH = YES;
				SDKROOT = iphoneos;
				SWIFT_ACTIVE_COMPILATION_CONDITIONS = DEBUG;
				SWIFT_OPTIMIZATION_LEVEL = "-Onone";
			};
			name = Debug;
		};
		270D8F3821E63269007D320D /* Release */ = {
			isa = XCBuildConfiguration;
			buildSettings = {
				ALWAYS_SEARCH_USER_PATHS = NO;
				CLANG_ANALYZER_NONNULL = YES;
				CLANG_ANALYZER_NUMBER_OBJECT_CONVERSION = YES_AGGRESSIVE;
				CLANG_CXX_LANGUAGE_STANDARD = "gnu++14";
				CLANG_CXX_LIBRARY = "libc++";
				CLANG_ENABLE_MODULES = YES;
				CLANG_ENABLE_OBJC_ARC = YES;
				CLANG_ENABLE_OBJC_WEAK = YES;
				CLANG_WARN_BLOCK_CAPTURE_AUTORELEASING = YES;
				CLANG_WARN_BOOL_CONVERSION = YES;
				CLANG_WARN_COMMA = YES;
				CLANG_WARN_CONSTANT_CONVERSION = YES;
				CLANG_WARN_DEPRECATED_OBJC_IMPLEMENTATIONS = YES;
				CLANG_WARN_DIRECT_OBJC_ISA_USAGE = YES_ERROR;
				CLANG_WARN_DOCUMENTATION_COMMENTS = YES;
				CLANG_WARN_EMPTY_BODY = YES;
				CLANG_WARN_ENUM_CONVERSION = YES;
				CLANG_WARN_INFINITE_RECURSION = YES;
				CLANG_WARN_INT_CONVERSION = YES;
				CLANG_WARN_NON_LITERAL_NULL_CONVERSION = YES;
				CLANG_WARN_OBJC_IMPLICIT_RETAIN_SELF = YES;
				CLANG_WARN_OBJC_LITERAL_CONVERSION = YES;
				CLANG_WARN_OBJC_ROOT_CLASS = YES_ERROR;
				CLANG_WARN_RANGE_LOOP_ANALYSIS = YES;
				CLANG_WARN_STRICT_PROTOTYPES = YES;
				CLANG_WARN_SUSPICIOUS_MOVE = YES;
				CLANG_WARN_UNGUARDED_AVAILABILITY = YES_AGGRESSIVE;
				CLANG_WARN_UNREACHABLE_CODE = YES;
				CLANG_WARN__DUPLICATE_METHOD_MATCH = YES;
				CODE_SIGN_IDENTITY = "iPhone Developer";
				COPY_PHASE_STRIP = NO;
				DEBUG_INFORMATION_FORMAT = "dwarf-with-dsym";
				ENABLE_NS_ASSERTIONS = NO;
				ENABLE_STRICT_OBJC_MSGSEND = YES;
				GCC_C_LANGUAGE_STANDARD = gnu11;
				GCC_NO_COMMON_BLOCKS = YES;
				GCC_WARN_64_TO_32_BIT_CONVERSION = YES;
				GCC_WARN_ABOUT_RETURN_TYPE = YES_ERROR;
				GCC_WARN_UNDECLARED_SELECTOR = YES;
				GCC_WARN_UNINITIALIZED_AUTOS = YES_AGGRESSIVE;
				GCC_WARN_UNUSED_FUNCTION = YES;
				GCC_WARN_UNUSED_VARIABLE = YES;
				IPHONEOS_DEPLOYMENT_TARGET = 12.1;
				MTL_ENABLE_DEBUG_INFO = NO;
				MTL_FAST_MATH = YES;
				SDKROOT = iphoneos;
				SWIFT_COMPILATION_MODE = wholemodule;
				SWIFT_OPTIMIZATION_LEVEL = "-O";
				VALIDATE_PRODUCT = YES;
			};
			name = Release;
		};
		270D8F3A21E63269007D320D /* Debug */ = {
			isa = XCBuildConfiguration;
			buildSettings = {
				ASSETCATALOG_COMPILER_APPICON_NAME = AppIcon;
				CODE_SIGN_STYLE = Automatic;
				DEVELOPMENT_TEAM = F29U3VL727;
				INFOPLIST_FILE = "iOS5-VTD-Contained/Info.plist";
				LD_RUNPATH_SEARCH_PATHS = (
					"$(inherited)",
					"@executable_path/Frameworks",
				);
				PRODUCT_BUNDLE_IDENTIFIER = "vijaydas.iOS5-VTD-Contained";
				PRODUCT_NAME = "$(TARGET_NAME)";
				SWIFT_VERSION = 4.2;
				TARGETED_DEVICE_FAMILY = "1,2";
			};
			name = Debug;
		};
		270D8F3B21E63269007D320D /* Release */ = {
			isa = XCBuildConfiguration;
			buildSettings = {
				ASSETCATALOG_COMPILER_APPICON_NAME = AppIcon;
				CODE_SIGN_STYLE = Automatic;
				DEVELOPMENT_TEAM = F29U3VL727;
				INFOPLIST_FILE = "iOS5-VTD-Contained/Info.plist";
				LD_RUNPATH_SEARCH_PATHS = (
					"$(inherited)",
					"@executable_path/Frameworks",
				);
				PRODUCT_BUNDLE_IDENTIFIER = "vijaydas.iOS5-VTD-Contained";
				PRODUCT_NAME = "$(TARGET_NAME)";
				SWIFT_VERSION = 4.2;
				TARGETED_DEVICE_FAMILY = "1,2";
			};
			name = Release;
		};
/* End XCBuildConfiguration section */

/* Begin XCConfigurationList section */
		270D8F2221E63267007D320D /* Build configuration list for PBXProject "iOS5-VTD-Contained" */ = {
			isa = XCConfigurationList;
			buildConfigurations = (
				270D8F3721E63269007D320D /* Debug */,
				270D8F3821E63269007D320D /* Release */,
			);
			defaultConfigurationIsVisible = 0;
			defaultConfigurationName = Release;
		};
		270D8F3921E63269007D320D /* Build configuration list for PBXNativeTarget "iOS5-VTD-Contained" */ = {
			isa = XCConfigurationList;
			buildConfigurations = (
				270D8F3A21E63269007D320D /* Debug */,
				270D8F3B21E63269007D320D /* Release */,
			);
			defaultConfigurationIsVisible = 0;
			defaultConfigurationName = Release;
		};
/* End XCConfigurationList section */
	};
	rootObject = 270D8F1F21E63267007D320D /* Project object */;
}
